
Microsoft Visual Studio Solution File, Format Version 12.00
# Visual Studio 15
VisualStudioVersion = 15.0.26403.7
MinimumVisualStudioVersion = 10.0.40219.1
Project("{FAE04EC0-301F-11D3-BF4B-00C04F79EFBC}") = "MvxBindingsExample", "MvxBindingsExample.csproj", "{B5CC92F3-42B2-48DD-96DD-3D883205D030}"
EndProject
Project("{FAE04EC0-301F-11D3-BF4B-00C04F79EFBC}") = "MvxBindingsExample.Android", "..\MvxBindingsExample.Android\MvxBindingsExample.Android.csproj", "{256EBD1E-699E-4DD0-9769-BE7C6FB70819}"
EndProject
Project("{FAE04EC0-301F-11D3-BF4B-00C04F79EFBC}") = "MvxBindingsExample.iOS", "..\MvxBindingsExample.iOS\MvxBindingsExample.iOS.csproj", "{05519A0B-BC06-49C0-9E51-9DAB9C67A91C}"
EndProject
Project("{FAE04EC0-301F-11D3-BF4B-00C04F79EFBC}") = "MvxBindingsExample.UWP", "..\MvxBindingsExample.UWP\MvxBindingsExample.UWP.csproj", "{F1ED1C9E-5391-4524-90E5-DD3B0BC673A9}"
EndProject
Project("{FAE04EC0-301F-11D3-BF4B-00C04F79EFBC}") = "MvvmCross.Forms.Presenter.Binding", "..\..\..\..\MvvmCross-Forms\MvvmCross.Forms.Presenter.Binding\MvvmCross.Forms.Presenter.Binding.csproj", "{67F9D3A8-F71E-4428-913F-C37AE82CDB24}"
EndProject
Project("{2150E333-8FDC-42A3-9474-1A3956D46DE8}") = "TestProjects", "TestProjects", "{77D38982-5EBC-4A33-86A5-C5E45CA5F55F}"
EndProject
Project("{FAE04EC0-301F-11D3-BF4B-00C04F79EFBC}") = "MvvmCross.Binding", "..\..\..\..\MvvmCross\Core\Binding\MvvmCross.Binding.csproj", "{64DCD397-9019-41E8-A928-E5F5C5DF185B}"
EndProject
Project("{FAE04EC0-301F-11D3-BF4B-00C04F79EFBC}") = "MvvmCross.Platform", "..\..\..\..\MvvmCross\Platform\Platform\MvvmCross.Platform.csproj", "{CFF6F25A-3C3B-44EE-A54C-2ED4AAFF3ADB}"
EndProject
Global
	GlobalSection(SolutionConfigurationPlatforms) = preSolution
		Ad-Hoc|Any CPU = Ad-Hoc|Any CPU
		Ad-Hoc|ARM = Ad-Hoc|ARM
		Ad-Hoc|iPhone = Ad-Hoc|iPhone
		Ad-Hoc|iPhoneSimulator = Ad-Hoc|iPhoneSimulator
		Ad-Hoc|x64 = Ad-Hoc|x64
		Ad-Hoc|x86 = Ad-Hoc|x86
		AppStore|Any CPU = AppStore|Any CPU
		AppStore|ARM = AppStore|ARM
		AppStore|iPhone = AppStore|iPhone
		AppStore|iPhoneSimulator = AppStore|iPhoneSimulator
		AppStore|x64 = AppStore|x64
		AppStore|x86 = AppStore|x86
		Debug|Any CPU = Debug|Any CPU
		Debug|ARM = Debug|ARM
		Debug|iPhone = Debug|iPhone
		Debug|iPhoneSimulator = Debug|iPhoneSimulator
		Debug|x64 = Debug|x64
		Debug|x86 = Debug|x86
		Release|Any CPU = Release|Any CPU
		Release|ARM = Release|ARM
		Release|iPhone = Release|iPhone
		Release|iPhoneSimulator = Release|iPhoneSimulator
		Release|x64 = Release|x64
		Release|x86 = Release|x86
	EndGlobalSection
	GlobalSection(ProjectConfigurationPlatforms) = postSolution
		{B5CC92F3-42B2-48DD-96DD-3D883205D030}.Ad-Hoc|Any CPU.ActiveCfg = Release|Any CPU
		{B5CC92F3-42B2-48DD-96DD-3D883205D030}.Ad-Hoc|Any CPU.Build.0 = Release|Any CPU
		{B5CC92F3-42B2-48DD-96DD-3D883205D030}.Ad-Hoc|ARM.ActiveCfg = Release|Any CPU
		{B5CC92F3-42B2-48DD-96DD-3D883205D030}.Ad-Hoc|ARM.Build.0 = Release|Any CPU
		{B5CC92F3-42B2-48DD-96DD-3D883205D030}.Ad-Hoc|iPhone.ActiveCfg = Release|Any CPU
		{B5CC92F3-42B2-48DD-96DD-3D883205D030}.Ad-Hoc|iPhone.Build.0 = Release|Any CPU
		{B5CC92F3-42B2-48DD-96DD-3D883205D030}.Ad-Hoc|iPhoneSimulator.ActiveCfg = Release|Any CPU
		{B5CC92F3-42B2-48DD-96DD-3D883205D030}.Ad-Hoc|iPhoneSimulator.Build.0 = Release|Any CPU
		{B5CC92F3-42B2-48DD-96DD-3D883205D030}.Ad-Hoc|x64.ActiveCfg = Release|Any CPU
		{B5CC92F3-42B2-48DD-96DD-3D883205D030}.Ad-Hoc|x64.Build.0 = Release|Any CPU
		{B5CC92F3-42B2-48DD-96DD-3D883205D030}.Ad-Hoc|x86.ActiveCfg = Release|Any CPU
		{B5CC92F3-42B2-48DD-96DD-3D883205D030}.Ad-Hoc|x86.Build.0 = Release|Any CPU
		{B5CC92F3-42B2-48DD-96DD-3D883205D030}.AppStore|Any CPU.ActiveCfg = Release|Any CPU
		{B5CC92F3-42B2-48DD-96DD-3D883205D030}.AppStore|Any CPU.Build.0 = Release|Any CPU
		{B5CC92F3-42B2-48DD-96DD-3D883205D030}.AppStore|ARM.ActiveCfg = Release|Any CPU
		{B5CC92F3-42B2-48DD-96DD-3D883205D030}.AppStore|ARM.Build.0 = Release|Any CPU
		{B5CC92F3-42B2-48DD-96DD-3D883205D030}.AppStore|iPhone.ActiveCfg = Release|Any CPU
		{B5CC92F3-42B2-48DD-96DD-3D883205D030}.AppStore|iPhone.Build.0 = Release|Any CPU
		{B5CC92F3-42B2-48DD-96DD-3D883205D030}.AppStore|iPhoneSimulator.ActiveCfg = Release|Any CPU
		{B5CC92F3-42B2-48DD-96DD-3D883205D030}.AppStore|iPhoneSimulator.Build.0 = Release|Any CPU
		{B5CC92F3-42B2-48DD-96DD-3D883205D030}.AppStore|x64.ActiveCfg = Release|Any CPU
		{B5CC92F3-42B2-48DD-96DD-3D883205D030}.AppStore|x64.Build.0 = Release|Any CPU
		{B5CC92F3-42B2-48DD-96DD-3D883205D030}.AppStore|x86.ActiveCfg = Release|Any CPU
		{B5CC92F3-42B2-48DD-96DD-3D883205D030}.AppStore|x86.Build.0 = Release|Any CPU
		{B5CC92F3-42B2-48DD-96DD-3D883205D030}.Debug|Any CPU.ActiveCfg = Debug|Any CPU
		{B5CC92F3-42B2-48DD-96DD-3D883205D030}.Debug|Any CPU.Build.0 = Debug|Any CPU
		{B5CC92F3-42B2-48DD-96DD-3D883205D030}.Debug|ARM.ActiveCfg = Debug|Any CPU
		{B5CC92F3-42B2-48DD-96DD-3D883205D030}.Debug|ARM.Build.0 = Debug|Any CPU
		{B5CC92F3-42B2-48DD-96DD-3D883205D030}.Debug|iPhone.ActiveCfg = Debug|Any CPU
		{B5CC92F3-42B2-48DD-96DD-3D883205D030}.Debug|iPhone.Build.0 = Debug|Any CPU
		{B5CC92F3-42B2-48DD-96DD-3D883205D030}.Debug|iPhoneSimulator.ActiveCfg = Debug|Any CPU
		{B5CC92F3-42B2-48DD-96DD-3D883205D030}.Debug|iPhoneSimulator.Build.0 = Debug|Any CPU
		{B5CC92F3-42B2-48DD-96DD-3D883205D030}.Debug|x64.ActiveCfg = Debug|Any CPU
		{B5CC92F3-42B2-48DD-96DD-3D883205D030}.Debug|x64.Build.0 = Debug|Any CPU
		{B5CC92F3-42B2-48DD-96DD-3D883205D030}.Debug|x86.ActiveCfg = Debug|Any CPU
		{B5CC92F3-42B2-48DD-96DD-3D883205D030}.Debug|x86.Build.0 = Debug|Any CPU
		{B5CC92F3-42B2-48DD-96DD-3D883205D030}.Release|Any CPU.ActiveCfg = Release|Any CPU
		{B5CC92F3-42B2-48DD-96DD-3D883205D030}.Release|Any CPU.Build.0 = Release|Any CPU
		{B5CC92F3-42B2-48DD-96DD-3D883205D030}.Release|ARM.ActiveCfg = Release|Any CPU
		{B5CC92F3-42B2-48DD-96DD-3D883205D030}.Release|ARM.Build.0 = Release|Any CPU
		{B5CC92F3-42B2-48DD-96DD-3D883205D030}.Release|iPhone.ActiveCfg = Release|Any CPU
		{B5CC92F3-42B2-48DD-96DD-3D883205D030}.Release|iPhone.Build.0 = Release|Any CPU
		{B5CC92F3-42B2-48DD-96DD-3D883205D030}.Release|iPhoneSimulator.ActiveCfg = Release|Any CPU
		{B5CC92F3-42B2-48DD-96DD-3D883205D030}.Release|iPhoneSimulator.Build.0 = Release|Any CPU
		{B5CC92F3-42B2-48DD-96DD-3D883205D030}.Release|x64.ActiveCfg = Release|Any CPU
		{B5CC92F3-42B2-48DD-96DD-3D883205D030}.Release|x64.Build.0 = Release|Any CPU
		{B5CC92F3-42B2-48DD-96DD-3D883205D030}.Release|x86.ActiveCfg = Release|Any CPU
		{B5CC92F3-42B2-48DD-96DD-3D883205D030}.Release|x86.Build.0 = Release|Any CPU
		{256EBD1E-699E-4DD0-9769-BE7C6FB70819}.Ad-Hoc|Any CPU.ActiveCfg = Release|Any CPU
		{256EBD1E-699E-4DD0-9769-BE7C6FB70819}.Ad-Hoc|Any CPU.Build.0 = Release|Any CPU
		{256EBD1E-699E-4DD0-9769-BE7C6FB70819}.Ad-Hoc|Any CPU.Deploy.0 = Release|Any CPU
		{256EBD1E-699E-4DD0-9769-BE7C6FB70819}.Ad-Hoc|ARM.ActiveCfg = Release|Any CPU
		{256EBD1E-699E-4DD0-9769-BE7C6FB70819}.Ad-Hoc|ARM.Build.0 = Release|Any CPU
		{256EBD1E-699E-4DD0-9769-BE7C6FB70819}.Ad-Hoc|ARM.Deploy.0 = Release|Any CPU
		{256EBD1E-699E-4DD0-9769-BE7C6FB70819}.Ad-Hoc|iPhone.ActiveCfg = Release|Any CPU
		{256EBD1E-699E-4DD0-9769-BE7C6FB70819}.Ad-Hoc|iPhone.Build.0 = Release|Any CPU
		{256EBD1E-699E-4DD0-9769-BE7C6FB70819}.Ad-Hoc|iPhone.Deploy.0 = Release|Any CPU
		{256EBD1E-699E-4DD0-9769-BE7C6FB70819}.Ad-Hoc|iPhoneSimulator.ActiveCfg = Release|Any CPU
		{256EBD1E-699E-4DD0-9769-BE7C6FB70819}.Ad-Hoc|iPhoneSimulator.Build.0 = Release|Any CPU
		{256EBD1E-699E-4DD0-9769-BE7C6FB70819}.Ad-Hoc|iPhoneSimulator.Deploy.0 = Release|Any CPU
		{256EBD1E-699E-4DD0-9769-BE7C6FB70819}.Ad-Hoc|x64.ActiveCfg = Release|Any CPU
		{256EBD1E-699E-4DD0-9769-BE7C6FB70819}.Ad-Hoc|x64.Build.0 = Release|Any CPU
		{256EBD1E-699E-4DD0-9769-BE7C6FB70819}.Ad-Hoc|x64.Deploy.0 = Release|Any CPU
		{256EBD1E-699E-4DD0-9769-BE7C6FB70819}.Ad-Hoc|x86.ActiveCfg = Release|Any CPU
		{256EBD1E-699E-4DD0-9769-BE7C6FB70819}.Ad-Hoc|x86.Build.0 = Release|Any CPU
		{256EBD1E-699E-4DD0-9769-BE7C6FB70819}.Ad-Hoc|x86.Deploy.0 = Release|Any CPU
		{256EBD1E-699E-4DD0-9769-BE7C6FB70819}.AppStore|Any CPU.ActiveCfg = Release|Any CPU
		{256EBD1E-699E-4DD0-9769-BE7C6FB70819}.AppStore|Any CPU.Build.0 = Release|Any CPU
		{256EBD1E-699E-4DD0-9769-BE7C6FB70819}.AppStore|Any CPU.Deploy.0 = Release|Any CPU
		{256EBD1E-699E-4DD0-9769-BE7C6FB70819}.AppStore|ARM.ActiveCfg = Release|Any CPU
		{256EBD1E-699E-4DD0-9769-BE7C6FB70819}.AppStore|ARM.Build.0 = Release|Any CPU
		{256EBD1E-699E-4DD0-9769-BE7C6FB70819}.AppStore|ARM.Deploy.0 = Release|Any CPU
		{256EBD1E-699E-4DD0-9769-BE7C6FB70819}.AppStore|iPhone.ActiveCfg = Release|Any CPU
		{256EBD1E-699E-4DD0-9769-BE7C6FB70819}.AppStore|iPhone.Build.0 = Release|Any CPU
		{256EBD1E-699E-4DD0-9769-BE7C6FB70819}.AppStore|iPhone.Deploy.0 = Release|Any CPU
		{256EBD1E-699E-4DD0-9769-BE7C6FB70819}.AppStore|iPhoneSimulator.ActiveCfg = Release|Any CPU
		{256EBD1E-699E-4DD0-9769-BE7C6FB70819}.AppStore|iPhoneSimulator.Build.0 = Release|Any CPU
		{256EBD1E-699E-4DD0-9769-BE7C6FB70819}.AppStore|iPhoneSimulator.Deploy.0 = Release|Any CPU
		{256EBD1E-699E-4DD0-9769-BE7C6FB70819}.AppStore|x64.ActiveCfg = Release|Any CPU
		{256EBD1E-699E-4DD0-9769-BE7C6FB70819}.AppStore|x64.Build.0 = Release|Any CPU
		{256EBD1E-699E-4DD0-9769-BE7C6FB70819}.AppStore|x64.Deploy.0 = Release|Any CPU
		{256EBD1E-699E-4DD0-9769-BE7C6FB70819}.AppStore|x86.ActiveCfg = Release|Any CPU
		{256EBD1E-699E-4DD0-9769-BE7C6FB70819}.AppStore|x86.Build.0 = Release|Any CPU
		{256EBD1E-699E-4DD0-9769-BE7C6FB70819}.AppStore|x86.Deploy.0 = Release|Any CPU
		{256EBD1E-699E-4DD0-9769-BE7C6FB70819}.Debug|Any CPU.ActiveCfg = Debug|Any CPU
		{256EBD1E-699E-4DD0-9769-BE7C6FB70819}.Debug|Any CPU.Build.0 = Debug|Any CPU
		{256EBD1E-699E-4DD0-9769-BE7C6FB70819}.Debug|Any CPU.Deploy.0 = Debug|Any CPU
		{256EBD1E-699E-4DD0-9769-BE7C6FB70819}.Debug|ARM.ActiveCfg = Debug|Any CPU
		{256EBD1E-699E-4DD0-9769-BE7C6FB70819}.Debug|ARM.Build.0 = Debug|Any CPU
		{256EBD1E-699E-4DD0-9769-BE7C6FB70819}.Debug|ARM.Deploy.0 = Debug|Any CPU
		{256EBD1E-699E-4DD0-9769-BE7C6FB70819}.Debug|iPhone.ActiveCfg = Debug|Any CPU
		{256EBD1E-699E-4DD0-9769-BE7C6FB70819}.Debug|iPhone.Build.0 = Debug|Any CPU
		{256EBD1E-699E-4DD0-9769-BE7C6FB70819}.Debug|iPhone.Deploy.0 = Debug|Any CPU
		{256EBD1E-699E-4DD0-9769-BE7C6FB70819}.Debug|iPhoneSimulator.ActiveCfg = Debug|Any CPU
		{256EBD1E-699E-4DD0-9769-BE7C6FB70819}.Debug|iPhoneSimulator.Build.0 = Debug|Any CPU
		{256EBD1E-699E-4DD0-9769-BE7C6FB70819}.Debug|iPhoneSimulator.Deploy.0 = Debug|Any CPU
		{256EBD1E-699E-4DD0-9769-BE7C6FB70819}.Debug|x64.ActiveCfg = Debug|Any CPU
		{256EBD1E-699E-4DD0-9769-BE7C6FB70819}.Debug|x64.Build.0 = Debug|Any CPU
		{256EBD1E-699E-4DD0-9769-BE7C6FB70819}.Debug|x64.Deploy.0 = Debug|Any CPU
		{256EBD1E-699E-4DD0-9769-BE7C6FB70819}.Debug|x86.ActiveCfg = Debug|Any CPU
		{256EBD1E-699E-4DD0-9769-BE7C6FB70819}.Debug|x86.Build.0 = Debug|Any CPU
		{256EBD1E-699E-4DD0-9769-BE7C6FB70819}.Debug|x86.Deploy.0 = Debug|Any CPU
		{256EBD1E-699E-4DD0-9769-BE7C6FB70819}.Release|Any CPU.ActiveCfg = Release|Any CPU
		{256EBD1E-699E-4DD0-9769-BE7C6FB70819}.Release|Any CPU.Build.0 = Release|Any CPU
		{256EBD1E-699E-4DD0-9769-BE7C6FB70819}.Release|Any CPU.Deploy.0 = Release|Any CPU
		{256EBD1E-699E-4DD0-9769-BE7C6FB70819}.Release|ARM.ActiveCfg = Release|Any CPU
		{256EBD1E-699E-4DD0-9769-BE7C6FB70819}.Release|ARM.Build.0 = Release|Any CPU
		{256EBD1E-699E-4DD0-9769-BE7C6FB70819}.Release|ARM.Deploy.0 = Release|Any CPU
		{256EBD1E-699E-4DD0-9769-BE7C6FB70819}.Release|iPhone.ActiveCfg = Release|Any CPU
		{256EBD1E-699E-4DD0-9769-BE7C6FB70819}.Release|iPhone.Build.0 = Release|Any CPU
		{256EBD1E-699E-4DD0-9769-BE7C6FB70819}.Release|iPhone.Deploy.0 = Release|Any CPU
		{256EBD1E-699E-4DD0-9769-BE7C6FB70819}.Release|iPhoneSimulator.ActiveCfg = Release|Any CPU
		{256EBD1E-699E-4DD0-9769-BE7C6FB70819}.Release|iPhoneSimulator.Build.0 = Release|Any CPU
		{256EBD1E-699E-4DD0-9769-BE7C6FB70819}.Release|iPhoneSimulator.Deploy.0 = Release|Any CPU
		{256EBD1E-699E-4DD0-9769-BE7C6FB70819}.Release|x64.ActiveCfg = Release|Any CPU
		{256EBD1E-699E-4DD0-9769-BE7C6FB70819}.Release|x64.Build.0 = Release|Any CPU
		{256EBD1E-699E-4DD0-9769-BE7C6FB70819}.Release|x64.Deploy.0 = Release|Any CPU
		{256EBD1E-699E-4DD0-9769-BE7C6FB70819}.Release|x86.ActiveCfg = Release|Any CPU
		{256EBD1E-699E-4DD0-9769-BE7C6FB70819}.Release|x86.Build.0 = Release|Any CPU
		{256EBD1E-699E-4DD0-9769-BE7C6FB70819}.Release|x86.Deploy.0 = Release|Any CPU
		{05519A0B-BC06-49C0-9E51-9DAB9C67A91C}.Ad-Hoc|Any CPU.ActiveCfg = Ad-Hoc|iPhone
		{05519A0B-BC06-49C0-9E51-9DAB9C67A91C}.Ad-Hoc|ARM.ActiveCfg = Ad-Hoc|iPhone
		{05519A0B-BC06-49C0-9E51-9DAB9C67A91C}.Ad-Hoc|iPhone.ActiveCfg = Ad-Hoc|iPhone
		{05519A0B-BC06-49C0-9E51-9DAB9C67A91C}.Ad-Hoc|iPhone.Build.0 = Ad-Hoc|iPhone
		{05519A0B-BC06-49C0-9E51-9DAB9C67A91C}.Ad-Hoc|iPhoneSimulator.ActiveCfg = Ad-Hoc|iPhoneSimulator
		{05519A0B-BC06-49C0-9E51-9DAB9C67A91C}.Ad-Hoc|iPhoneSimulator.Build.0 = Ad-Hoc|iPhoneSimulator
		{05519A0B-BC06-49C0-9E51-9DAB9C67A91C}.Ad-Hoc|x64.ActiveCfg = Ad-Hoc|iPhone
		{05519A0B-BC06-49C0-9E51-9DAB9C67A91C}.Ad-Hoc|x86.ActiveCfg = Ad-Hoc|iPhone
		{05519A0B-BC06-49C0-9E51-9DAB9C67A91C}.AppStore|Any CPU.ActiveCfg = AppStore|iPhone
		{05519A0B-BC06-49C0-9E51-9DAB9C67A91C}.AppStore|ARM.ActiveCfg = AppStore|iPhone
		{05519A0B-BC06-49C0-9E51-9DAB9C67A91C}.AppStore|iPhone.ActiveCfg = AppStore|iPhone
		{05519A0B-BC06-49C0-9E51-9DAB9C67A91C}.AppStore|iPhone.Build.0 = AppStore|iPhone
		{05519A0B-BC06-49C0-9E51-9DAB9C67A91C}.AppStore|iPhoneSimulator.ActiveCfg = AppStore|iPhoneSimulator
		{05519A0B-BC06-49C0-9E51-9DAB9C67A91C}.AppStore|iPhoneSimulator.Build.0 = AppStore|iPhoneSimulator
		{05519A0B-BC06-49C0-9E51-9DAB9C67A91C}.AppStore|x64.ActiveCfg = AppStore|iPhone
		{05519A0B-BC06-49C0-9E51-9DAB9C67A91C}.AppStore|x86.ActiveCfg = AppStore|iPhone
		{05519A0B-BC06-49C0-9E51-9DAB9C67A91C}.Debug|Any CPU.ActiveCfg = Debug|iPhone
		{05519A0B-BC06-49C0-9E51-9DAB9C67A91C}.Debug|ARM.ActiveCfg = Debug|iPhone
		{05519A0B-BC06-49C0-9E51-9DAB9C67A91C}.Debug|iPhone.ActiveCfg = Debug|iPhone
		{05519A0B-BC06-49C0-9E51-9DAB9C67A91C}.Debug|iPhone.Build.0 = Debug|iPhone
		{05519A0B-BC06-49C0-9E51-9DAB9C67A91C}.Debug|iPhoneSimulator.ActiveCfg = Debug|iPhoneSimulator
		{05519A0B-BC06-49C0-9E51-9DAB9C67A91C}.Debug|iPhoneSimulator.Build.0 = Debug|iPhoneSimulator
		{05519A0B-BC06-49C0-9E51-9DAB9C67A91C}.Debug|x64.ActiveCfg = Debug|iPhone
		{05519A0B-BC06-49C0-9E51-9DAB9C67A91C}.Debug|x86.ActiveCfg = Debug|iPhone
		{05519A0B-BC06-49C0-9E51-9DAB9C67A91C}.Release|Any CPU.ActiveCfg = Release|iPhone
		{05519A0B-BC06-49C0-9E51-9DAB9C67A91C}.Release|ARM.ActiveCfg = Release|iPhone
		{05519A0B-BC06-49C0-9E51-9DAB9C67A91C}.Release|iPhone.ActiveCfg = Release|iPhone
		{05519A0B-BC06-49C0-9E51-9DAB9C67A91C}.Release|iPhone.Build.0 = Release|iPhone
		{05519A0B-BC06-49C0-9E51-9DAB9C67A91C}.Release|iPhoneSimulator.ActiveCfg = Release|iPhoneSimulator
		{05519A0B-BC06-49C0-9E51-9DAB9C67A91C}.Release|iPhoneSimulator.Build.0 = Release|iPhoneSimulator
		{05519A0B-BC06-49C0-9E51-9DAB9C67A91C}.Release|x64.ActiveCfg = Release|iPhone
		{05519A0B-BC06-49C0-9E51-9DAB9C67A91C}.Release|x86.ActiveCfg = Release|iPhone
		{F1ED1C9E-5391-4524-90E5-DD3B0BC673A9}.Ad-Hoc|Any CPU.ActiveCfg = Release|x86
		{F1ED1C9E-5391-4524-90E5-DD3B0BC673A9}.Ad-Hoc|Any CPU.Build.0 = Release|x86
		{F1ED1C9E-5391-4524-90E5-DD3B0BC673A9}.Ad-Hoc|Any CPU.Deploy.0 = Release|x86
		{F1ED1C9E-5391-4524-90E5-DD3B0BC673A9}.Ad-Hoc|ARM.ActiveCfg = Release|ARM
		{F1ED1C9E-5391-4524-90E5-DD3B0BC673A9}.Ad-Hoc|ARM.Build.0 = Release|ARM
		{F1ED1C9E-5391-4524-90E5-DD3B0BC673A9}.Ad-Hoc|ARM.Deploy.0 = Release|ARM
		{F1ED1C9E-5391-4524-90E5-DD3B0BC673A9}.Ad-Hoc|iPhone.ActiveCfg = Release|x86
		{F1ED1C9E-5391-4524-90E5-DD3B0BC673A9}.Ad-Hoc|iPhone.Build.0 = Release|x86
		{F1ED1C9E-5391-4524-90E5-DD3B0BC673A9}.Ad-Hoc|iPhone.Deploy.0 = Release|x86
		{F1ED1C9E-5391-4524-90E5-DD3B0BC673A9}.Ad-Hoc|iPhoneSimulator.ActiveCfg = Release|x86
		{F1ED1C9E-5391-4524-90E5-DD3B0BC673A9}.Ad-Hoc|iPhoneSimulator.Build.0 = Release|x86
		{F1ED1C9E-5391-4524-90E5-DD3B0BC673A9}.Ad-Hoc|iPhoneSimulator.Deploy.0 = Release|x86
		{F1ED1C9E-5391-4524-90E5-DD3B0BC673A9}.Ad-Hoc|x64.ActiveCfg = Release|x64
		{F1ED1C9E-5391-4524-90E5-DD3B0BC673A9}.Ad-Hoc|x64.Build.0 = Release|x64
		{F1ED1C9E-5391-4524-90E5-DD3B0BC673A9}.Ad-Hoc|x64.Deploy.0 = Release|x64
		{F1ED1C9E-5391-4524-90E5-DD3B0BC673A9}.Ad-Hoc|x86.ActiveCfg = Release|x86
		{F1ED1C9E-5391-4524-90E5-DD3B0BC673A9}.Ad-Hoc|x86.Build.0 = Release|x86
		{F1ED1C9E-5391-4524-90E5-DD3B0BC673A9}.Ad-Hoc|x86.Deploy.0 = Release|x86
		{F1ED1C9E-5391-4524-90E5-DD3B0BC673A9}.AppStore|Any CPU.ActiveCfg = Release|x86
		{F1ED1C9E-5391-4524-90E5-DD3B0BC673A9}.AppStore|Any CPU.Build.0 = Release|x86
		{F1ED1C9E-5391-4524-90E5-DD3B0BC673A9}.AppStore|Any CPU.Deploy.0 = Release|x86
		{F1ED1C9E-5391-4524-90E5-DD3B0BC673A9}.AppStore|ARM.ActiveCfg = Release|ARM
		{F1ED1C9E-5391-4524-90E5-DD3B0BC673A9}.AppStore|ARM.Build.0 = Release|ARM
		{F1ED1C9E-5391-4524-90E5-DD3B0BC673A9}.AppStore|ARM.Deploy.0 = Release|ARM
		{F1ED1C9E-5391-4524-90E5-DD3B0BC673A9}.AppStore|iPhone.ActiveCfg = Release|x86
		{F1ED1C9E-5391-4524-90E5-DD3B0BC673A9}.AppStore|iPhone.Build.0 = Release|x86
		{F1ED1C9E-5391-4524-90E5-DD3B0BC673A9}.AppStore|iPhone.Deploy.0 = Release|x86
		{F1ED1C9E-5391-4524-90E5-DD3B0BC673A9}.AppStore|iPhoneSimulator.ActiveCfg = Release|x86
		{F1ED1C9E-5391-4524-90E5-DD3B0BC673A9}.AppStore|iPhoneSimulator.Build.0 = Release|x86
		{F1ED1C9E-5391-4524-90E5-DD3B0BC673A9}.AppStore|iPhoneSimulator.Deploy.0 = Release|x86
		{F1ED1C9E-5391-4524-90E5-DD3B0BC673A9}.AppStore|x64.ActiveCfg = Release|x64
		{F1ED1C9E-5391-4524-90E5-DD3B0BC673A9}.AppStore|x64.Build.0 = Release|x64
		{F1ED1C9E-5391-4524-90E5-DD3B0BC673A9}.AppStore|x64.Deploy.0 = Release|x64
		{F1ED1C9E-5391-4524-90E5-DD3B0BC673A9}.AppStore|x86.ActiveCfg = Release|x86
		{F1ED1C9E-5391-4524-90E5-DD3B0BC673A9}.AppStore|x86.Build.0 = Release|x86
		{F1ED1C9E-5391-4524-90E5-DD3B0BC673A9}.AppStore|x86.Deploy.0 = Release|x86
		{F1ED1C9E-5391-4524-90E5-DD3B0BC673A9}.Debug|Any CPU.ActiveCfg = Debug|x86
		{F1ED1C9E-5391-4524-90E5-DD3B0BC673A9}.Debug|ARM.ActiveCfg = Debug|ARM
		{F1ED1C9E-5391-4524-90E5-DD3B0BC673A9}.Debug|ARM.Build.0 = Debug|ARM
		{F1ED1C9E-5391-4524-90E5-DD3B0BC673A9}.Debug|ARM.Deploy.0 = Debug|ARM
		{F1ED1C9E-5391-4524-90E5-DD3B0BC673A9}.Debug|iPhone.ActiveCfg = Debug|x86
		{F1ED1C9E-5391-4524-90E5-DD3B0BC673A9}.Debug|iPhoneSimulator.ActiveCfg = Debug|x86
		{F1ED1C9E-5391-4524-90E5-DD3B0BC673A9}.Debug|x64.ActiveCfg = Debug|x64
		{F1ED1C9E-5391-4524-90E5-DD3B0BC673A9}.Debug|x64.Build.0 = Debug|x64
		{F1ED1C9E-5391-4524-90E5-DD3B0BC673A9}.Debug|x64.Deploy.0 = Debug|x64
		{F1ED1C9E-5391-4524-90E5-DD3B0BC673A9}.Debug|x86.ActiveCfg = Debug|x86
		{F1ED1C9E-5391-4524-90E5-DD3B0BC673A9}.Debug|x86.Build.0 = Debug|x86
		{F1ED1C9E-5391-4524-90E5-DD3B0BC673A9}.Debug|x86.Deploy.0 = Debug|x86
		{F1ED1C9E-5391-4524-90E5-DD3B0BC673A9}.Release|Any CPU.ActiveCfg = Release|x86
		{F1ED1C9E-5391-4524-90E5-DD3B0BC673A9}.Release|ARM.ActiveCfg = Release|ARM
		{F1ED1C9E-5391-4524-90E5-DD3B0BC673A9}.Release|ARM.Build.0 = Release|ARM
		{F1ED1C9E-5391-4524-90E5-DD3B0BC673A9}.Release|ARM.Deploy.0 = Release|ARM
		{F1ED1C9E-5391-4524-90E5-DD3B0BC673A9}.Release|iPhone.ActiveCfg = Release|x86
		{F1ED1C9E-5391-4524-90E5-DD3B0BC673A9}.Release|iPhoneSimulator.ActiveCfg = Release|x86
		{F1ED1C9E-5391-4524-90E5-DD3B0BC673A9}.Release|x64.ActiveCfg = Release|x64
		{F1ED1C9E-5391-4524-90E5-DD3B0BC673A9}.Release|x64.Build.0 = Release|x64
		{F1ED1C9E-5391-4524-90E5-DD3B0BC673A9}.Release|x64.Deploy.0 = Release|x64
		{F1ED1C9E-5391-4524-90E5-DD3B0BC673A9}.Release|x86.ActiveCfg = Release|x86
		{F1ED1C9E-5391-4524-90E5-DD3B0BC673A9}.Release|x86.Build.0 = Release|x86
		{F1ED1C9E-5391-4524-90E5-DD3B0BC673A9}.Release|x86.Deploy.0 = Release|x86
		{67F9D3A8-F71E-4428-913F-C37AE82CDB24}.Ad-Hoc|Any CPU.ActiveCfg = Release|Any CPU
		{67F9D3A8-F71E-4428-913F-C37AE82CDB24}.Ad-Hoc|Any CPU.Build.0 = Release|Any CPU
		{67F9D3A8-F71E-4428-913F-C37AE82CDB24}.Ad-Hoc|ARM.ActiveCfg = Release|Any CPU
		{67F9D3A8-F71E-4428-913F-C37AE82CDB24}.Ad-Hoc|ARM.Build.0 = Release|Any CPU
		{67F9D3A8-F71E-4428-913F-C37AE82CDB24}.Ad-Hoc|iPhone.ActiveCfg = Release|Any CPU
		{67F9D3A8-F71E-4428-913F-C37AE82CDB24}.Ad-Hoc|iPhone.Build.0 = Release|Any CPU
		{67F9D3A8-F71E-4428-913F-C37AE82CDB24}.Ad-Hoc|iPhoneSimulator.ActiveCfg = Release|Any CPU
		{67F9D3A8-F71E-4428-913F-C37AE82CDB24}.Ad-Hoc|iPhoneSimulator.Build.0 = Release|Any CPU
		{67F9D3A8-F71E-4428-913F-C37AE82CDB24}.Ad-Hoc|x64.ActiveCfg = Release|Any CPU
		{67F9D3A8-F71E-4428-913F-C37AE82CDB24}.Ad-Hoc|x64.Build.0 = Release|Any CPU
		{67F9D3A8-F71E-4428-913F-C37AE82CDB24}.Ad-Hoc|x86.ActiveCfg = Release|Any CPU
		{67F9D3A8-F71E-4428-913F-C37AE82CDB24}.Ad-Hoc|x86.Build.0 = Release|Any CPU
		{67F9D3A8-F71E-4428-913F-C37AE82CDB24}.AppStore|Any CPU.ActiveCfg = Release|Any CPU
		{67F9D3A8-F71E-4428-913F-C37AE82CDB24}.AppStore|Any CPU.Build.0 = Release|Any CPU
		{67F9D3A8-F71E-4428-913F-C37AE82CDB24}.AppStore|ARM.ActiveCfg = Release|Any CPU
		{67F9D3A8-F71E-4428-913F-C37AE82CDB24}.AppStore|ARM.Build.0 = Release|Any CPU
		{67F9D3A8-F71E-4428-913F-C37AE82CDB24}.AppStore|iPhone.ActiveCfg = Release|Any CPU
		{67F9D3A8-F71E-4428-913F-C37AE82CDB24}.AppStore|iPhone.Build.0 = Release|Any CPU
		{67F9D3A8-F71E-4428-913F-C37AE82CDB24}.AppStore|iPhoneSimulator.ActiveCfg = Release|Any CPU
		{67F9D3A8-F71E-4428-913F-C37AE82CDB24}.AppStore|iPhoneSimulator.Build.0 = Release|Any CPU
		{67F9D3A8-F71E-4428-913F-C37AE82CDB24}.AppStore|x64.ActiveCfg = Release|Any CPU
		{67F9D3A8-F71E-4428-913F-C37AE82CDB24}.AppStore|x64.Build.0 = Release|Any CPU
		{67F9D3A8-F71E-4428-913F-C37AE82CDB24}.AppStore|x86.ActiveCfg = Release|Any CPU
		{67F9D3A8-F71E-4428-913F-C37AE82CDB24}.AppStore|x86.Build.0 = Release|Any CPU
		{67F9D3A8-F71E-4428-913F-C37AE82CDB24}.Debug|Any CPU.ActiveCfg = Debug|Any CPU
		{67F9D3A8-F71E-4428-913F-C37AE82CDB24}.Debug|Any CPU.Build.0 = Debug|Any CPU
		{67F9D3A8-F71E-4428-913F-C37AE82CDB24}.Debug|ARM.ActiveCfg = Debug|Any CPU
		{67F9D3A8-F71E-4428-913F-C37AE82CDB24}.Debug|ARM.Build.0 = Debug|Any CPU
		{67F9D3A8-F71E-4428-913F-C37AE82CDB24}.Debug|iPhone.ActiveCfg = Debug|Any CPU
		{67F9D3A8-F71E-4428-913F-C37AE82CDB24}.Debug|iPhone.Build.0 = Debug|Any CPU
		{67F9D3A8-F71E-4428-913F-C37AE82CDB24}.Debug|iPhoneSimulator.ActiveCfg = Debug|Any CPU
		{67F9D3A8-F71E-4428-913F-C37AE82CDB24}.Debug|iPhoneSimulator.Build.0 = Debug|Any CPU
		{67F9D3A8-F71E-4428-913F-C37AE82CDB24}.Debug|x64.ActiveCfg = Debug|Any CPU
		{67F9D3A8-F71E-4428-913F-C37AE82CDB24}.Debug|x64.Build.0 = Debug|Any CPU
		{67F9D3A8-F71E-4428-913F-C37AE82CDB24}.Debug|x86.ActiveCfg = Debug|Any CPU
		{67F9D3A8-F71E-4428-913F-C37AE82CDB24}.Debug|x86.Build.0 = Debug|Any CPU
		{67F9D3A8-F71E-4428-913F-C37AE82CDB24}.Release|Any CPU.ActiveCfg = Release|Any CPU
		{67F9D3A8-F71E-4428-913F-C37AE82CDB24}.Release|Any CPU.Build.0 = Release|Any CPU
		{67F9D3A8-F71E-4428-913F-C37AE82CDB24}.Release|ARM.ActiveCfg = Release|Any CPU
		{67F9D3A8-F71E-4428-913F-C37AE82CDB24}.Release|ARM.Build.0 = Release|Any CPU
		{67F9D3A8-F71E-4428-913F-C37AE82CDB24}.Release|iPhone.ActiveCfg = Release|Any CPU
		{67F9D3A8-F71E-4428-913F-C37AE82CDB24}.Release|iPhone.Build.0 = Release|Any CPU
		{67F9D3A8-F71E-4428-913F-C37AE82CDB24}.Release|iPhoneSimulator.ActiveCfg = Release|Any CPU
		{67F9D3A8-F71E-4428-913F-C37AE82CDB24}.Release|iPhoneSimulator.Build.0 = Release|Any CPU
		{67F9D3A8-F71E-4428-913F-C37AE82CDB24}.Release|x64.ActiveCfg = Release|Any CPU
		{67F9D3A8-F71E-4428-913F-C37AE82CDB24}.Release|x64.Build.0 = Release|Any CPU
		{67F9D3A8-F71E-4428-913F-C37AE82CDB24}.Release|x86.ActiveCfg = Release|Any CPU
		{67F9D3A8-F71E-4428-913F-C37AE82CDB24}.Release|x86.Build.0 = Release|Any CPU
		{64DCD397-9019-41E8-A928-E5F5C5DF185B}.Ad-Hoc|Any CPU.ActiveCfg = Release|Any CPU
		{64DCD397-9019-41E8-A928-E5F5C5DF185B}.Ad-Hoc|Any CPU.Build.0 = Release|Any CPU
		{64DCD397-9019-41E8-A928-E5F5C5DF185B}.Ad-Hoc|ARM.ActiveCfg = Release|Any CPU
		{64DCD397-9019-41E8-A928-E5F5C5DF185B}.Ad-Hoc|ARM.Build.0 = Release|Any CPU
		{64DCD397-9019-41E8-A928-E5F5C5DF185B}.Ad-Hoc|iPhone.ActiveCfg = Release|Any CPU
		{64DCD397-9019-41E8-A928-E5F5C5DF185B}.Ad-Hoc|iPhone.Build.0 = Release|Any CPU
		{64DCD397-9019-41E8-A928-E5F5C5DF185B}.Ad-Hoc|iPhoneSimulator.ActiveCfg = Release|Any CPU
		{64DCD397-9019-41E8-A928-E5F5C5DF185B}.Ad-Hoc|iPhoneSimulator.Build.0 = Release|Any CPU
		{64DCD397-9019-41E8-A928-E5F5C5DF185B}.Ad-Hoc|x64.ActiveCfg = Release|Any CPU
		{64DCD397-9019-41E8-A928-E5F5C5DF185B}.Ad-Hoc|x64.Build.0 = Release|Any CPU
		{64DCD397-9019-41E8-A928-E5F5C5DF185B}.Ad-Hoc|x86.ActiveCfg = Release|Any CPU
		{64DCD397-9019-41E8-A928-E5F5C5DF185B}.Ad-Hoc|x86.Build.0 = Release|Any CPU
		{64DCD397-9019-41E8-A928-E5F5C5DF185B}.AppStore|Any CPU.ActiveCfg = Release|Any CPU
		{64DCD397-9019-41E8-A928-E5F5C5DF185B}.AppStore|Any CPU.Build.0 = Release|Any CPU
		{64DCD397-9019-41E8-A928-E5F5C5DF185B}.AppStore|ARM.ActiveCfg = Release|Any CPU
		{64DCD397-9019-41E8-A928-E5F5C5DF185B}.AppStore|ARM.Build.0 = Release|Any CPU
		{64DCD397-9019-41E8-A928-E5F5C5DF185B}.AppStore|iPhone.ActiveCfg = Release|Any CPU
		{64DCD397-9019-41E8-A928-E5F5C5DF185B}.AppStore|iPhone.Build.0 = Release|Any CPU
		{64DCD397-9019-41E8-A928-E5F5C5DF185B}.AppStore|iPhoneSimulator.ActiveCfg = Release|Any CPU
		{64DCD397-9019-41E8-A928-E5F5C5DF185B}.AppStore|iPhoneSimulator.Build.0 = Release|Any CPU
		{64DCD397-9019-41E8-A928-E5F5C5DF185B}.AppStore|x64.ActiveCfg = Release|Any CPU
		{64DCD397-9019-41E8-A928-E5F5C5DF185B}.AppStore|x64.Build.0 = Release|Any CPU
		{64DCD397-9019-41E8-A928-E5F5C5DF185B}.AppStore|x86.ActiveCfg = Release|Any CPU
		{64DCD397-9019-41E8-A928-E5F5C5DF185B}.AppStore|x86.Build.0 = Release|Any CPU
		{64DCD397-9019-41E8-A928-E5F5C5DF185B}.Debug|Any CPU.ActiveCfg = Debug|Any CPU
		{64DCD397-9019-41E8-A928-E5F5C5DF185B}.Debug|Any CPU.Build.0 = Debug|Any CPU
		{64DCD397-9019-41E8-A928-E5F5C5DF185B}.Debug|ARM.ActiveCfg = Debug|Any CPU
		{64DCD397-9019-41E8-A928-E5F5C5DF185B}.Debug|ARM.Build.0 = Debug|Any CPU
		{64DCD397-9019-41E8-A928-E5F5C5DF185B}.Debug|iPhone.ActiveCfg = Debug|Any CPU
		{64DCD397-9019-41E8-A928-E5F5C5DF185B}.Debug|iPhone.Build.0 = Debug|Any CPU
		{64DCD397-9019-41E8-A928-E5F5C5DF185B}.Debug|iPhoneSimulator.ActiveCfg = Debug|Any CPU
		{64DCD397-9019-41E8-A928-E5F5C5DF185B}.Debug|iPhoneSimulator.Build.0 = Debug|Any CPU
		{64DCD397-9019-41E8-A928-E5F5C5DF185B}.Debug|x64.ActiveCfg = Debug|Any CPU
		{64DCD397-9019-41E8-A928-E5F5C5DF185B}.Debug|x64.Build.0 = Debug|Any CPU
		{64DCD397-9019-41E8-A928-E5F5C5DF185B}.Debug|x86.ActiveCfg = Debug|Any CPU
		{64DCD397-9019-41E8-A928-E5F5C5DF185B}.Debug|x86.Build.0 = Debug|Any CPU
		{64DCD397-9019-41E8-A928-E5F5C5DF185B}.Release|Any CPU.ActiveCfg = Release|Any CPU
		{64DCD397-9019-41E8-A928-E5F5C5DF185B}.Release|Any CPU.Build.0 = Release|Any CPU
		{64DCD397-9019-41E8-A928-E5F5C5DF185B}.Release|ARM.ActiveCfg = Release|Any CPU
		{64DCD397-9019-41E8-A928-E5F5C5DF185B}.Release|ARM.Build.0 = Release|Any CPU
		{64DCD397-9019-41E8-A928-E5F5C5DF185B}.Release|iPhone.ActiveCfg = Release|Any CPU
		{64DCD397-9019-41E8-A928-E5F5C5DF185B}.Release|iPhone.Build.0 = Release|Any CPU
		{64DCD397-9019-41E8-A928-E5F5C5DF185B}.Release|iPhoneSimulator.ActiveCfg = Release|Any CPU
		{64DCD397-9019-41E8-A928-E5F5C5DF185B}.Release|iPhoneSimulator.Build.0 = Release|Any CPU
		{64DCD397-9019-41E8-A928-E5F5C5DF185B}.Release|x64.ActiveCfg = Release|Any CPU
		{64DCD397-9019-41E8-A928-E5F5C5DF185B}.Release|x64.Build.0 = Release|Any CPU
		{64DCD397-9019-41E8-A928-E5F5C5DF185B}.Release|x86.ActiveCfg = Release|Any CPU
		{64DCD397-9019-41E8-A928-E5F5C5DF185B}.Release|x86.Build.0 = Release|Any CPU
		{CFF6F25A-3C3B-44EE-A54C-2ED4AAFF3ADB}.Ad-Hoc|Any CPU.ActiveCfg = Release|Any CPU
		{CFF6F25A-3C3B-44EE-A54C-2ED4AAFF3ADB}.Ad-Hoc|Any CPU.Build.0 = Release|Any CPU
		{CFF6F25A-3C3B-44EE-A54C-2ED4AAFF3ADB}.Ad-Hoc|ARM.ActiveCfg = Release|Any CPU
		{CFF6F25A-3C3B-44EE-A54C-2ED4AAFF3ADB}.Ad-Hoc|ARM.Build.0 = Release|Any CPU
		{CFF6F25A-3C3B-44EE-A54C-2ED4AAFF3ADB}.Ad-Hoc|iPhone.ActiveCfg = Release|Any CPU
		{CFF6F25A-3C3B-44EE-A54C-2ED4AAFF3ADB}.Ad-Hoc|iPhone.Build.0 = Release|Any CPU
		{CFF6F25A-3C3B-44EE-A54C-2ED4AAFF3ADB}.Ad-Hoc|iPhoneSimulator.ActiveCfg = Release|Any CPU
		{CFF6F25A-3C3B-44EE-A54C-2ED4AAFF3ADB}.Ad-Hoc|iPhoneSimulator.Build.0 = Release|Any CPU
		{CFF6F25A-3C3B-44EE-A54C-2ED4AAFF3ADB}.Ad-Hoc|x64.ActiveCfg = Release|Any CPU
		{CFF6F25A-3C3B-44EE-A54C-2ED4AAFF3ADB}.Ad-Hoc|x64.Build.0 = Release|Any CPU
		{CFF6F25A-3C3B-44EE-A54C-2ED4AAFF3ADB}.Ad-Hoc|x86.ActiveCfg = Release|Any CPU
		{CFF6F25A-3C3B-44EE-A54C-2ED4AAFF3ADB}.Ad-Hoc|x86.Build.0 = Release|Any CPU
		{CFF6F25A-3C3B-44EE-A54C-2ED4AAFF3ADB}.AppStore|Any CPU.ActiveCfg = Release|Any CPU
		{CFF6F25A-3C3B-44EE-A54C-2ED4AAFF3ADB}.AppStore|Any CPU.Build.0 = Release|Any CPU
		{CFF6F25A-3C3B-44EE-A54C-2ED4AAFF3ADB}.AppStore|ARM.ActiveCfg = Release|Any CPU
		{CFF6F25A-3C3B-44EE-A54C-2ED4AAFF3ADB}.AppStore|ARM.Build.0 = Release|Any CPU
		{CFF6F25A-3C3B-44EE-A54C-2ED4AAFF3ADB}.AppStore|iPhone.ActiveCfg = Release|Any CPU
		{CFF6F25A-3C3B-44EE-A54C-2ED4AAFF3ADB}.AppStore|iPhone.Build.0 = Release|Any CPU
		{CFF6F25A-3C3B-44EE-A54C-2ED4AAFF3ADB}.AppStore|iPhoneSimulator.ActiveCfg = Release|Any CPU
		{CFF6F25A-3C3B-44EE-A54C-2ED4AAFF3ADB}.AppStore|iPhoneSimulator.Build.0 = Release|Any CPU
		{CFF6F25A-3C3B-44EE-A54C-2ED4AAFF3ADB}.AppStore|x64.ActiveCfg = Release|Any CPU
		{CFF6F25A-3C3B-44EE-A54C-2ED4AAFF3ADB}.AppStore|x64.Build.0 = Release|Any CPU
		{CFF6F25A-3C3B-44EE-A54C-2ED4AAFF3ADB}.AppStore|x86.ActiveCfg = Release|Any CPU
		{CFF6F25A-3C3B-44EE-A54C-2ED4AAFF3ADB}.AppStore|x86.Build.0 = Release|Any CPU
		{CFF6F25A-3C3B-44EE-A54C-2ED4AAFF3ADB}.Debug|Any CPU.ActiveCfg = Debug|Any CPU
		{CFF6F25A-3C3B-44EE-A54C-2ED4AAFF3ADB}.Debug|Any CPU.Build.0 = Debug|Any CPU
		{CFF6F25A-3C3B-44EE-A54C-2ED4AAFF3ADB}.Debug|ARM.ActiveCfg = Debug|Any CPU
		{CFF6F25A-3C3B-44EE-A54C-2ED4AAFF3ADB}.Debug|ARM.Build.0 = Debug|Any CPU
		{CFF6F25A-3C3B-44EE-A54C-2ED4AAFF3ADB}.Debug|iPhone.ActiveCfg = Debug|Any CPU
		{CFF6F25A-3C3B-44EE-A54C-2ED4AAFF3ADB}.Debug|iPhone.Build.0 = Debug|Any CPU
		{CFF6F25A-3C3B-44EE-A54C-2ED4AAFF3ADB}.Debug|iPhoneSimulator.ActiveCfg = Debug|Any CPU
		{CFF6F25A-3C3B-44EE-A54C-2ED4AAFF3ADB}.Debug|iPhoneSimulator.Build.0 = Debug|Any CPU
		{CFF6F25A-3C3B-44EE-A54C-2ED4AAFF3ADB}.Debug|x64.ActiveCfg = Debug|Any CPU
		{CFF6F25A-3C3B-44EE-A54C-2ED4AAFF3ADB}.Debug|x64.Build.0 = Debug|Any CPU
		{CFF6F25A-3C3B-44EE-A54C-2ED4AAFF3ADB}.Debug|x86.ActiveCfg = Debug|Any CPU
		{CFF6F25A-3C3B-44EE-A54C-2ED4AAFF3ADB}.Debug|x86.Build.0 = Debug|Any CPU
		{CFF6F25A-3C3B-44EE-A54C-2ED4AAFF3ADB}.Release|Any CPU.ActiveCfg = Release|Any CPU
		{CFF6F25A-3C3B-44EE-A54C-2ED4AAFF3ADB}.Release|Any CPU.Build.0 = Release|Any CPU
		{CFF6F25A-3C3B-44EE-A54C-2ED4AAFF3ADB}.Release|ARM.ActiveCfg = Release|Any CPU
		{CFF6F25A-3C3B-44EE-A54C-2ED4AAFF3ADB}.Release|ARM.Build.0 = Release|Any CPU
		{CFF6F25A-3C3B-44EE-A54C-2ED4AAFF3ADB}.Release|iPhone.ActiveCfg = Release|Any CPU
		{CFF6F25A-3C3B-44EE-A54C-2ED4AAFF3ADB}.Release|iPhone.Build.0 = Release|Any CPU
		{CFF6F25A-3C3B-44EE-A54C-2ED4AAFF3ADB}.Release|iPhoneSimulator.ActiveCfg = Release|Any CPU
		{CFF6F25A-3C3B-44EE-A54C-2ED4AAFF3ADB}.Release|iPhoneSimulator.Build.0 = Release|Any CPU
		{CFF6F25A-3C3B-44EE-A54C-2ED4AAFF3ADB}.Release|x64.ActiveCfg = Release|Any CPU
		{CFF6F25A-3C3B-44EE-A54C-2ED4AAFF3ADB}.Release|x64.Build.0 = Release|Any CPU
		{CFF6F25A-3C3B-44EE-A54C-2ED4AAFF3ADB}.Release|x86.ActiveCfg = Release|Any CPU
		{CFF6F25A-3C3B-44EE-A54C-2ED4AAFF3ADB}.Release|x86.Build.0 = Release|Any CPU
	EndGlobalSection
	GlobalSection(SolutionProperties) = preSolution
		HideSolutionNode = FALSE
	EndGlobalSection
	GlobalSection(NestedProjects) = preSolution
		{B5CC92F3-42B2-48DD-96DD-3D883205D030} = {77D38982-5EBC-4A33-86A5-C5E45CA5F55F}
		{256EBD1E-699E-4DD0-9769-BE7C6FB70819} = {77D38982-5EBC-4A33-86A5-C5E45CA5F55F}
		{05519A0B-BC06-49C0-9E51-9DAB9C67A91C} = {77D38982-5EBC-4A33-86A5-C5E45CA5F55F}
		{F1ED1C9E-5391-4524-90E5-DD3B0BC673A9} = {77D38982-5EBC-4A33-86A5-C5E45CA5F55F}
	EndGlobalSection
EndGlobal
