
Microsoft Visual Studio Solution File, Format Version 12.00
# Visual Studio 15
VisualStudioVersion = 15.0.28307.705
MinimumVisualStudioVersion = 10.0.40219.1
Project("{FAE04EC0-301F-11D3-BF4B-00C04F79EFBC}") = "TipCalc.Core", "TipCalc.Core\TipCalc.Core.csproj", "{8E4AA99C-D844-4A30-B02C-F4CA84365B43}"
EndProject
Project("{FAE04EC0-301F-11D3-BF4B-00C04F79EFBC}") = "TipCalc.UWP", "TipCalc.UWP\TipCalc.UWP.csproj", "{8EE87877-250F-4560-9B1D-BD2AC19C0326}"
EndProject
Project("{FAE04EC0-301F-11D3-BF4B-00C04F79EFBC}") = "TipCalc.Droid", "TipCalc.Droid\TipCalc.Droid.csproj", "{458E5B91-3DDE-4E54-B63F-653EA6AFF2BA}"
EndProject
Global
	GlobalSection(SolutionConfigurationPlatforms) = preSolution
		Debug|Any CPU = Debug|Any CPU
		Debug|ARM = Debug|ARM
		Debug|ARM64 = Debug|ARM64
		Debug|x64 = Debug|x64
		Debug|x86 = Debug|x86
		Release|Any CPU = Release|Any CPU
		Release|ARM = Release|ARM
		Release|ARM64 = Release|ARM64
		Release|x64 = Release|x64
		Release|x86 = Release|x86
	EndGlobalSection
	GlobalSection(ProjectConfigurationPlatforms) = postSolution
		{8E4AA99C-D844-4A30-B02C-F4CA84365B43}.Debug|Any CPU.ActiveCfg = Debug|Any CPU
		{8E4AA99C-D844-4A30-B02C-F4CA84365B43}.Debug|Any CPU.Build.0 = Debug|Any CPU
		{8E4AA99C-D844-4A30-B02C-F4CA84365B43}.Debug|ARM.ActiveCfg = Debug|Any CPU
		{8E4AA99C-D844-4A30-B02C-F4CA84365B43}.Debug|ARM.Build.0 = Debug|Any CPU
		{8E4AA99C-D844-4A30-B02C-F4CA84365B43}.Debug|ARM64.ActiveCfg = Debug|Any CPU
		{8E4AA99C-D844-4A30-B02C-F4CA84365B43}.Debug|ARM64.Build.0 = Debug|Any CPU
		{8E4AA99C-D844-4A30-B02C-F4CA84365B43}.Debug|x64.ActiveCfg = Debug|Any CPU
		{8E4AA99C-D844-4A30-B02C-F4CA84365B43}.Debug|x64.Build.0 = Debug|Any CPU
		{8E4AA99C-D844-4A30-B02C-F4CA84365B43}.Debug|x86.ActiveCfg = Debug|Any CPU
		{8E4AA99C-D844-4A30-B02C-F4CA84365B43}.Debug|x86.Build.0 = Debug|Any CPU
		{8E4AA99C-D844-4A30-B02C-F4CA84365B43}.Release|Any CPU.ActiveCfg = Release|Any CPU
		{8E4AA99C-D844-4A30-B02C-F4CA84365B43}.Release|Any CPU.Build.0 = Release|Any CPU
		{8E4AA99C-D844-4A30-B02C-F4CA84365B43}.Release|ARM.ActiveCfg = Release|Any CPU
		{8E4AA99C-D844-4A30-B02C-F4CA84365B43}.Release|ARM.Build.0 = Release|Any CPU
		{8E4AA99C-D844-4A30-B02C-F4CA84365B43}.Release|ARM64.ActiveCfg = Release|Any CPU
		{8E4AA99C-D844-4A30-B02C-F4CA84365B43}.Release|ARM64.Build.0 = Release|Any CPU
		{8E4AA99C-D844-4A30-B02C-F4CA84365B43}.Release|x64.ActiveCfg = Release|Any CPU
		{8E4AA99C-D844-4A30-B02C-F4CA84365B43}.Release|x64.Build.0 = Release|Any CPU
		{8E4AA99C-D844-4A30-B02C-F4CA84365B43}.Release|x86.ActiveCfg = Release|Any CPU
		{8E4AA99C-D844-4A30-B02C-F4CA84365B43}.Release|x86.Build.0 = Release|Any CPU
		{8EE87877-250F-4560-9B1D-BD2AC19C0326}.Debug|Any CPU.ActiveCfg = Debug|x86
		{8EE87877-250F-4560-9B1D-BD2AC19C0326}.Debug|ARM.ActiveCfg = Debug|ARM
		{8EE87877-250F-4560-9B1D-BD2AC19C0326}.Debug|ARM.Build.0 = Debug|ARM
		{8EE87877-250F-4560-9B1D-BD2AC19C0326}.Debug|ARM.Deploy.0 = Debug|ARM
		{8EE87877-250F-4560-9B1D-BD2AC19C0326}.Debug|ARM64.ActiveCfg = Debug|ARM64
		{8EE87877-250F-4560-9B1D-BD2AC19C0326}.Debug|ARM64.Build.0 = Debug|ARM64
		{8EE87877-250F-4560-9B1D-BD2AC19C0326}.Debug|ARM64.Deploy.0 = Debug|ARM64
		{8EE87877-250F-4560-9B1D-BD2AC19C0326}.Debug|x64.ActiveCfg = Debug|x64
		{8EE87877-250F-4560-9B1D-BD2AC19C0326}.Debug|x64.Build.0 = Debug|x64
		{8EE87877-250F-4560-9B1D-BD2AC19C0326}.Debug|x64.Deploy.0 = Debug|x64
		{8EE87877-250F-4560-9B1D-BD2AC19C0326}.Debug|x86.ActiveCfg = Debug|x86
		{8EE87877-250F-4560-9B1D-BD2AC19C0326}.Debug|x86.Build.0 = Debug|x86
		{8EE87877-250F-4560-9B1D-BD2AC19C0326}.Debug|x86.Deploy.0 = Debug|x86
		{8EE87877-250F-4560-9B1D-BD2AC19C0326}.Release|Any CPU.ActiveCfg = Release|x86
		{8EE87877-250F-4560-9B1D-BD2AC19C0326}.Release|ARM.ActiveCfg = Release|ARM
		{8EE87877-250F-4560-9B1D-BD2AC19C0326}.Release|ARM.Build.0 = Release|ARM
		{8EE87877-250F-4560-9B1D-BD2AC19C0326}.Release|ARM.Deploy.0 = Release|ARM
		{8EE87877-250F-4560-9B1D-BD2AC19C0326}.Release|ARM64.ActiveCfg = Release|ARM64
		{8EE87877-250F-4560-9B1D-BD2AC19C0326}.Release|ARM64.Build.0 = Release|ARM64
		{8EE87877-250F-4560-9B1D-BD2AC19C0326}.Release|ARM64.Deploy.0 = Release|ARM64
		{8EE87877-250F-4560-9B1D-BD2AC19C0326}.Release|x64.ActiveCfg = Release|x64
		{8EE87877-250F-4560-9B1D-BD2AC19C0326}.Release|x64.Build.0 = Release|x64
		{8EE87877-250F-4560-9B1D-BD2AC19C0326}.Release|x64.Deploy.0 = Release|x64
		{8EE87877-250F-4560-9B1D-BD2AC19C0326}.Release|x86.ActiveCfg = Release|x86
		{8EE87877-250F-4560-9B1D-BD2AC19C0326}.Release|x86.Build.0 = Release|x86
		{8EE87877-250F-4560-9B1D-BD2AC19C0326}.Release|x86.Deploy.0 = Release|x86
		{458E5B91-3DDE-4E54-B63F-653EA6AFF2BA}.Debug|Any CPU.ActiveCfg = Debug|Any CPU
		{458E5B91-3DDE-4E54-B63F-653EA6AFF2BA}.Debug|Any CPU.Build.0 = Debug|Any CPU
		{458E5B91-3DDE-4E54-B63F-653EA6AFF2BA}.Debug|Any CPU.Deploy.0 = Debug|Any CPU
		{458E5B91-3DDE-4E54-B63F-653EA6AFF2BA}.Debug|ARM.ActiveCfg = Debug|Any CPU
		{458E5B91-3DDE-4E54-B63F-653EA6AFF2BA}.Debug|ARM.Build.0 = Debug|Any CPU
		{458E5B91-3DDE-4E54-B63F-653EA6AFF2BA}.Debug|ARM.Deploy.0 = Debug|Any CPU
		{458E5B91-3DDE-4E54-B63F-653EA6AFF2BA}.Debug|ARM64.ActiveCfg = Debug|Any CPU
		{458E5B91-3DDE-4E54-B63F-653EA6AFF2BA}.Debug|ARM64.Build.0 = Debug|Any CPU
		{458E5B91-3DDE-4E54-B63F-653EA6AFF2BA}.Debug|ARM64.Deploy.0 = Debug|Any CPU
		{458E5B91-3DDE-4E54-B63F-653EA6AFF2BA}.Debug|x64.ActiveCfg = Debug|Any CPU
		{458E5B91-3DDE-4E54-B63F-653EA6AFF2BA}.Debug|x64.Build.0 = Debug|Any CPU
		{458E5B91-3DDE-4E54-B63F-653EA6AFF2BA}.Debug|x64.Deploy.0 = Debug|Any CPU
		{458E5B91-3DDE-4E54-B63F-653EA6AFF2BA}.Debug|x86.ActiveCfg = Debug|Any CPU
		{458E5B91-3DDE-4E54-B63F-653EA6AFF2BA}.Debug|x86.Build.0 = Debug|Any CPU
		{458E5B91-3DDE-4E54-B63F-653EA6AFF2BA}.Debug|x86.Deploy.0 = Debug|Any CPU
		{458E5B91-3DDE-4E54-B63F-653EA6AFF2BA}.Release|Any CPU.ActiveCfg = Release|Any CPU
		{458E5B91-3DDE-4E54-B63F-653EA6AFF2BA}.Release|Any CPU.Build.0 = Release|Any CPU
		{458E5B91-3DDE-4E54-B63F-653EA6AFF2BA}.Release|Any CPU.Deploy.0 = Release|Any CPU
		{458E5B91-3DDE-4E54-B63F-653EA6AFF2BA}.Release|ARM.ActiveCfg = Release|Any CPU
		{458E5B91-3DDE-4E54-B63F-653EA6AFF2BA}.Release|ARM.Build.0 = Release|Any CPU
		{458E5B91-3DDE-4E54-B63F-653EA6AFF2BA}.Release|ARM.Deploy.0 = Release|Any CPU
		{458E5B91-3DDE-4E54-B63F-653EA6AFF2BA}.Release|ARM64.ActiveCfg = Release|Any CPU
		{458E5B91-3DDE-4E54-B63F-653EA6AFF2BA}.Release|ARM64.Build.0 = Release|Any CPU
		{458E5B91-3DDE-4E54-B63F-653EA6AFF2BA}.Release|ARM64.Deploy.0 = Release|Any CPU
		{458E5B91-3DDE-4E54-B63F-653EA6AFF2BA}.Release|x64.ActiveCfg = Release|Any CPU
		{458E5B91-3DDE-4E54-B63F-653EA6AFF2BA}.Release|x64.Build.0 = Release|Any CPU
		{458E5B91-3DDE-4E54-B63F-653EA6AFF2BA}.Release|x64.Deploy.0 = Release|Any CPU
		{458E5B91-3DDE-4E54-B63F-653EA6AFF2BA}.Release|x86.ActiveCfg = Release|Any CPU
		{458E5B91-3DDE-4E54-B63F-653EA6AFF2BA}.Release|x86.Build.0 = Release|Any CPU
		{458E5B91-3DDE-4E54-B63F-653EA6AFF2BA}.Release|x86.Deploy.0 = Release|Any CPU
	EndGlobalSection
	GlobalSection(SolutionProperties) = preSolution
		HideSolutionNode = FALSE
	EndGlobalSection
	GlobalSection(ExtensibilityGlobals) = postSolution
		SolutionGuid = {7D0EAE72-1EE3-41E2-9A39-307B7C3F250D}
	EndGlobalSection
EndGlobal
