
Microsoft Visual Studio Solution File, Format Version 12.00
# Visual Studio 2013
VisualStudioVersion = 12.0.30723.0
MinimumVisualStudioVersion = 10.0.40219.1
Project("{2150E333-8FDC-42A3-9474-1A3956D46DE8}") = "Presenter", "Presenter", "{FEF8FCE2-6BCC-4C44-BA4F-12D5A62C3E5F}"
EndProject
Project("{FAE04EC0-301F-11D3-BF4B-00C04F79EFBC}") = "Cirrious.MvvmCross.Forms.Presenter.Core", "Cirrious.MvvmCross.Forms.Presenter.Core\Cirrious.MvvmCross.Forms.Presenter.Core.csproj", "{0797D39C-C59B-4FE2-BB16-AB6FA0119C69}"
EndProject
Project("{FAE04EC0-301F-11D3-BF4B-00C04F79EFBC}") = "Cirrious.MvvmCross.Forms.Presenter.Droid", "Cirrious.MvvmCross.Forms.Presenter.Droid\Cirrious.MvvmCross.Forms.Presenter.Droid.csproj", "{F823EE03-AC94-4124-AB5B-91B69FE7B85A}"
EndProject
Project("{FAE04EC0-301F-11D3-BF4B-00C04F79EFBC}") = "Cirrious.MvvmCross.Forms.Presenter.Touch", "Cirrious.MvvmCross.Forms.Presenter.Touch\Cirrious.MvvmCross.Forms.Presenter.Touch.csproj", "{F2270784-C153-4B1C-BB04-15CB29F0F945}"
EndProject
Project("{FAE04EC0-301F-11D3-BF4B-00C04F79EFBC}") = "Cirrious.MvvmCross.Forms.Presenter.WindowsPhone", "Cirrious.MvvmCross.Forms.Presenter.WindowsPhone\Cirrious.MvvmCross.Forms.Presenter.WindowsPhone.csproj", "{80C643D9-C912-41C0-8F9D-9FAF15A79831}"
EndProject
Project("{FAE04EC0-301F-11D3-BF4B-00C04F79EFBC}") = "Cirrious.MvvmCross.Forms.Presenter.WindowsStore", "Cirrious.MvvmCross.Forms.Presenter.WindowsStore\Cirrious.MvvmCross.Forms.Presenter.WindowsStore.csproj", "{3EB564D3-C79C-440C-A359-37B9D4E8B894}"
EndProject
Project("{2150E333-8FDC-42A3-9474-1A3956D46DE8}") = "Samples", "Samples", "{FD91820B-4F5D-4B10-B4BF-3601B087227E}"
EndProject
Project("{FAE04EC0-301F-11D3-BF4B-00C04F79EFBC}") = "Example", "Samples\Example\Example.csproj", "{2AB74840-32C8-4E07-923E-C9D6A09F81B2}"
EndProject
Project("{FAE04EC0-301F-11D3-BF4B-00C04F79EFBC}") = "Example.Android", "Samples\Example.Android\Example.Android.csproj", "{54A9A715-0FCD-4767-BEA8-36F8D26994C0}"
EndProject
Project("{FAE04EC0-301F-11D3-BF4B-00C04F79EFBC}") = "Example.iOS", "Samples\Example.iOS\Example.iOS.csproj", "{A5BD4A19-9E5D-4BC8-96BE-180734555915}"
EndProject
Global
	GlobalSection(SolutionConfigurationPlatforms) = preSolution
		Ad-Hoc|Any CPU = Ad-Hoc|Any CPU
		Ad-Hoc|ARM = Ad-Hoc|ARM
		Ad-Hoc|iPhone = Ad-Hoc|iPhone
		Ad-Hoc|iPhoneSimulator = Ad-Hoc|iPhoneSimulator
		Ad-Hoc|Mixed Platforms = Ad-Hoc|Mixed Platforms
		Ad-Hoc|x64 = Ad-Hoc|x64
		Ad-Hoc|x86 = Ad-Hoc|x86
		AppStore|Any CPU = AppStore|Any CPU
		AppStore|ARM = AppStore|ARM
		AppStore|iPhone = AppStore|iPhone
		AppStore|iPhoneSimulator = AppStore|iPhoneSimulator
		AppStore|Mixed Platforms = AppStore|Mixed Platforms
		AppStore|x64 = AppStore|x64
		AppStore|x86 = AppStore|x86
		Debug|Any CPU = Debug|Any CPU
		Debug|ARM = Debug|ARM
		Debug|iPhone = Debug|iPhone
		Debug|iPhoneSimulator = Debug|iPhoneSimulator
		Debug|Mixed Platforms = Debug|Mixed Platforms
		Debug|x64 = Debug|x64
		Debug|x86 = Debug|x86
		Default|Any CPU = Default|Any CPU
		Default|ARM = Default|ARM
		Default|iPhone = Default|iPhone
		Default|iPhoneSimulator = Default|iPhoneSimulator
		Default|Mixed Platforms = Default|Mixed Platforms
		Default|x64 = Default|x64
		Default|x86 = Default|x86
		Release|Any CPU = Release|Any CPU
		Release|ARM = Release|ARM
		Release|iPhone = Release|iPhone
		Release|iPhoneSimulator = Release|iPhoneSimulator
		Release|Mixed Platforms = Release|Mixed Platforms
		Release|x64 = Release|x64
		Release|x86 = Release|x86
	EndGlobalSection
	GlobalSection(ProjectConfigurationPlatforms) = postSolution
		{0797D39C-C59B-4FE2-BB16-AB6FA0119C69}.Ad-Hoc|Any CPU.ActiveCfg = Release|Any CPU
		{0797D39C-C59B-4FE2-BB16-AB6FA0119C69}.Ad-Hoc|Any CPU.Build.0 = Release|Any CPU
		{0797D39C-C59B-4FE2-BB16-AB6FA0119C69}.Ad-Hoc|ARM.ActiveCfg = Release|Any CPU
		{0797D39C-C59B-4FE2-BB16-AB6FA0119C69}.Ad-Hoc|iPhone.ActiveCfg = Release|Any CPU
		{0797D39C-C59B-4FE2-BB16-AB6FA0119C69}.Ad-Hoc|iPhoneSimulator.ActiveCfg = Release|Any CPU
		{0797D39C-C59B-4FE2-BB16-AB6FA0119C69}.Ad-Hoc|Mixed Platforms.ActiveCfg = Release|Any CPU
		{0797D39C-C59B-4FE2-BB16-AB6FA0119C69}.Ad-Hoc|Mixed Platforms.Build.0 = Release|Any CPU
		{0797D39C-C59B-4FE2-BB16-AB6FA0119C69}.Ad-Hoc|x64.ActiveCfg = Release|Any CPU
		{0797D39C-C59B-4FE2-BB16-AB6FA0119C69}.Ad-Hoc|x86.ActiveCfg = Release|Any CPU
		{0797D39C-C59B-4FE2-BB16-AB6FA0119C69}.AppStore|Any CPU.ActiveCfg = Release|Any CPU
		{0797D39C-C59B-4FE2-BB16-AB6FA0119C69}.AppStore|Any CPU.Build.0 = Release|Any CPU
		{0797D39C-C59B-4FE2-BB16-AB6FA0119C69}.AppStore|ARM.ActiveCfg = Release|Any CPU
		{0797D39C-C59B-4FE2-BB16-AB6FA0119C69}.AppStore|iPhone.ActiveCfg = Release|Any CPU
		{0797D39C-C59B-4FE2-BB16-AB6FA0119C69}.AppStore|iPhoneSimulator.ActiveCfg = Release|Any CPU
		{0797D39C-C59B-4FE2-BB16-AB6FA0119C69}.AppStore|Mixed Platforms.ActiveCfg = Release|Any CPU
		{0797D39C-C59B-4FE2-BB16-AB6FA0119C69}.AppStore|Mixed Platforms.Build.0 = Release|Any CPU
		{0797D39C-C59B-4FE2-BB16-AB6FA0119C69}.AppStore|x64.ActiveCfg = Release|Any CPU
		{0797D39C-C59B-4FE2-BB16-AB6FA0119C69}.AppStore|x86.ActiveCfg = Release|Any CPU
		{0797D39C-C59B-4FE2-BB16-AB6FA0119C69}.Debug|Any CPU.ActiveCfg = Debug|Any CPU
		{0797D39C-C59B-4FE2-BB16-AB6FA0119C69}.Debug|Any CPU.Build.0 = Debug|Any CPU
		{0797D39C-C59B-4FE2-BB16-AB6FA0119C69}.Debug|ARM.ActiveCfg = Debug|Any CPU
		{0797D39C-C59B-4FE2-BB16-AB6FA0119C69}.Debug|iPhone.ActiveCfg = Debug|Any CPU
		{0797D39C-C59B-4FE2-BB16-AB6FA0119C69}.Debug|iPhoneSimulator.ActiveCfg = Debug|Any CPU
		{0797D39C-C59B-4FE2-BB16-AB6FA0119C69}.Debug|Mixed Platforms.ActiveCfg = Debug|Any CPU
		{0797D39C-C59B-4FE2-BB16-AB6FA0119C69}.Debug|Mixed Platforms.Build.0 = Debug|Any CPU
		{0797D39C-C59B-4FE2-BB16-AB6FA0119C69}.Debug|x64.ActiveCfg = Debug|Any CPU
		{0797D39C-C59B-4FE2-BB16-AB6FA0119C69}.Debug|x86.ActiveCfg = Debug|Any CPU
		{0797D39C-C59B-4FE2-BB16-AB6FA0119C69}.Default|Any CPU.ActiveCfg = Debug|Any CPU
		{0797D39C-C59B-4FE2-BB16-AB6FA0119C69}.Default|Any CPU.Build.0 = Debug|Any CPU
		{0797D39C-C59B-4FE2-BB16-AB6FA0119C69}.Default|ARM.ActiveCfg = Debug|Any CPU
		{0797D39C-C59B-4FE2-BB16-AB6FA0119C69}.Default|iPhone.ActiveCfg = Debug|Any CPU
		{0797D39C-C59B-4FE2-BB16-AB6FA0119C69}.Default|iPhoneSimulator.ActiveCfg = Debug|Any CPU
		{0797D39C-C59B-4FE2-BB16-AB6FA0119C69}.Default|Mixed Platforms.ActiveCfg = Debug|Any CPU
		{0797D39C-C59B-4FE2-BB16-AB6FA0119C69}.Default|Mixed Platforms.Build.0 = Debug|Any CPU
		{0797D39C-C59B-4FE2-BB16-AB6FA0119C69}.Default|x64.ActiveCfg = Debug|Any CPU
		{0797D39C-C59B-4FE2-BB16-AB6FA0119C69}.Default|x86.ActiveCfg = Debug|Any CPU
		{0797D39C-C59B-4FE2-BB16-AB6FA0119C69}.Release|Any CPU.ActiveCfg = Release|Any CPU
		{0797D39C-C59B-4FE2-BB16-AB6FA0119C69}.Release|Any CPU.Build.0 = Release|Any CPU
		{0797D39C-C59B-4FE2-BB16-AB6FA0119C69}.Release|ARM.ActiveCfg = Release|Any CPU
		{0797D39C-C59B-4FE2-BB16-AB6FA0119C69}.Release|iPhone.ActiveCfg = Release|Any CPU
		{0797D39C-C59B-4FE2-BB16-AB6FA0119C69}.Release|iPhoneSimulator.ActiveCfg = Release|Any CPU
		{0797D39C-C59B-4FE2-BB16-AB6FA0119C69}.Release|Mixed Platforms.ActiveCfg = Release|Any CPU
		{0797D39C-C59B-4FE2-BB16-AB6FA0119C69}.Release|Mixed Platforms.Build.0 = Release|Any CPU
		{0797D39C-C59B-4FE2-BB16-AB6FA0119C69}.Release|x64.ActiveCfg = Release|Any CPU
		{0797D39C-C59B-4FE2-BB16-AB6FA0119C69}.Release|x86.ActiveCfg = Release|Any CPU
		{F823EE03-AC94-4124-AB5B-91B69FE7B85A}.Ad-Hoc|Any CPU.ActiveCfg = Release|Any CPU
		{F823EE03-AC94-4124-AB5B-91B69FE7B85A}.Ad-Hoc|Any CPU.Build.0 = Release|Any CPU
		{F823EE03-AC94-4124-AB5B-91B69FE7B85A}.Ad-Hoc|ARM.ActiveCfg = Release|Any CPU
		{F823EE03-AC94-4124-AB5B-91B69FE7B85A}.Ad-Hoc|iPhone.ActiveCfg = Release|Any CPU
		{F823EE03-AC94-4124-AB5B-91B69FE7B85A}.Ad-Hoc|iPhoneSimulator.ActiveCfg = Release|Any CPU
		{F823EE03-AC94-4124-AB5B-91B69FE7B85A}.Ad-Hoc|Mixed Platforms.ActiveCfg = Release|Any CPU
		{F823EE03-AC94-4124-AB5B-91B69FE7B85A}.Ad-Hoc|Mixed Platforms.Build.0 = Release|Any CPU
		{F823EE03-AC94-4124-AB5B-91B69FE7B85A}.Ad-Hoc|x64.ActiveCfg = Release|Any CPU
		{F823EE03-AC94-4124-AB5B-91B69FE7B85A}.Ad-Hoc|x86.ActiveCfg = Release|Any CPU
		{F823EE03-AC94-4124-AB5B-91B69FE7B85A}.AppStore|Any CPU.ActiveCfg = Release|Any CPU
		{F823EE03-AC94-4124-AB5B-91B69FE7B85A}.AppStore|Any CPU.Build.0 = Release|Any CPU
		{F823EE03-AC94-4124-AB5B-91B69FE7B85A}.AppStore|ARM.ActiveCfg = Release|Any CPU
		{F823EE03-AC94-4124-AB5B-91B69FE7B85A}.AppStore|iPhone.ActiveCfg = Release|Any CPU
		{F823EE03-AC94-4124-AB5B-91B69FE7B85A}.AppStore|iPhoneSimulator.ActiveCfg = Release|Any CPU
		{F823EE03-AC94-4124-AB5B-91B69FE7B85A}.AppStore|Mixed Platforms.ActiveCfg = Release|Any CPU
		{F823EE03-AC94-4124-AB5B-91B69FE7B85A}.AppStore|Mixed Platforms.Build.0 = Release|Any CPU
		{F823EE03-AC94-4124-AB5B-91B69FE7B85A}.AppStore|x64.ActiveCfg = Release|Any CPU
		{F823EE03-AC94-4124-AB5B-91B69FE7B85A}.AppStore|x86.ActiveCfg = Release|Any CPU
		{F823EE03-AC94-4124-AB5B-91B69FE7B85A}.Debug|Any CPU.ActiveCfg = Debug|Any CPU
		{F823EE03-AC94-4124-AB5B-91B69FE7B85A}.Debug|Any CPU.Build.0 = Debug|Any CPU
		{F823EE03-AC94-4124-AB5B-91B69FE7B85A}.Debug|ARM.ActiveCfg = Debug|Any CPU
		{F823EE03-AC94-4124-AB5B-91B69FE7B85A}.Debug|iPhone.ActiveCfg = Debug|Any CPU
		{F823EE03-AC94-4124-AB5B-91B69FE7B85A}.Debug|iPhoneSimulator.ActiveCfg = Debug|Any CPU
		{F823EE03-AC94-4124-AB5B-91B69FE7B85A}.Debug|Mixed Platforms.ActiveCfg = Debug|Any CPU
		{F823EE03-AC94-4124-AB5B-91B69FE7B85A}.Debug|Mixed Platforms.Build.0 = Debug|Any CPU
		{F823EE03-AC94-4124-AB5B-91B69FE7B85A}.Debug|x64.ActiveCfg = Debug|Any CPU
		{F823EE03-AC94-4124-AB5B-91B69FE7B85A}.Debug|x86.ActiveCfg = Debug|Any CPU
		{F823EE03-AC94-4124-AB5B-91B69FE7B85A}.Default|Any CPU.ActiveCfg = Debug|Any CPU
		{F823EE03-AC94-4124-AB5B-91B69FE7B85A}.Default|Any CPU.Build.0 = Debug|Any CPU
		{F823EE03-AC94-4124-AB5B-91B69FE7B85A}.Default|ARM.ActiveCfg = Debug|Any CPU
		{F823EE03-AC94-4124-AB5B-91B69FE7B85A}.Default|iPhone.ActiveCfg = Debug|Any CPU
		{F823EE03-AC94-4124-AB5B-91B69FE7B85A}.Default|iPhoneSimulator.ActiveCfg = Debug|Any CPU
		{F823EE03-AC94-4124-AB5B-91B69FE7B85A}.Default|Mixed Platforms.ActiveCfg = Debug|Any CPU
		{F823EE03-AC94-4124-AB5B-91B69FE7B85A}.Default|Mixed Platforms.Build.0 = Debug|Any CPU
		{F823EE03-AC94-4124-AB5B-91B69FE7B85A}.Default|x64.ActiveCfg = Debug|Any CPU
		{F823EE03-AC94-4124-AB5B-91B69FE7B85A}.Default|x86.ActiveCfg = Debug|Any CPU
		{F823EE03-AC94-4124-AB5B-91B69FE7B85A}.Release|Any CPU.ActiveCfg = Release|Any CPU
		{F823EE03-AC94-4124-AB5B-91B69FE7B85A}.Release|Any CPU.Build.0 = Release|Any CPU
		{F823EE03-AC94-4124-AB5B-91B69FE7B85A}.Release|ARM.ActiveCfg = Release|Any CPU
		{F823EE03-AC94-4124-AB5B-91B69FE7B85A}.Release|iPhone.ActiveCfg = Release|Any CPU
		{F823EE03-AC94-4124-AB5B-91B69FE7B85A}.Release|iPhoneSimulator.ActiveCfg = Release|Any CPU
		{F823EE03-AC94-4124-AB5B-91B69FE7B85A}.Release|Mixed Platforms.ActiveCfg = Release|Any CPU
		{F823EE03-AC94-4124-AB5B-91B69FE7B85A}.Release|Mixed Platforms.Build.0 = Release|Any CPU
		{F823EE03-AC94-4124-AB5B-91B69FE7B85A}.Release|x64.ActiveCfg = Release|Any CPU
		{F823EE03-AC94-4124-AB5B-91B69FE7B85A}.Release|x86.ActiveCfg = Release|Any CPU
		{F2270784-C153-4B1C-BB04-15CB29F0F945}.Ad-Hoc|Any CPU.ActiveCfg = Release|Any CPU
		{F2270784-C153-4B1C-BB04-15CB29F0F945}.Ad-Hoc|Any CPU.Build.0 = Release|Any CPU
		{F2270784-C153-4B1C-BB04-15CB29F0F945}.Ad-Hoc|ARM.ActiveCfg = Release|Any CPU
		{F2270784-C153-4B1C-BB04-15CB29F0F945}.Ad-Hoc|iPhone.ActiveCfg = Release|Any CPU
		{F2270784-C153-4B1C-BB04-15CB29F0F945}.Ad-Hoc|iPhoneSimulator.ActiveCfg = Release|Any CPU
		{F2270784-C153-4B1C-BB04-15CB29F0F945}.Ad-Hoc|Mixed Platforms.ActiveCfg = Release|Any CPU
		{F2270784-C153-4B1C-BB04-15CB29F0F945}.Ad-Hoc|Mixed Platforms.Build.0 = Release|Any CPU
		{F2270784-C153-4B1C-BB04-15CB29F0F945}.Ad-Hoc|x64.ActiveCfg = Release|Any CPU
		{F2270784-C153-4B1C-BB04-15CB29F0F945}.Ad-Hoc|x86.ActiveCfg = Release|Any CPU
		{F2270784-C153-4B1C-BB04-15CB29F0F945}.AppStore|Any CPU.ActiveCfg = Release|Any CPU
		{F2270784-C153-4B1C-BB04-15CB29F0F945}.AppStore|Any CPU.Build.0 = Release|Any CPU
		{F2270784-C153-4B1C-BB04-15CB29F0F945}.AppStore|ARM.ActiveCfg = Release|Any CPU
		{F2270784-C153-4B1C-BB04-15CB29F0F945}.AppStore|iPhone.ActiveCfg = Release|Any CPU
		{F2270784-C153-4B1C-BB04-15CB29F0F945}.AppStore|iPhoneSimulator.ActiveCfg = Release|Any CPU
		{F2270784-C153-4B1C-BB04-15CB29F0F945}.AppStore|Mixed Platforms.ActiveCfg = Release|Any CPU
		{F2270784-C153-4B1C-BB04-15CB29F0F945}.AppStore|Mixed Platforms.Build.0 = Release|Any CPU
		{F2270784-C153-4B1C-BB04-15CB29F0F945}.AppStore|x64.ActiveCfg = Release|Any CPU
		{F2270784-C153-4B1C-BB04-15CB29F0F945}.AppStore|x86.ActiveCfg = Release|Any CPU
		{F2270784-C153-4B1C-BB04-15CB29F0F945}.Debug|Any CPU.ActiveCfg = Debug|Any CPU
		{F2270784-C153-4B1C-BB04-15CB29F0F945}.Debug|Any CPU.Build.0 = Debug|Any CPU
		{F2270784-C153-4B1C-BB04-15CB29F0F945}.Debug|ARM.ActiveCfg = Debug|Any CPU
		{F2270784-C153-4B1C-BB04-15CB29F0F945}.Debug|iPhone.ActiveCfg = Debug|Any CPU
		{F2270784-C153-4B1C-BB04-15CB29F0F945}.Debug|iPhoneSimulator.ActiveCfg = Debug|Any CPU
		{F2270784-C153-4B1C-BB04-15CB29F0F945}.Debug|Mixed Platforms.ActiveCfg = Debug|Any CPU
		{F2270784-C153-4B1C-BB04-15CB29F0F945}.Debug|Mixed Platforms.Build.0 = Debug|Any CPU
		{F2270784-C153-4B1C-BB04-15CB29F0F945}.Debug|x64.ActiveCfg = Debug|Any CPU
		{F2270784-C153-4B1C-BB04-15CB29F0F945}.Debug|x86.ActiveCfg = Debug|Any CPU
		{F2270784-C153-4B1C-BB04-15CB29F0F945}.Default|Any CPU.ActiveCfg = Debug|Any CPU
		{F2270784-C153-4B1C-BB04-15CB29F0F945}.Default|Any CPU.Build.0 = Debug|Any CPU
		{F2270784-C153-4B1C-BB04-15CB29F0F945}.Default|ARM.ActiveCfg = Debug|Any CPU
		{F2270784-C153-4B1C-BB04-15CB29F0F945}.Default|iPhone.ActiveCfg = Debug|Any CPU
		{F2270784-C153-4B1C-BB04-15CB29F0F945}.Default|iPhoneSimulator.ActiveCfg = Debug|Any CPU
		{F2270784-C153-4B1C-BB04-15CB29F0F945}.Default|Mixed Platforms.ActiveCfg = Debug|Any CPU
		{F2270784-C153-4B1C-BB04-15CB29F0F945}.Default|Mixed Platforms.Build.0 = Debug|Any CPU
		{F2270784-C153-4B1C-BB04-15CB29F0F945}.Default|x64.ActiveCfg = Debug|Any CPU
		{F2270784-C153-4B1C-BB04-15CB29F0F945}.Default|x86.ActiveCfg = Debug|Any CPU
		{F2270784-C153-4B1C-BB04-15CB29F0F945}.Release|Any CPU.ActiveCfg = Release|Any CPU
		{F2270784-C153-4B1C-BB04-15CB29F0F945}.Release|Any CPU.Build.0 = Release|Any CPU
		{F2270784-C153-4B1C-BB04-15CB29F0F945}.Release|ARM.ActiveCfg = Release|Any CPU
		{F2270784-C153-4B1C-BB04-15CB29F0F945}.Release|iPhone.ActiveCfg = Release|Any CPU
		{F2270784-C153-4B1C-BB04-15CB29F0F945}.Release|iPhoneSimulator.ActiveCfg = Release|Any CPU
		{F2270784-C153-4B1C-BB04-15CB29F0F945}.Release|Mixed Platforms.ActiveCfg = Release|Any CPU
		{F2270784-C153-4B1C-BB04-15CB29F0F945}.Release|Mixed Platforms.Build.0 = Release|Any CPU
		{F2270784-C153-4B1C-BB04-15CB29F0F945}.Release|x64.ActiveCfg = Release|Any CPU
		{F2270784-C153-4B1C-BB04-15CB29F0F945}.Release|x86.ActiveCfg = Release|Any CPU
		{80C643D9-C912-41C0-8F9D-9FAF15A79831}.Ad-Hoc|Any CPU.ActiveCfg = Release|Any CPU
		{80C643D9-C912-41C0-8F9D-9FAF15A79831}.Ad-Hoc|Any CPU.Build.0 = Release|Any CPU
		{80C643D9-C912-41C0-8F9D-9FAF15A79831}.Ad-Hoc|ARM.ActiveCfg = Release|ARM
		{80C643D9-C912-41C0-8F9D-9FAF15A79831}.Ad-Hoc|ARM.Build.0 = Release|ARM
		{80C643D9-C912-41C0-8F9D-9FAF15A79831}.Ad-Hoc|iPhone.ActiveCfg = Release|Any CPU
		{80C643D9-C912-41C0-8F9D-9FAF15A79831}.Ad-Hoc|iPhoneSimulator.ActiveCfg = Release|Any CPU
		{80C643D9-C912-41C0-8F9D-9FAF15A79831}.Ad-Hoc|Mixed Platforms.ActiveCfg = Release|x86
		{80C643D9-C912-41C0-8F9D-9FAF15A79831}.Ad-Hoc|Mixed Platforms.Build.0 = Release|x86
		{80C643D9-C912-41C0-8F9D-9FAF15A79831}.Ad-Hoc|x64.ActiveCfg = Release|Any CPU
		{80C643D9-C912-41C0-8F9D-9FAF15A79831}.Ad-Hoc|x86.ActiveCfg = Release|x86
		{80C643D9-C912-41C0-8F9D-9FAF15A79831}.Ad-Hoc|x86.Build.0 = Release|x86
		{80C643D9-C912-41C0-8F9D-9FAF15A79831}.AppStore|Any CPU.ActiveCfg = Release|Any CPU
		{80C643D9-C912-41C0-8F9D-9FAF15A79831}.AppStore|Any CPU.Build.0 = Release|Any CPU
		{80C643D9-C912-41C0-8F9D-9FAF15A79831}.AppStore|ARM.ActiveCfg = Release|ARM
		{80C643D9-C912-41C0-8F9D-9FAF15A79831}.AppStore|ARM.Build.0 = Release|ARM
		{80C643D9-C912-41C0-8F9D-9FAF15A79831}.AppStore|iPhone.ActiveCfg = Release|Any CPU
		{80C643D9-C912-41C0-8F9D-9FAF15A79831}.AppStore|iPhoneSimulator.ActiveCfg = Release|Any CPU
		{80C643D9-C912-41C0-8F9D-9FAF15A79831}.AppStore|Mixed Platforms.ActiveCfg = Release|x86
		{80C643D9-C912-41C0-8F9D-9FAF15A79831}.AppStore|Mixed Platforms.Build.0 = Release|x86
		{80C643D9-C912-41C0-8F9D-9FAF15A79831}.AppStore|x64.ActiveCfg = Release|Any CPU
		{80C643D9-C912-41C0-8F9D-9FAF15A79831}.AppStore|x86.ActiveCfg = Release|x86
		{80C643D9-C912-41C0-8F9D-9FAF15A79831}.AppStore|x86.Build.0 = Release|x86
		{80C643D9-C912-41C0-8F9D-9FAF15A79831}.Debug|Any CPU.ActiveCfg = Debug|Any CPU
		{80C643D9-C912-41C0-8F9D-9FAF15A79831}.Debug|Any CPU.Build.0 = Debug|Any CPU
		{80C643D9-C912-41C0-8F9D-9FAF15A79831}.Debug|ARM.ActiveCfg = Debug|ARM
		{80C643D9-C912-41C0-8F9D-9FAF15A79831}.Debug|ARM.Build.0 = Debug|ARM
		{80C643D9-C912-41C0-8F9D-9FAF15A79831}.Debug|iPhone.ActiveCfg = Debug|Any CPU
		{80C643D9-C912-41C0-8F9D-9FAF15A79831}.Debug|iPhoneSimulator.ActiveCfg = Debug|Any CPU
		{80C643D9-C912-41C0-8F9D-9FAF15A79831}.Debug|Mixed Platforms.ActiveCfg = Debug|x86
		{80C643D9-C912-41C0-8F9D-9FAF15A79831}.Debug|Mixed Platforms.Build.0 = Debug|x86
		{80C643D9-C912-41C0-8F9D-9FAF15A79831}.Debug|x64.ActiveCfg = Debug|Any CPU
		{80C643D9-C912-41C0-8F9D-9FAF15A79831}.Debug|x86.ActiveCfg = Debug|x86
		{80C643D9-C912-41C0-8F9D-9FAF15A79831}.Debug|x86.Build.0 = Debug|x86
		{80C643D9-C912-41C0-8F9D-9FAF15A79831}.Default|Any CPU.ActiveCfg = Debug|Any CPU
		{80C643D9-C912-41C0-8F9D-9FAF15A79831}.Default|Any CPU.Build.0 = Debug|Any CPU
		{80C643D9-C912-41C0-8F9D-9FAF15A79831}.Default|ARM.ActiveCfg = Debug|ARM
		{80C643D9-C912-41C0-8F9D-9FAF15A79831}.Default|ARM.Build.0 = Debug|ARM
		{80C643D9-C912-41C0-8F9D-9FAF15A79831}.Default|iPhone.ActiveCfg = Debug|Any CPU
		{80C643D9-C912-41C0-8F9D-9FAF15A79831}.Default|iPhoneSimulator.ActiveCfg = Debug|Any CPU
		{80C643D9-C912-41C0-8F9D-9FAF15A79831}.Default|Mixed Platforms.ActiveCfg = Debug|x86
		{80C643D9-C912-41C0-8F9D-9FAF15A79831}.Default|Mixed Platforms.Build.0 = Debug|x86
		{80C643D9-C912-41C0-8F9D-9FAF15A79831}.Default|x64.ActiveCfg = Debug|Any CPU
		{80C643D9-C912-41C0-8F9D-9FAF15A79831}.Default|x86.ActiveCfg = Debug|x86
		{80C643D9-C912-41C0-8F9D-9FAF15A79831}.Default|x86.Build.0 = Debug|x86
		{80C643D9-C912-41C0-8F9D-9FAF15A79831}.Release|Any CPU.ActiveCfg = Release|Any CPU
		{80C643D9-C912-41C0-8F9D-9FAF15A79831}.Release|Any CPU.Build.0 = Release|Any CPU
		{80C643D9-C912-41C0-8F9D-9FAF15A79831}.Release|ARM.ActiveCfg = Release|ARM
		{80C643D9-C912-41C0-8F9D-9FAF15A79831}.Release|ARM.Build.0 = Release|ARM
		{80C643D9-C912-41C0-8F9D-9FAF15A79831}.Release|iPhone.ActiveCfg = Release|Any CPU
		{80C643D9-C912-41C0-8F9D-9FAF15A79831}.Release|iPhoneSimulator.ActiveCfg = Release|Any CPU
		{80C643D9-C912-41C0-8F9D-9FAF15A79831}.Release|Mixed Platforms.ActiveCfg = Release|x86
		{80C643D9-C912-41C0-8F9D-9FAF15A79831}.Release|Mixed Platforms.Build.0 = Release|x86
		{80C643D9-C912-41C0-8F9D-9FAF15A79831}.Release|x64.ActiveCfg = Release|Any CPU
		{80C643D9-C912-41C0-8F9D-9FAF15A79831}.Release|x86.ActiveCfg = Release|x86
		{80C643D9-C912-41C0-8F9D-9FAF15A79831}.Release|x86.Build.0 = Release|x86
		{3EB564D3-C79C-440C-A359-37B9D4E8B894}.Ad-Hoc|Any CPU.ActiveCfg = Release|Any CPU
		{3EB564D3-C79C-440C-A359-37B9D4E8B894}.Ad-Hoc|Any CPU.Build.0 = Release|Any CPU
		{3EB564D3-C79C-440C-A359-37B9D4E8B894}.Ad-Hoc|Any CPU.Deploy.0 = Release|Any CPU
		{3EB564D3-C79C-440C-A359-37B9D4E8B894}.Ad-Hoc|ARM.ActiveCfg = Release|ARM
		{3EB564D3-C79C-440C-A359-37B9D4E8B894}.Ad-Hoc|ARM.Build.0 = Release|ARM
		{3EB564D3-C79C-440C-A359-37B9D4E8B894}.Ad-Hoc|ARM.Deploy.0 = Release|ARM
		{3EB564D3-C79C-440C-A359-37B9D4E8B894}.Ad-Hoc|iPhone.ActiveCfg = Release|Any CPU
		{3EB564D3-C79C-440C-A359-37B9D4E8B894}.Ad-Hoc|iPhoneSimulator.ActiveCfg = Release|Any CPU
		{3EB564D3-C79C-440C-A359-37B9D4E8B894}.Ad-Hoc|Mixed Platforms.ActiveCfg = Release|x86
		{3EB564D3-C79C-440C-A359-37B9D4E8B894}.Ad-Hoc|Mixed Platforms.Build.0 = Release|x86
		{3EB564D3-C79C-440C-A359-37B9D4E8B894}.Ad-Hoc|Mixed Platforms.Deploy.0 = Release|x86
		{3EB564D3-C79C-440C-A359-37B9D4E8B894}.Ad-Hoc|x64.ActiveCfg = Release|x64
		{3EB564D3-C79C-440C-A359-37B9D4E8B894}.Ad-Hoc|x64.Build.0 = Release|x64
		{3EB564D3-C79C-440C-A359-37B9D4E8B894}.Ad-Hoc|x64.Deploy.0 = Release|x64
		{3EB564D3-C79C-440C-A359-37B9D4E8B894}.Ad-Hoc|x86.ActiveCfg = Release|x86
		{3EB564D3-C79C-440C-A359-37B9D4E8B894}.Ad-Hoc|x86.Build.0 = Release|x86
		{3EB564D3-C79C-440C-A359-37B9D4E8B894}.Ad-Hoc|x86.Deploy.0 = Release|x86
		{3EB564D3-C79C-440C-A359-37B9D4E8B894}.AppStore|Any CPU.ActiveCfg = Release|Any CPU
		{3EB564D3-C79C-440C-A359-37B9D4E8B894}.AppStore|Any CPU.Build.0 = Release|Any CPU
		{3EB564D3-C79C-440C-A359-37B9D4E8B894}.AppStore|Any CPU.Deploy.0 = Release|Any CPU
		{3EB564D3-C79C-440C-A359-37B9D4E8B894}.AppStore|ARM.ActiveCfg = Release|ARM
		{3EB564D3-C79C-440C-A359-37B9D4E8B894}.AppStore|ARM.Build.0 = Release|ARM
		{3EB564D3-C79C-440C-A359-37B9D4E8B894}.AppStore|ARM.Deploy.0 = Release|ARM
		{3EB564D3-C79C-440C-A359-37B9D4E8B894}.AppStore|iPhone.ActiveCfg = Release|Any CPU
		{3EB564D3-C79C-440C-A359-37B9D4E8B894}.AppStore|iPhoneSimulator.ActiveCfg = Release|Any CPU
		{3EB564D3-C79C-440C-A359-37B9D4E8B894}.AppStore|Mixed Platforms.ActiveCfg = Release|x86
		{3EB564D3-C79C-440C-A359-37B9D4E8B894}.AppStore|Mixed Platforms.Build.0 = Release|x86
		{3EB564D3-C79C-440C-A359-37B9D4E8B894}.AppStore|Mixed Platforms.Deploy.0 = Release|x86
		{3EB564D3-C79C-440C-A359-37B9D4E8B894}.AppStore|x64.ActiveCfg = Release|x64
		{3EB564D3-C79C-440C-A359-37B9D4E8B894}.AppStore|x64.Build.0 = Release|x64
		{3EB564D3-C79C-440C-A359-37B9D4E8B894}.AppStore|x64.Deploy.0 = Release|x64
		{3EB564D3-C79C-440C-A359-37B9D4E8B894}.AppStore|x86.ActiveCfg = Release|x86
		{3EB564D3-C79C-440C-A359-37B9D4E8B894}.AppStore|x86.Build.0 = Release|x86
		{3EB564D3-C79C-440C-A359-37B9D4E8B894}.AppStore|x86.Deploy.0 = Release|x86
		{3EB564D3-C79C-440C-A359-37B9D4E8B894}.Debug|Any CPU.ActiveCfg = Debug|Any CPU
		{3EB564D3-C79C-440C-A359-37B9D4E8B894}.Debug|Any CPU.Build.0 = Debug|Any CPU
		{3EB564D3-C79C-440C-A359-37B9D4E8B894}.Debug|Any CPU.Deploy.0 = Debug|Any CPU
		{3EB564D3-C79C-440C-A359-37B9D4E8B894}.Debug|ARM.ActiveCfg = Debug|ARM
		{3EB564D3-C79C-440C-A359-37B9D4E8B894}.Debug|ARM.Build.0 = Debug|ARM
		{3EB564D3-C79C-440C-A359-37B9D4E8B894}.Debug|ARM.Deploy.0 = Debug|ARM
		{3EB564D3-C79C-440C-A359-37B9D4E8B894}.Debug|iPhone.ActiveCfg = Debug|Any CPU
		{3EB564D3-C79C-440C-A359-37B9D4E8B894}.Debug|iPhoneSimulator.ActiveCfg = Debug|Any CPU
		{3EB564D3-C79C-440C-A359-37B9D4E8B894}.Debug|Mixed Platforms.ActiveCfg = Debug|x86
		{3EB564D3-C79C-440C-A359-37B9D4E8B894}.Debug|Mixed Platforms.Build.0 = Debug|x86
		{3EB564D3-C79C-440C-A359-37B9D4E8B894}.Debug|Mixed Platforms.Deploy.0 = Debug|x86
		{3EB564D3-C79C-440C-A359-37B9D4E8B894}.Debug|x64.ActiveCfg = Debug|x64
		{3EB564D3-C79C-440C-A359-37B9D4E8B894}.Debug|x64.Build.0 = Debug|x64
		{3EB564D3-C79C-440C-A359-37B9D4E8B894}.Debug|x64.Deploy.0 = Debug|x64
		{3EB564D3-C79C-440C-A359-37B9D4E8B894}.Debug|x86.ActiveCfg = Debug|x86
		{3EB564D3-C79C-440C-A359-37B9D4E8B894}.Debug|x86.Build.0 = Debug|x86
		{3EB564D3-C79C-440C-A359-37B9D4E8B894}.Debug|x86.Deploy.0 = Debug|x86
		{3EB564D3-C79C-440C-A359-37B9D4E8B894}.Default|Any CPU.ActiveCfg = Debug|Any CPU
		{3EB564D3-C79C-440C-A359-37B9D4E8B894}.Default|Any CPU.Build.0 = Debug|Any CPU
		{3EB564D3-C79C-440C-A359-37B9D4E8B894}.Default|Any CPU.Deploy.0 = Debug|Any CPU
		{3EB564D3-C79C-440C-A359-37B9D4E8B894}.Default|ARM.ActiveCfg = Debug|ARM
		{3EB564D3-C79C-440C-A359-37B9D4E8B894}.Default|ARM.Build.0 = Debug|ARM
		{3EB564D3-C79C-440C-A359-37B9D4E8B894}.Default|ARM.Deploy.0 = Debug|ARM
		{3EB564D3-C79C-440C-A359-37B9D4E8B894}.Default|iPhone.ActiveCfg = Debug|Any CPU
		{3EB564D3-C79C-440C-A359-37B9D4E8B894}.Default|iPhoneSimulator.ActiveCfg = Debug|Any CPU
		{3EB564D3-C79C-440C-A359-37B9D4E8B894}.Default|Mixed Platforms.ActiveCfg = Debug|x86
		{3EB564D3-C79C-440C-A359-37B9D4E8B894}.Default|Mixed Platforms.Build.0 = Debug|x86
		{3EB564D3-C79C-440C-A359-37B9D4E8B894}.Default|Mixed Platforms.Deploy.0 = Debug|x86
		{3EB564D3-C79C-440C-A359-37B9D4E8B894}.Default|x64.ActiveCfg = Debug|x64
		{3EB564D3-C79C-440C-A359-37B9D4E8B894}.Default|x64.Build.0 = Debug|x64
		{3EB564D3-C79C-440C-A359-37B9D4E8B894}.Default|x64.Deploy.0 = Debug|x64
		{3EB564D3-C79C-440C-A359-37B9D4E8B894}.Default|x86.ActiveCfg = Debug|x86
		{3EB564D3-C79C-440C-A359-37B9D4E8B894}.Default|x86.Build.0 = Debug|x86
		{3EB564D3-C79C-440C-A359-37B9D4E8B894}.Default|x86.Deploy.0 = Debug|x86
		{3EB564D3-C79C-440C-A359-37B9D4E8B894}.Release|Any CPU.ActiveCfg = Release|Any CPU
		{3EB564D3-C79C-440C-A359-37B9D4E8B894}.Release|Any CPU.Build.0 = Release|Any CPU
		{3EB564D3-C79C-440C-A359-37B9D4E8B894}.Release|Any CPU.Deploy.0 = Release|Any CPU
		{3EB564D3-C79C-440C-A359-37B9D4E8B894}.Release|ARM.ActiveCfg = Release|ARM
		{3EB564D3-C79C-440C-A359-37B9D4E8B894}.Release|ARM.Build.0 = Release|ARM
		{3EB564D3-C79C-440C-A359-37B9D4E8B894}.Release|ARM.Deploy.0 = Release|ARM
		{3EB564D3-C79C-440C-A359-37B9D4E8B894}.Release|iPhone.ActiveCfg = Release|Any CPU
		{3EB564D3-C79C-440C-A359-37B9D4E8B894}.Release|iPhoneSimulator.ActiveCfg = Release|Any CPU
		{3EB564D3-C79C-440C-A359-37B9D4E8B894}.Release|Mixed Platforms.ActiveCfg = Release|x86
		{3EB564D3-C79C-440C-A359-37B9D4E8B894}.Release|Mixed Platforms.Build.0 = Release|x86
		{3EB564D3-C79C-440C-A359-37B9D4E8B894}.Release|Mixed Platforms.Deploy.0 = Release|x86
		{3EB564D3-C79C-440C-A359-37B9D4E8B894}.Release|x64.ActiveCfg = Release|x64
		{3EB564D3-C79C-440C-A359-37B9D4E8B894}.Release|x64.Build.0 = Release|x64
		{3EB564D3-C79C-440C-A359-37B9D4E8B894}.Release|x64.Deploy.0 = Release|x64
		{3EB564D3-C79C-440C-A359-37B9D4E8B894}.Release|x86.ActiveCfg = Release|x86
		{3EB564D3-C79C-440C-A359-37B9D4E8B894}.Release|x86.Build.0 = Release|x86
		{3EB564D3-C79C-440C-A359-37B9D4E8B894}.Release|x86.Deploy.0 = Release|x86
		{2AB74840-32C8-4E07-923E-C9D6A09F81B2}.Ad-Hoc|Any CPU.ActiveCfg = Release|Any CPU
		{2AB74840-32C8-4E07-923E-C9D6A09F81B2}.Ad-Hoc|Any CPU.Build.0 = Release|Any CPU
		{2AB74840-32C8-4E07-923E-C9D6A09F81B2}.Ad-Hoc|ARM.ActiveCfg = Release|Any CPU
		{2AB74840-32C8-4E07-923E-C9D6A09F81B2}.Ad-Hoc|iPhone.ActiveCfg = Release|Any CPU
		{2AB74840-32C8-4E07-923E-C9D6A09F81B2}.Ad-Hoc|iPhoneSimulator.ActiveCfg = Release|Any CPU
		{2AB74840-32C8-4E07-923E-C9D6A09F81B2}.Ad-Hoc|Mixed Platforms.ActiveCfg = Release|Any CPU
		{2AB74840-32C8-4E07-923E-C9D6A09F81B2}.Ad-Hoc|Mixed Platforms.Build.0 = Release|Any CPU
		{2AB74840-32C8-4E07-923E-C9D6A09F81B2}.Ad-Hoc|x64.ActiveCfg = Release|Any CPU
		{2AB74840-32C8-4E07-923E-C9D6A09F81B2}.Ad-Hoc|x86.ActiveCfg = Release|Any CPU
		{2AB74840-32C8-4E07-923E-C9D6A09F81B2}.AppStore|Any CPU.ActiveCfg = Release|Any CPU
		{2AB74840-32C8-4E07-923E-C9D6A09F81B2}.AppStore|Any CPU.Build.0 = Release|Any CPU
		{2AB74840-32C8-4E07-923E-C9D6A09F81B2}.AppStore|ARM.ActiveCfg = Release|Any CPU
		{2AB74840-32C8-4E07-923E-C9D6A09F81B2}.AppStore|iPhone.ActiveCfg = Release|Any CPU
		{2AB74840-32C8-4E07-923E-C9D6A09F81B2}.AppStore|iPhoneSimulator.ActiveCfg = Release|Any CPU
		{2AB74840-32C8-4E07-923E-C9D6A09F81B2}.AppStore|Mixed Platforms.ActiveCfg = Release|Any CPU
		{2AB74840-32C8-4E07-923E-C9D6A09F81B2}.AppStore|Mixed Platforms.Build.0 = Release|Any CPU
		{2AB74840-32C8-4E07-923E-C9D6A09F81B2}.AppStore|x64.ActiveCfg = Release|Any CPU
		{2AB74840-32C8-4E07-923E-C9D6A09F81B2}.AppStore|x86.ActiveCfg = Release|Any CPU
		{2AB74840-32C8-4E07-923E-C9D6A09F81B2}.Debug|Any CPU.ActiveCfg = Debug|Any CPU
		{2AB74840-32C8-4E07-923E-C9D6A09F81B2}.Debug|Any CPU.Build.0 = Debug|Any CPU
		{2AB74840-32C8-4E07-923E-C9D6A09F81B2}.Debug|ARM.ActiveCfg = Debug|Any CPU
		{2AB74840-32C8-4E07-923E-C9D6A09F81B2}.Debug|ARM.Build.0 = Debug|Any CPU
		{2AB74840-32C8-4E07-923E-C9D6A09F81B2}.Debug|iPhone.ActiveCfg = Debug|Any CPU
		{2AB74840-32C8-4E07-923E-C9D6A09F81B2}.Debug|iPhoneSimulator.ActiveCfg = Debug|Any CPU
		{2AB74840-32C8-4E07-923E-C9D6A09F81B2}.Debug|Mixed Platforms.ActiveCfg = Debug|Any CPU
		{2AB74840-32C8-4E07-923E-C9D6A09F81B2}.Debug|Mixed Platforms.Build.0 = Debug|Any CPU
		{2AB74840-32C8-4E07-923E-C9D6A09F81B2}.Debug|x64.ActiveCfg = Debug|Any CPU
		{2AB74840-32C8-4E07-923E-C9D6A09F81B2}.Debug|x64.Build.0 = Debug|Any CPU
		{2AB74840-32C8-4E07-923E-C9D6A09F81B2}.Debug|x86.ActiveCfg = Debug|Any CPU
		{2AB74840-32C8-4E07-923E-C9D6A09F81B2}.Debug|x86.Build.0 = Debug|Any CPU
		{2AB74840-32C8-4E07-923E-C9D6A09F81B2}.Default|Any CPU.ActiveCfg = Debug|Any CPU
		{2AB74840-32C8-4E07-923E-C9D6A09F81B2}.Default|Any CPU.Build.0 = Debug|Any CPU
		{2AB74840-32C8-4E07-923E-C9D6A09F81B2}.Default|ARM.ActiveCfg = Debug|Any CPU
		{2AB74840-32C8-4E07-923E-C9D6A09F81B2}.Default|ARM.Build.0 = Debug|Any CPU
		{2AB74840-32C8-4E07-923E-C9D6A09F81B2}.Default|iPhone.ActiveCfg = Debug|Any CPU
		{2AB74840-32C8-4E07-923E-C9D6A09F81B2}.Default|iPhoneSimulator.ActiveCfg = Debug|Any CPU
		{2AB74840-32C8-4E07-923E-C9D6A09F81B2}.Default|Mixed Platforms.ActiveCfg = Debug|Any CPU
		{2AB74840-32C8-4E07-923E-C9D6A09F81B2}.Default|Mixed Platforms.Build.0 = Debug|Any CPU
		{2AB74840-32C8-4E07-923E-C9D6A09F81B2}.Default|x64.ActiveCfg = Debug|Any CPU
		{2AB74840-32C8-4E07-923E-C9D6A09F81B2}.Default|x64.Build.0 = Debug|Any CPU
		{2AB74840-32C8-4E07-923E-C9D6A09F81B2}.Default|x86.ActiveCfg = Debug|Any CPU
		{2AB74840-32C8-4E07-923E-C9D6A09F81B2}.Default|x86.Build.0 = Debug|Any CPU
		{2AB74840-32C8-4E07-923E-C9D6A09F81B2}.Release|Any CPU.ActiveCfg = Release|Any CPU
		{2AB74840-32C8-4E07-923E-C9D6A09F81B2}.Release|Any CPU.Build.0 = Release|Any CPU
		{2AB74840-32C8-4E07-923E-C9D6A09F81B2}.Release|ARM.ActiveCfg = Release|Any CPU
		{2AB74840-32C8-4E07-923E-C9D6A09F81B2}.Release|ARM.Build.0 = Release|Any CPU
		{2AB74840-32C8-4E07-923E-C9D6A09F81B2}.Release|iPhone.ActiveCfg = Release|Any CPU
		{2AB74840-32C8-4E07-923E-C9D6A09F81B2}.Release|iPhoneSimulator.ActiveCfg = Release|Any CPU
		{2AB74840-32C8-4E07-923E-C9D6A09F81B2}.Release|Mixed Platforms.ActiveCfg = Release|Any CPU
		{2AB74840-32C8-4E07-923E-C9D6A09F81B2}.Release|Mixed Platforms.Build.0 = Release|Any CPU
		{2AB74840-32C8-4E07-923E-C9D6A09F81B2}.Release|x64.ActiveCfg = Release|Any CPU
		{2AB74840-32C8-4E07-923E-C9D6A09F81B2}.Release|x64.Build.0 = Release|Any CPU
		{2AB74840-32C8-4E07-923E-C9D6A09F81B2}.Release|x86.ActiveCfg = Release|Any CPU
		{2AB74840-32C8-4E07-923E-C9D6A09F81B2}.Release|x86.Build.0 = Release|Any CPU
		{54A9A715-0FCD-4767-BEA8-36F8D26994C0}.Ad-Hoc|Any CPU.ActiveCfg = Release|Any CPU
		{54A9A715-0FCD-4767-BEA8-36F8D26994C0}.Ad-Hoc|Any CPU.Build.0 = Release|Any CPU
		{54A9A715-0FCD-4767-BEA8-36F8D26994C0}.Ad-Hoc|Any CPU.Deploy.0 = Release|Any CPU
		{54A9A715-0FCD-4767-BEA8-36F8D26994C0}.Ad-Hoc|ARM.ActiveCfg = Release|Any CPU
		{54A9A715-0FCD-4767-BEA8-36F8D26994C0}.Ad-Hoc|iPhone.ActiveCfg = Release|Any CPU
		{54A9A715-0FCD-4767-BEA8-36F8D26994C0}.Ad-Hoc|iPhoneSimulator.ActiveCfg = Release|Any CPU
		{54A9A715-0FCD-4767-BEA8-36F8D26994C0}.Ad-Hoc|Mixed Platforms.ActiveCfg = Release|Any CPU
		{54A9A715-0FCD-4767-BEA8-36F8D26994C0}.Ad-Hoc|Mixed Platforms.Build.0 = Release|Any CPU
		{54A9A715-0FCD-4767-BEA8-36F8D26994C0}.Ad-Hoc|Mixed Platforms.Deploy.0 = Release|Any CPU
		{54A9A715-0FCD-4767-BEA8-36F8D26994C0}.Ad-Hoc|x64.ActiveCfg = Release|Any CPU
		{54A9A715-0FCD-4767-BEA8-36F8D26994C0}.Ad-Hoc|x86.ActiveCfg = Release|Any CPU
		{54A9A715-0FCD-4767-BEA8-36F8D26994C0}.AppStore|Any CPU.ActiveCfg = Release|Any CPU
		{54A9A715-0FCD-4767-BEA8-36F8D26994C0}.AppStore|Any CPU.Build.0 = Release|Any CPU
		{54A9A715-0FCD-4767-BEA8-36F8D26994C0}.AppStore|Any CPU.Deploy.0 = Release|Any CPU
		{54A9A715-0FCD-4767-BEA8-36F8D26994C0}.AppStore|ARM.ActiveCfg = Release|Any CPU
		{54A9A715-0FCD-4767-BEA8-36F8D26994C0}.AppStore|iPhone.ActiveCfg = Release|Any CPU
		{54A9A715-0FCD-4767-BEA8-36F8D26994C0}.AppStore|iPhoneSimulator.ActiveCfg = Release|Any CPU
		{54A9A715-0FCD-4767-BEA8-36F8D26994C0}.AppStore|Mixed Platforms.ActiveCfg = Release|Any CPU
		{54A9A715-0FCD-4767-BEA8-36F8D26994C0}.AppStore|Mixed Platforms.Build.0 = Release|Any CPU
		{54A9A715-0FCD-4767-BEA8-36F8D26994C0}.AppStore|Mixed Platforms.Deploy.0 = Release|Any CPU
		{54A9A715-0FCD-4767-BEA8-36F8D26994C0}.AppStore|x64.ActiveCfg = Release|Any CPU
		{54A9A715-0FCD-4767-BEA8-36F8D26994C0}.AppStore|x86.ActiveCfg = Release|Any CPU
		{54A9A715-0FCD-4767-BEA8-36F8D26994C0}.Debug|Any CPU.ActiveCfg = Debug|Any CPU
		{54A9A715-0FCD-4767-BEA8-36F8D26994C0}.Debug|Any CPU.Build.0 = Debug|Any CPU
		{54A9A715-0FCD-4767-BEA8-36F8D26994C0}.Debug|ARM.ActiveCfg = Debug|Any CPU
		{54A9A715-0FCD-4767-BEA8-36F8D26994C0}.Debug|ARM.Build.0 = Debug|Any CPU
		{54A9A715-0FCD-4767-BEA8-36F8D26994C0}.Debug|iPhone.ActiveCfg = Debug|Any CPU
		{54A9A715-0FCD-4767-BEA8-36F8D26994C0}.Debug|iPhoneSimulator.ActiveCfg = Debug|Any CPU
		{54A9A715-0FCD-4767-BEA8-36F8D26994C0}.Debug|Mixed Platforms.ActiveCfg = Debug|Any CPU
		{54A9A715-0FCD-4767-BEA8-36F8D26994C0}.Debug|Mixed Platforms.Build.0 = Debug|Any CPU
		{54A9A715-0FCD-4767-BEA8-36F8D26994C0}.Debug|Mixed Platforms.Deploy.0 = Debug|Any CPU
		{54A9A715-0FCD-4767-BEA8-36F8D26994C0}.Debug|x64.ActiveCfg = Debug|Any CPU
		{54A9A715-0FCD-4767-BEA8-36F8D26994C0}.Debug|x64.Build.0 = Debug|Any CPU
		{54A9A715-0FCD-4767-BEA8-36F8D26994C0}.Debug|x86.ActiveCfg = Debug|Any CPU
		{54A9A715-0FCD-4767-BEA8-36F8D26994C0}.Debug|x86.Build.0 = Debug|Any CPU
		{54A9A715-0FCD-4767-BEA8-36F8D26994C0}.Default|Any CPU.ActiveCfg = Debug|Any CPU
		{54A9A715-0FCD-4767-BEA8-36F8D26994C0}.Default|Any CPU.Build.0 = Debug|Any CPU
		{54A9A715-0FCD-4767-BEA8-36F8D26994C0}.Default|ARM.ActiveCfg = Debug|Any CPU
		{54A9A715-0FCD-4767-BEA8-36F8D26994C0}.Default|ARM.Build.0 = Debug|Any CPU
		{54A9A715-0FCD-4767-BEA8-36F8D26994C0}.Default|iPhone.ActiveCfg = Debug|Any CPU
		{54A9A715-0FCD-4767-BEA8-36F8D26994C0}.Default|iPhoneSimulator.ActiveCfg = Debug|Any CPU
		{54A9A715-0FCD-4767-BEA8-36F8D26994C0}.Default|Mixed Platforms.ActiveCfg = Debug|Any CPU
		{54A9A715-0FCD-4767-BEA8-36F8D26994C0}.Default|Mixed Platforms.Build.0 = Debug|Any CPU
		{54A9A715-0FCD-4767-BEA8-36F8D26994C0}.Default|Mixed Platforms.Deploy.0 = Debug|Any CPU
		{54A9A715-0FCD-4767-BEA8-36F8D26994C0}.Default|x64.ActiveCfg = Debug|Any CPU
		{54A9A715-0FCD-4767-BEA8-36F8D26994C0}.Default|x64.Build.0 = Debug|Any CPU
		{54A9A715-0FCD-4767-BEA8-36F8D26994C0}.Default|x86.ActiveCfg = Debug|Any CPU
		{54A9A715-0FCD-4767-BEA8-36F8D26994C0}.Default|x86.Build.0 = Debug|Any CPU
		{54A9A715-0FCD-4767-BEA8-36F8D26994C0}.Release|Any CPU.ActiveCfg = Release|Any CPU
		{54A9A715-0FCD-4767-BEA8-36F8D26994C0}.Release|Any CPU.Build.0 = Release|Any CPU
		{54A9A715-0FCD-4767-BEA8-36F8D26994C0}.Release|ARM.ActiveCfg = Release|Any CPU
		{54A9A715-0FCD-4767-BEA8-36F8D26994C0}.Release|ARM.Build.0 = Release|Any CPU
		{54A9A715-0FCD-4767-BEA8-36F8D26994C0}.Release|iPhone.ActiveCfg = Release|Any CPU
		{54A9A715-0FCD-4767-BEA8-36F8D26994C0}.Release|iPhoneSimulator.ActiveCfg = Release|Any CPU
		{54A9A715-0FCD-4767-BEA8-36F8D26994C0}.Release|Mixed Platforms.ActiveCfg = Release|Any CPU
		{54A9A715-0FCD-4767-BEA8-36F8D26994C0}.Release|Mixed Platforms.Build.0 = Release|Any CPU
		{54A9A715-0FCD-4767-BEA8-36F8D26994C0}.Release|Mixed Platforms.Deploy.0 = Release|Any CPU
		{54A9A715-0FCD-4767-BEA8-36F8D26994C0}.Release|x64.ActiveCfg = Release|Any CPU
		{54A9A715-0FCD-4767-BEA8-36F8D26994C0}.Release|x64.Build.0 = Release|Any CPU
		{54A9A715-0FCD-4767-BEA8-36F8D26994C0}.Release|x86.ActiveCfg = Release|Any CPU
		{54A9A715-0FCD-4767-BEA8-36F8D26994C0}.Release|x86.Build.0 = Release|Any CPU
		{A5BD4A19-9E5D-4BC8-96BE-180734555915}.Ad-Hoc|Any CPU.ActiveCfg = Ad-Hoc|iPhone
		{A5BD4A19-9E5D-4BC8-96BE-180734555915}.Ad-Hoc|ARM.ActiveCfg = Ad-Hoc|iPhone
		{A5BD4A19-9E5D-4BC8-96BE-180734555915}.Ad-Hoc|iPhone.ActiveCfg = Ad-Hoc|iPhone
		{A5BD4A19-9E5D-4BC8-96BE-180734555915}.Ad-Hoc|iPhone.Build.0 = Ad-Hoc|iPhone
		{A5BD4A19-9E5D-4BC8-96BE-180734555915}.Ad-Hoc|iPhoneSimulator.ActiveCfg = Ad-Hoc|iPhoneSimulator
		{A5BD4A19-9E5D-4BC8-96BE-180734555915}.Ad-Hoc|iPhoneSimulator.Build.0 = Ad-Hoc|iPhoneSimulator
		{A5BD4A19-9E5D-4BC8-96BE-180734555915}.Ad-Hoc|Mixed Platforms.ActiveCfg = Ad-Hoc|iPhone
		{A5BD4A19-9E5D-4BC8-96BE-180734555915}.Ad-Hoc|Mixed Platforms.Build.0 = Ad-Hoc|iPhone
		{A5BD4A19-9E5D-4BC8-96BE-180734555915}.Ad-Hoc|x64.ActiveCfg = Ad-Hoc|iPhone
		{A5BD4A19-9E5D-4BC8-96BE-180734555915}.Ad-Hoc|x86.ActiveCfg = Ad-Hoc|iPhone
		{A5BD4A19-9E5D-4BC8-96BE-180734555915}.AppStore|Any CPU.ActiveCfg = AppStore|iPhone
		{A5BD4A19-9E5D-4BC8-96BE-180734555915}.AppStore|ARM.ActiveCfg = AppStore|iPhone
		{A5BD4A19-9E5D-4BC8-96BE-180734555915}.AppStore|iPhone.ActiveCfg = AppStore|iPhone
		{A5BD4A19-9E5D-4BC8-96BE-180734555915}.AppStore|iPhone.Build.0 = AppStore|iPhone
		{A5BD4A19-9E5D-4BC8-96BE-180734555915}.AppStore|iPhoneSimulator.ActiveCfg = AppStore|iPhoneSimulator
		{A5BD4A19-9E5D-4BC8-96BE-180734555915}.AppStore|iPhoneSimulator.Build.0 = AppStore|iPhoneSimulator
		{A5BD4A19-9E5D-4BC8-96BE-180734555915}.AppStore|Mixed Platforms.ActiveCfg = AppStore|iPhone
		{A5BD4A19-9E5D-4BC8-96BE-180734555915}.AppStore|Mixed Platforms.Build.0 = AppStore|iPhone
		{A5BD4A19-9E5D-4BC8-96BE-180734555915}.AppStore|x64.ActiveCfg = AppStore|iPhone
		{A5BD4A19-9E5D-4BC8-96BE-180734555915}.AppStore|x86.ActiveCfg = AppStore|iPhone
		{A5BD4A19-9E5D-4BC8-96BE-180734555915}.Debug|Any CPU.ActiveCfg = Debug|iPhone
		{A5BD4A19-9E5D-4BC8-96BE-180734555915}.Debug|ARM.ActiveCfg = Debug|iPhone
		{A5BD4A19-9E5D-4BC8-96BE-180734555915}.Debug|iPhone.ActiveCfg = Debug|iPhone
		{A5BD4A19-9E5D-4BC8-96BE-180734555915}.Debug|iPhone.Build.0 = Debug|iPhone
		{A5BD4A19-9E5D-4BC8-96BE-180734555915}.Debug|iPhoneSimulator.ActiveCfg = Debug|iPhoneSimulator
		{A5BD4A19-9E5D-4BC8-96BE-180734555915}.Debug|iPhoneSimulator.Build.0 = Debug|iPhoneSimulator
		{A5BD4A19-9E5D-4BC8-96BE-180734555915}.Debug|Mixed Platforms.ActiveCfg = Debug|iPhone
		{A5BD4A19-9E5D-4BC8-96BE-180734555915}.Debug|Mixed Platforms.Build.0 = Debug|iPhone
		{A5BD4A19-9E5D-4BC8-96BE-180734555915}.Debug|x64.ActiveCfg = Debug|iPhone
		{A5BD4A19-9E5D-4BC8-96BE-180734555915}.Debug|x86.ActiveCfg = Debug|iPhone
		{A5BD4A19-9E5D-4BC8-96BE-180734555915}.Default|Any CPU.ActiveCfg = Debug|iPhone
		{A5BD4A19-9E5D-4BC8-96BE-180734555915}.Default|ARM.ActiveCfg = Debug|iPhone
		{A5BD4A19-9E5D-4BC8-96BE-180734555915}.Default|iPhone.ActiveCfg = Debug|iPhone
		{A5BD4A19-9E5D-4BC8-96BE-180734555915}.Default|iPhone.Build.0 = Debug|iPhone
		{A5BD4A19-9E5D-4BC8-96BE-180734555915}.Default|iPhoneSimulator.ActiveCfg = Debug|iPhoneSimulator
		{A5BD4A19-9E5D-4BC8-96BE-180734555915}.Default|iPhoneSimulator.Build.0 = Debug|iPhoneSimulator
		{A5BD4A19-9E5D-4BC8-96BE-180734555915}.Default|Mixed Platforms.ActiveCfg = Debug|iPhone
		{A5BD4A19-9E5D-4BC8-96BE-180734555915}.Default|Mixed Platforms.Build.0 = Debug|iPhone
		{A5BD4A19-9E5D-4BC8-96BE-180734555915}.Default|x64.ActiveCfg = Debug|iPhone
		{A5BD4A19-9E5D-4BC8-96BE-180734555915}.Default|x86.ActiveCfg = Debug|iPhone
		{A5BD4A19-9E5D-4BC8-96BE-180734555915}.Release|Any CPU.ActiveCfg = Release|iPhone
		{A5BD4A19-9E5D-4BC8-96BE-180734555915}.Release|ARM.ActiveCfg = Release|iPhone
		{A5BD4A19-9E5D-4BC8-96BE-180734555915}.Release|iPhone.ActiveCfg = Release|iPhone
		{A5BD4A19-9E5D-4BC8-96BE-180734555915}.Release|iPhone.Build.0 = Release|iPhone
		{A5BD4A19-9E5D-4BC8-96BE-180734555915}.Release|iPhoneSimulator.ActiveCfg = Release|iPhoneSimulator
		{A5BD4A19-9E5D-4BC8-96BE-180734555915}.Release|iPhoneSimulator.Build.0 = Release|iPhoneSimulator
		{A5BD4A19-9E5D-4BC8-96BE-180734555915}.Release|Mixed Platforms.ActiveCfg = Release|iPhone
		{A5BD4A19-9E5D-4BC8-96BE-180734555915}.Release|Mixed Platforms.Build.0 = Release|iPhone
		{A5BD4A19-9E5D-4BC8-96BE-180734555915}.Release|x64.ActiveCfg = Release|iPhone
		{A5BD4A19-9E5D-4BC8-96BE-180734555915}.Release|x86.ActiveCfg = Release|iPhone
	EndGlobalSection
	GlobalSection(SolutionProperties) = preSolution
		HideSolutionNode = FALSE
	EndGlobalSection
	GlobalSection(NestedProjects) = preSolution
		{0797D39C-C59B-4FE2-BB16-AB6FA0119C69} = {FEF8FCE2-6BCC-4C44-BA4F-12D5A62C3E5F}
		{F823EE03-AC94-4124-AB5B-91B69FE7B85A} = {FEF8FCE2-6BCC-4C44-BA4F-12D5A62C3E5F}
		{F2270784-C153-4B1C-BB04-15CB29F0F945} = {FEF8FCE2-6BCC-4C44-BA4F-12D5A62C3E5F}
		{80C643D9-C912-41C0-8F9D-9FAF15A79831} = {FEF8FCE2-6BCC-4C44-BA4F-12D5A62C3E5F}
		{3EB564D3-C79C-440C-A359-37B9D4E8B894} = {FEF8FCE2-6BCC-4C44-BA4F-12D5A62C3E5F}
		{2AB74840-32C8-4E07-923E-C9D6A09F81B2} = {FD91820B-4F5D-4B10-B4BF-3601B087227E}
		{54A9A715-0FCD-4767-BEA8-36F8D26994C0} = {FD91820B-4F5D-4B10-B4BF-3601B087227E}
		{A5BD4A19-9E5D-4BC8-96BE-180734555915} = {FD91820B-4F5D-4B10-B4BF-3601B087227E}
	EndGlobalSection
EndGlobal
