
Microsoft Visual Studio Solution File, Format Version 12.00
# Visual Studio 14
VisualStudioVersion = 14.0.25420.1
MinimumVisualStudioVersion = 10.0.40219.1
Project("{FAE04EC0-301F-11D3-BF4B-00C04F79EFBC}") = "MvvmCross.iOS.Support", "MvvmCross.iOS.Support\MvvmCross.iOS.Support.csproj", "{E6A71CD5-82A0-49E9-A04D-166F9E8F76F9}"
EndProject
Project("{FAE04EC0-301F-11D3-BF4B-00C04F79EFBC}") = "MvvmCross.iOS.Support.JASidePanels", "MvvmCross.iOS.Support.JASidePanels\MvvmCross.iOS.Support.JASidePanels.csproj", "{0E866698-7054-4786-A43F-E6E0E99D90A1}"
EndProject
Project("{FAE04EC0-301F-11D3-BF4B-00C04F79EFBC}") = "MvvmCross.iOS.Support.XamarinSidebar", "MvvmCross.iOS.Support.XamarinSidebar\MvvmCross.iOS.Support.XamarinSidebar.csproj", "{29579644-AF3E-412F-86EF-FA413C5A08CA}"
EndProject
Project("{2150E333-8FDC-42A3-9474-1A3956D46DE8}") = "TabsSample", "TabsSample", "{8A6ADF69-9587-4BA6-BF40-B816A2666D62}"
EndProject
Project("{FAE04EC0-301F-11D3-BF4B-00C04F79EFBC}") = "MvvmCross.iOS.Support.Tabs.Core", "Samples\TabsSample\MvvmCross.iOS.Support.Tabs.Core\MvvmCross.iOS.Support.Tabs.Core.csproj", "{5FB086C9-CA74-45CC-86CC-8DD523DCE004}"
EndProject
Project("{FAE04EC0-301F-11D3-BF4B-00C04F79EFBC}") = "MvvmCross.iOS.Support.Tabs.iOS", "Samples\TabsSample\MvvmCross.iOS.Support.Tabs.iOS\MvvmCross.iOS.Support.Tabs.iOS.csproj", "{52A40A0D-96BA-4038-B420-C4855AA8619C}"
EndProject
Project("{2150E333-8FDC-42A3-9474-1A3956D46DE8}") = "ExpandableTableView", "ExpandableTableView", "{CC2C3E53-11BA-4752-B424-383C29FFBEF0}"
EndProject
Project("{FAE04EC0-301F-11D3-BF4B-00C04F79EFBC}") = "MvvmCross.iOS.Support.ExpandableTableView.Core", "Samples\ExpandableTableView\MvvmCross.iOS.Support.ExpandableTableView.Core\MvvmCross.iOS.Support.ExpandableTableView.Core.csproj", "{A68DEAF6-FA17-4CB2-9AD8-AFB5F19F47BA}"
EndProject
Project("{FAE04EC0-301F-11D3-BF4B-00C04F79EFBC}") = "MvvmCross.iOS.Support.ExpandableTableView.iOS", "Samples\ExpandableTableView\MvvmCross.iOS.Support.ExpandableTableView.iOS\MvvmCross.iOS.Support.ExpandableTableView.iOS.csproj", "{A878B8E8-A907-4B58-9485-520CE30F7EB4}"
EndProject
Project("{2150E333-8FDC-42A3-9474-1A3956D46DE8}") = "JASidePanelsSample", "JASidePanelsSample", "{FCE16DC6-6C9C-4FCD-854B-30EB0CA9E6EF}"
EndProject
Project("{FAE04EC0-301F-11D3-BF4B-00C04F79EFBC}") = "MvvmCross.iOS.Support.JASidePanelsSample.Core", "Samples\JASidePanelsSample\MvvmCross.iOS.Support.Core\MvvmCross.iOS.Support.JASidePanelsSample.Core.csproj", "{760EE7E0-BC68-46A7-8AB3-4BE2D8C806FA}"
EndProject
Project("{FAE04EC0-301F-11D3-BF4B-00C04F79EFBC}") = "MvvmCross.iOS.Support.XamarinSidebarSample.iOS", "Samples\XamarinSidebarSample\MvvmCross.iOS.Support.Sidebar\MvvmCross.iOS.Support.XamarinSidebarSample.iOS.csproj", "{8EADF357-81D7-426D-A64E-5EF83E635737}"
EndProject
Project("{2150E333-8FDC-42A3-9474-1A3956D46DE8}") = "XamarinSidebarSample", "XamarinSidebarSample", "{5BC92381-ACF8-459C-A767-D78C9485BA1B}"
EndProject
Project("{FAE04EC0-301F-11D3-BF4B-00C04F79EFBC}") = "MvvmCross.iOS.Support.XamarinSidebarSample.Core", "Samples\XamarinSidebarSample\MvvmCross.iOS.Support.Core\MvvmCross.iOS.Support.XamarinSidebarSample.Core.csproj", "{1639F4A6-EA27-471E-8ADE-1452DB2A378B}"
EndProject
Project("{2150E333-8FDC-42A3-9474-1A3956D46DE8}") = "Samples", "Samples", "{D00CADC2-5AE9-41B2-B055-F7E7D6716E7A}"
EndProject
Global
	GlobalSection(SolutionConfigurationPlatforms) = preSolution
		Ad-Hoc|Any CPU = Ad-Hoc|Any CPU
		Ad-Hoc|iPhone = Ad-Hoc|iPhone
		Ad-Hoc|iPhoneSimulator = Ad-Hoc|iPhoneSimulator
		AppStore|Any CPU = AppStore|Any CPU
		AppStore|iPhone = AppStore|iPhone
		AppStore|iPhoneSimulator = AppStore|iPhoneSimulator
		Debug|Any CPU = Debug|Any CPU
		Debug|iPhone = Debug|iPhone
		Debug|iPhoneSimulator = Debug|iPhoneSimulator
		Release|Any CPU = Release|Any CPU
		Release|iPhone = Release|iPhone
		Release|iPhoneSimulator = Release|iPhoneSimulator
	EndGlobalSection
	GlobalSection(ProjectConfigurationPlatforms) = postSolution
		{E6A71CD5-82A0-49E9-A04D-166F9E8F76F9}.Ad-Hoc|Any CPU.ActiveCfg = Release|Any CPU
		{E6A71CD5-82A0-49E9-A04D-166F9E8F76F9}.Ad-Hoc|Any CPU.Build.0 = Release|Any CPU
		{E6A71CD5-82A0-49E9-A04D-166F9E8F76F9}.Ad-Hoc|iPhone.ActiveCfg = Release|Any CPU
		{E6A71CD5-82A0-49E9-A04D-166F9E8F76F9}.Ad-Hoc|iPhone.Build.0 = Release|Any CPU
		{E6A71CD5-82A0-49E9-A04D-166F9E8F76F9}.Ad-Hoc|iPhoneSimulator.ActiveCfg = Release|Any CPU
		{E6A71CD5-82A0-49E9-A04D-166F9E8F76F9}.Ad-Hoc|iPhoneSimulator.Build.0 = Release|Any CPU
		{E6A71CD5-82A0-49E9-A04D-166F9E8F76F9}.AppStore|Any CPU.ActiveCfg = Release|Any CPU
		{E6A71CD5-82A0-49E9-A04D-166F9E8F76F9}.AppStore|Any CPU.Build.0 = Release|Any CPU
		{E6A71CD5-82A0-49E9-A04D-166F9E8F76F9}.AppStore|iPhone.ActiveCfg = Release|Any CPU
		{E6A71CD5-82A0-49E9-A04D-166F9E8F76F9}.AppStore|iPhone.Build.0 = Release|Any CPU
		{E6A71CD5-82A0-49E9-A04D-166F9E8F76F9}.AppStore|iPhoneSimulator.ActiveCfg = Release|Any CPU
		{E6A71CD5-82A0-49E9-A04D-166F9E8F76F9}.AppStore|iPhoneSimulator.Build.0 = Release|Any CPU
		{E6A71CD5-82A0-49E9-A04D-166F9E8F76F9}.Debug|Any CPU.ActiveCfg = Debug|Any CPU
		{E6A71CD5-82A0-49E9-A04D-166F9E8F76F9}.Debug|Any CPU.Build.0 = Debug|Any CPU
		{E6A71CD5-82A0-49E9-A04D-166F9E8F76F9}.Debug|iPhone.ActiveCfg = Debug|Any CPU
		{E6A71CD5-82A0-49E9-A04D-166F9E8F76F9}.Debug|iPhone.Build.0 = Debug|Any CPU
		{E6A71CD5-82A0-49E9-A04D-166F9E8F76F9}.Debug|iPhoneSimulator.ActiveCfg = Debug|Any CPU
		{E6A71CD5-82A0-49E9-A04D-166F9E8F76F9}.Debug|iPhoneSimulator.Build.0 = Debug|Any CPU
		{E6A71CD5-82A0-49E9-A04D-166F9E8F76F9}.Release|Any CPU.ActiveCfg = Release|Any CPU
		{E6A71CD5-82A0-49E9-A04D-166F9E8F76F9}.Release|Any CPU.Build.0 = Release|Any CPU
		{E6A71CD5-82A0-49E9-A04D-166F9E8F76F9}.Release|iPhone.ActiveCfg = Release|Any CPU
		{E6A71CD5-82A0-49E9-A04D-166F9E8F76F9}.Release|iPhone.Build.0 = Release|Any CPU
		{E6A71CD5-82A0-49E9-A04D-166F9E8F76F9}.Release|iPhoneSimulator.ActiveCfg = Release|Any CPU
		{E6A71CD5-82A0-49E9-A04D-166F9E8F76F9}.Release|iPhoneSimulator.Build.0 = Release|Any CPU
		{0E866698-7054-4786-A43F-E6E0E99D90A1}.Ad-Hoc|Any CPU.ActiveCfg = Debug|Any CPU
		{0E866698-7054-4786-A43F-E6E0E99D90A1}.Ad-Hoc|Any CPU.Build.0 = Debug|Any CPU
		{0E866698-7054-4786-A43F-E6E0E99D90A1}.Ad-Hoc|iPhone.ActiveCfg = Debug|Any CPU
		{0E866698-7054-4786-A43F-E6E0E99D90A1}.Ad-Hoc|iPhone.Build.0 = Debug|Any CPU
		{0E866698-7054-4786-A43F-E6E0E99D90A1}.Ad-Hoc|iPhoneSimulator.ActiveCfg = Debug|Any CPU
		{0E866698-7054-4786-A43F-E6E0E99D90A1}.Ad-Hoc|iPhoneSimulator.Build.0 = Debug|Any CPU
		{0E866698-7054-4786-A43F-E6E0E99D90A1}.AppStore|Any CPU.ActiveCfg = Debug|Any CPU
		{0E866698-7054-4786-A43F-E6E0E99D90A1}.AppStore|Any CPU.Build.0 = Debug|Any CPU
		{0E866698-7054-4786-A43F-E6E0E99D90A1}.AppStore|iPhone.ActiveCfg = Debug|Any CPU
		{0E866698-7054-4786-A43F-E6E0E99D90A1}.AppStore|iPhone.Build.0 = Debug|Any CPU
		{0E866698-7054-4786-A43F-E6E0E99D90A1}.AppStore|iPhoneSimulator.ActiveCfg = Debug|Any CPU
		{0E866698-7054-4786-A43F-E6E0E99D90A1}.AppStore|iPhoneSimulator.Build.0 = Debug|Any CPU
		{0E866698-7054-4786-A43F-E6E0E99D90A1}.Debug|Any CPU.ActiveCfg = Debug|Any CPU
		{0E866698-7054-4786-A43F-E6E0E99D90A1}.Debug|Any CPU.Build.0 = Debug|Any CPU
		{0E866698-7054-4786-A43F-E6E0E99D90A1}.Debug|iPhone.ActiveCfg = Debug|Any CPU
		{0E866698-7054-4786-A43F-E6E0E99D90A1}.Debug|iPhone.Build.0 = Debug|Any CPU
		{0E866698-7054-4786-A43F-E6E0E99D90A1}.Debug|iPhoneSimulator.ActiveCfg = Debug|Any CPU
		{0E866698-7054-4786-A43F-E6E0E99D90A1}.Debug|iPhoneSimulator.Build.0 = Debug|Any CPU
		{0E866698-7054-4786-A43F-E6E0E99D90A1}.Release|Any CPU.ActiveCfg = Release|Any CPU
		{0E866698-7054-4786-A43F-E6E0E99D90A1}.Release|Any CPU.Build.0 = Release|Any CPU
		{0E866698-7054-4786-A43F-E6E0E99D90A1}.Release|iPhone.ActiveCfg = Release|Any CPU
		{0E866698-7054-4786-A43F-E6E0E99D90A1}.Release|iPhone.Build.0 = Release|Any CPU
		{0E866698-7054-4786-A43F-E6E0E99D90A1}.Release|iPhoneSimulator.ActiveCfg = Release|Any CPU
		{0E866698-7054-4786-A43F-E6E0E99D90A1}.Release|iPhoneSimulator.Build.0 = Release|Any CPU
		{29579644-AF3E-412F-86EF-FA413C5A08CA}.Ad-Hoc|Any CPU.ActiveCfg = Debug|Any CPU
		{29579644-AF3E-412F-86EF-FA413C5A08CA}.Ad-Hoc|Any CPU.Build.0 = Debug|Any CPU
		{29579644-AF3E-412F-86EF-FA413C5A08CA}.Ad-Hoc|iPhone.ActiveCfg = Debug|Any CPU
		{29579644-AF3E-412F-86EF-FA413C5A08CA}.Ad-Hoc|iPhone.Build.0 = Debug|Any CPU
		{29579644-AF3E-412F-86EF-FA413C5A08CA}.Ad-Hoc|iPhoneSimulator.ActiveCfg = Debug|Any CPU
		{29579644-AF3E-412F-86EF-FA413C5A08CA}.Ad-Hoc|iPhoneSimulator.Build.0 = Debug|Any CPU
		{29579644-AF3E-412F-86EF-FA413C5A08CA}.AppStore|Any CPU.ActiveCfg = Debug|Any CPU
		{29579644-AF3E-412F-86EF-FA413C5A08CA}.AppStore|Any CPU.Build.0 = Debug|Any CPU
		{29579644-AF3E-412F-86EF-FA413C5A08CA}.AppStore|iPhone.ActiveCfg = Debug|Any CPU
		{29579644-AF3E-412F-86EF-FA413C5A08CA}.AppStore|iPhone.Build.0 = Debug|Any CPU
		{29579644-AF3E-412F-86EF-FA413C5A08CA}.AppStore|iPhoneSimulator.ActiveCfg = Debug|Any CPU
		{29579644-AF3E-412F-86EF-FA413C5A08CA}.AppStore|iPhoneSimulator.Build.0 = Debug|Any CPU
		{29579644-AF3E-412F-86EF-FA413C5A08CA}.Debug|Any CPU.ActiveCfg = Debug|Any CPU
		{29579644-AF3E-412F-86EF-FA413C5A08CA}.Debug|Any CPU.Build.0 = Debug|Any CPU
		{29579644-AF3E-412F-86EF-FA413C5A08CA}.Debug|iPhone.ActiveCfg = Debug|Any CPU
		{29579644-AF3E-412F-86EF-FA413C5A08CA}.Debug|iPhone.Build.0 = Debug|Any CPU
		{29579644-AF3E-412F-86EF-FA413C5A08CA}.Debug|iPhoneSimulator.ActiveCfg = Debug|Any CPU
		{29579644-AF3E-412F-86EF-FA413C5A08CA}.Debug|iPhoneSimulator.Build.0 = Debug|Any CPU
		{29579644-AF3E-412F-86EF-FA413C5A08CA}.Release|Any CPU.ActiveCfg = Release|Any CPU
		{29579644-AF3E-412F-86EF-FA413C5A08CA}.Release|Any CPU.Build.0 = Release|Any CPU
		{29579644-AF3E-412F-86EF-FA413C5A08CA}.Release|iPhone.ActiveCfg = Release|Any CPU
		{29579644-AF3E-412F-86EF-FA413C5A08CA}.Release|iPhone.Build.0 = Release|Any CPU
		{29579644-AF3E-412F-86EF-FA413C5A08CA}.Release|iPhoneSimulator.ActiveCfg = Release|Any CPU
		{29579644-AF3E-412F-86EF-FA413C5A08CA}.Release|iPhoneSimulator.Build.0 = Release|Any CPU
		{5FB086C9-CA74-45CC-86CC-8DD523DCE004}.Ad-Hoc|Any CPU.ActiveCfg = Release|Any CPU
		{5FB086C9-CA74-45CC-86CC-8DD523DCE004}.Ad-Hoc|Any CPU.Build.0 = Release|Any CPU
		{5FB086C9-CA74-45CC-86CC-8DD523DCE004}.Ad-Hoc|iPhone.ActiveCfg = Release|Any CPU
		{5FB086C9-CA74-45CC-86CC-8DD523DCE004}.Ad-Hoc|iPhone.Build.0 = Release|Any CPU
		{5FB086C9-CA74-45CC-86CC-8DD523DCE004}.Ad-Hoc|iPhoneSimulator.ActiveCfg = Release|Any CPU
		{5FB086C9-CA74-45CC-86CC-8DD523DCE004}.Ad-Hoc|iPhoneSimulator.Build.0 = Release|Any CPU
		{5FB086C9-CA74-45CC-86CC-8DD523DCE004}.AppStore|Any CPU.ActiveCfg = Release|Any CPU
		{5FB086C9-CA74-45CC-86CC-8DD523DCE004}.AppStore|Any CPU.Build.0 = Release|Any CPU
		{5FB086C9-CA74-45CC-86CC-8DD523DCE004}.AppStore|iPhone.ActiveCfg = Release|Any CPU
		{5FB086C9-CA74-45CC-86CC-8DD523DCE004}.AppStore|iPhone.Build.0 = Release|Any CPU
		{5FB086C9-CA74-45CC-86CC-8DD523DCE004}.AppStore|iPhoneSimulator.ActiveCfg = Release|Any CPU
		{5FB086C9-CA74-45CC-86CC-8DD523DCE004}.AppStore|iPhoneSimulator.Build.0 = Release|Any CPU
		{5FB086C9-CA74-45CC-86CC-8DD523DCE004}.Debug|Any CPU.ActiveCfg = Debug|Any CPU
		{5FB086C9-CA74-45CC-86CC-8DD523DCE004}.Debug|Any CPU.Build.0 = Debug|Any CPU
		{5FB086C9-CA74-45CC-86CC-8DD523DCE004}.Debug|iPhone.ActiveCfg = Debug|Any CPU
		{5FB086C9-CA74-45CC-86CC-8DD523DCE004}.Debug|iPhone.Build.0 = Debug|Any CPU
		{5FB086C9-CA74-45CC-86CC-8DD523DCE004}.Debug|iPhoneSimulator.ActiveCfg = Debug|Any CPU
		{5FB086C9-CA74-45CC-86CC-8DD523DCE004}.Debug|iPhoneSimulator.Build.0 = Debug|Any CPU
		{5FB086C9-CA74-45CC-86CC-8DD523DCE004}.Release|Any CPU.ActiveCfg = Release|Any CPU
		{5FB086C9-CA74-45CC-86CC-8DD523DCE004}.Release|Any CPU.Build.0 = Release|Any CPU
		{5FB086C9-CA74-45CC-86CC-8DD523DCE004}.Release|iPhone.ActiveCfg = Release|Any CPU
		{5FB086C9-CA74-45CC-86CC-8DD523DCE004}.Release|iPhoneSimulator.ActiveCfg = Release|Any CPU
		{5FB086C9-CA74-45CC-86CC-8DD523DCE004}.Release|iPhoneSimulator.Build.0 = Release|Any CPU
		{52A40A0D-96BA-4038-B420-C4855AA8619C}.Ad-Hoc|Any CPU.ActiveCfg = Release|iPhone
		{52A40A0D-96BA-4038-B420-C4855AA8619C}.Ad-Hoc|Any CPU.Build.0 = Release|iPhone
		{52A40A0D-96BA-4038-B420-C4855AA8619C}.Ad-Hoc|iPhone.ActiveCfg = Release|iPhone
		{52A40A0D-96BA-4038-B420-C4855AA8619C}.Ad-Hoc|iPhone.Build.0 = Release|iPhone
		{52A40A0D-96BA-4038-B420-C4855AA8619C}.Ad-Hoc|iPhoneSimulator.ActiveCfg = Release|iPhone
		{52A40A0D-96BA-4038-B420-C4855AA8619C}.Ad-Hoc|iPhoneSimulator.Build.0 = Release|iPhone
		{52A40A0D-96BA-4038-B420-C4855AA8619C}.AppStore|Any CPU.ActiveCfg = Release|iPhone
		{52A40A0D-96BA-4038-B420-C4855AA8619C}.AppStore|Any CPU.Build.0 = Release|iPhone
		{52A40A0D-96BA-4038-B420-C4855AA8619C}.AppStore|iPhone.ActiveCfg = Release|iPhone
		{52A40A0D-96BA-4038-B420-C4855AA8619C}.AppStore|iPhone.Build.0 = Release|iPhone
		{52A40A0D-96BA-4038-B420-C4855AA8619C}.AppStore|iPhoneSimulator.ActiveCfg = Release|iPhone
		{52A40A0D-96BA-4038-B420-C4855AA8619C}.AppStore|iPhoneSimulator.Build.0 = Release|iPhone
		{52A40A0D-96BA-4038-B420-C4855AA8619C}.Debug|Any CPU.ActiveCfg = Debug|iPhone
		{52A40A0D-96BA-4038-B420-C4855AA8619C}.Debug|Any CPU.Build.0 = Debug|iPhone
		{52A40A0D-96BA-4038-B420-C4855AA8619C}.Debug|iPhone.ActiveCfg = Debug|iPhone
		{52A40A0D-96BA-4038-B420-C4855AA8619C}.Debug|iPhone.Build.0 = Debug|iPhone
		{52A40A0D-96BA-4038-B420-C4855AA8619C}.Debug|iPhoneSimulator.ActiveCfg = Debug|iPhoneSimulator
		{52A40A0D-96BA-4038-B420-C4855AA8619C}.Debug|iPhoneSimulator.Build.0 = Debug|iPhoneSimulator
		{52A40A0D-96BA-4038-B420-C4855AA8619C}.Release|Any CPU.ActiveCfg = Release|iPhone
		{52A40A0D-96BA-4038-B420-C4855AA8619C}.Release|Any CPU.Build.0 = Release|iPhone
		{52A40A0D-96BA-4038-B420-C4855AA8619C}.Release|iPhone.ActiveCfg = Release|iPhone
		{52A40A0D-96BA-4038-B420-C4855AA8619C}.Release|iPhoneSimulator.ActiveCfg = Release|iPhoneSimulator
		{52A40A0D-96BA-4038-B420-C4855AA8619C}.Release|iPhoneSimulator.Build.0 = Release|iPhoneSimulator
		{A68DEAF6-FA17-4CB2-9AD8-AFB5F19F47BA}.Ad-Hoc|Any CPU.ActiveCfg = Release|Any CPU
		{A68DEAF6-FA17-4CB2-9AD8-AFB5F19F47BA}.Ad-Hoc|Any CPU.Build.0 = Release|Any CPU
		{A68DEAF6-FA17-4CB2-9AD8-AFB5F19F47BA}.Ad-Hoc|iPhone.ActiveCfg = Release|Any CPU
		{A68DEAF6-FA17-4CB2-9AD8-AFB5F19F47BA}.Ad-Hoc|iPhone.Build.0 = Release|Any CPU
		{A68DEAF6-FA17-4CB2-9AD8-AFB5F19F47BA}.Ad-Hoc|iPhoneSimulator.ActiveCfg = Release|Any CPU
		{A68DEAF6-FA17-4CB2-9AD8-AFB5F19F47BA}.Ad-Hoc|iPhoneSimulator.Build.0 = Release|Any CPU
		{A68DEAF6-FA17-4CB2-9AD8-AFB5F19F47BA}.AppStore|Any CPU.ActiveCfg = Release|Any CPU
		{A68DEAF6-FA17-4CB2-9AD8-AFB5F19F47BA}.AppStore|Any CPU.Build.0 = Release|Any CPU
		{A68DEAF6-FA17-4CB2-9AD8-AFB5F19F47BA}.AppStore|iPhone.ActiveCfg = Release|Any CPU
		{A68DEAF6-FA17-4CB2-9AD8-AFB5F19F47BA}.AppStore|iPhone.Build.0 = Release|Any CPU
		{A68DEAF6-FA17-4CB2-9AD8-AFB5F19F47BA}.AppStore|iPhoneSimulator.ActiveCfg = Release|Any CPU
		{A68DEAF6-FA17-4CB2-9AD8-AFB5F19F47BA}.AppStore|iPhoneSimulator.Build.0 = Release|Any CPU
		{A68DEAF6-FA17-4CB2-9AD8-AFB5F19F47BA}.Debug|Any CPU.ActiveCfg = Debug|Any CPU
		{A68DEAF6-FA17-4CB2-9AD8-AFB5F19F47BA}.Debug|Any CPU.Build.0 = Debug|Any CPU
		{A68DEAF6-FA17-4CB2-9AD8-AFB5F19F47BA}.Debug|iPhone.ActiveCfg = Debug|Any CPU
		{A68DEAF6-FA17-4CB2-9AD8-AFB5F19F47BA}.Debug|iPhone.Build.0 = Debug|Any CPU
		{A68DEAF6-FA17-4CB2-9AD8-AFB5F19F47BA}.Debug|iPhoneSimulator.ActiveCfg = Debug|Any CPU
		{A68DEAF6-FA17-4CB2-9AD8-AFB5F19F47BA}.Debug|iPhoneSimulator.Build.0 = Debug|Any CPU
		{A68DEAF6-FA17-4CB2-9AD8-AFB5F19F47BA}.Release|Any CPU.ActiveCfg = Release|Any CPU
		{A68DEAF6-FA17-4CB2-9AD8-AFB5F19F47BA}.Release|Any CPU.Build.0 = Release|Any CPU
		{A68DEAF6-FA17-4CB2-9AD8-AFB5F19F47BA}.Release|iPhone.ActiveCfg = Release|Any CPU
		{A68DEAF6-FA17-4CB2-9AD8-AFB5F19F47BA}.Release|iPhone.Build.0 = Release|Any CPU
		{A68DEAF6-FA17-4CB2-9AD8-AFB5F19F47BA}.Release|iPhoneSimulator.ActiveCfg = Release|Any CPU
		{A68DEAF6-FA17-4CB2-9AD8-AFB5F19F47BA}.Release|iPhoneSimulator.Build.0 = Release|Any CPU
		{A878B8E8-A907-4B58-9485-520CE30F7EB4}.Ad-Hoc|Any CPU.ActiveCfg = Release|iPhone
		{A878B8E8-A907-4B58-9485-520CE30F7EB4}.Ad-Hoc|Any CPU.Build.0 = Release|iPhone
		{A878B8E8-A907-4B58-9485-520CE30F7EB4}.Ad-Hoc|iPhone.ActiveCfg = Release|iPhone
		{A878B8E8-A907-4B58-9485-520CE30F7EB4}.Ad-Hoc|iPhone.Build.0 = Release|iPhone
		{A878B8E8-A907-4B58-9485-520CE30F7EB4}.Ad-Hoc|iPhoneSimulator.ActiveCfg = Release|iPhone
		{A878B8E8-A907-4B58-9485-520CE30F7EB4}.Ad-Hoc|iPhoneSimulator.Build.0 = Release|iPhone
		{A878B8E8-A907-4B58-9485-520CE30F7EB4}.AppStore|Any CPU.ActiveCfg = Release|iPhone
		{A878B8E8-A907-4B58-9485-520CE30F7EB4}.AppStore|Any CPU.Build.0 = Release|iPhone
		{A878B8E8-A907-4B58-9485-520CE30F7EB4}.AppStore|iPhone.ActiveCfg = Release|iPhone
		{A878B8E8-A907-4B58-9485-520CE30F7EB4}.AppStore|iPhone.Build.0 = Release|iPhone
		{A878B8E8-A907-4B58-9485-520CE30F7EB4}.AppStore|iPhoneSimulator.ActiveCfg = Release|iPhone
		{A878B8E8-A907-4B58-9485-520CE30F7EB4}.AppStore|iPhoneSimulator.Build.0 = Release|iPhone
		{A878B8E8-A907-4B58-9485-520CE30F7EB4}.Debug|Any CPU.ActiveCfg = Debug|iPhone
		{A878B8E8-A907-4B58-9485-520CE30F7EB4}.Debug|Any CPU.Build.0 = Debug|iPhone
		{A878B8E8-A907-4B58-9485-520CE30F7EB4}.Debug|iPhone.ActiveCfg = Debug|iPhone
		{A878B8E8-A907-4B58-9485-520CE30F7EB4}.Debug|iPhone.Build.0 = Debug|iPhone
		{A878B8E8-A907-4B58-9485-520CE30F7EB4}.Debug|iPhoneSimulator.ActiveCfg = Debug|iPhoneSimulator
		{A878B8E8-A907-4B58-9485-520CE30F7EB4}.Debug|iPhoneSimulator.Build.0 = Debug|iPhoneSimulator
		{A878B8E8-A907-4B58-9485-520CE30F7EB4}.Release|Any CPU.ActiveCfg = Release|iPhone
		{A878B8E8-A907-4B58-9485-520CE30F7EB4}.Release|Any CPU.Build.0 = Release|iPhone
		{A878B8E8-A907-4B58-9485-520CE30F7EB4}.Release|iPhone.ActiveCfg = Release|iPhone
		{A878B8E8-A907-4B58-9485-520CE30F7EB4}.Release|iPhone.Build.0 = Release|iPhone
		{A878B8E8-A907-4B58-9485-520CE30F7EB4}.Release|iPhoneSimulator.ActiveCfg = Release|iPhoneSimulator
		{A878B8E8-A907-4B58-9485-520CE30F7EB4}.Release|iPhoneSimulator.Build.0 = Release|iPhoneSimulator
		{760EE7E0-BC68-46A7-8AB3-4BE2D8C806FA}.Ad-Hoc|Any CPU.ActiveCfg = Release|Any CPU
		{760EE7E0-BC68-46A7-8AB3-4BE2D8C806FA}.Ad-Hoc|Any CPU.Build.0 = Release|Any CPU
		{760EE7E0-BC68-46A7-8AB3-4BE2D8C806FA}.Ad-Hoc|iPhone.ActiveCfg = Release|Any CPU
		{760EE7E0-BC68-46A7-8AB3-4BE2D8C806FA}.Ad-Hoc|iPhone.Build.0 = Release|Any CPU
		{760EE7E0-BC68-46A7-8AB3-4BE2D8C806FA}.Ad-Hoc|iPhoneSimulator.ActiveCfg = Release|Any CPU
		{760EE7E0-BC68-46A7-8AB3-4BE2D8C806FA}.Ad-Hoc|iPhoneSimulator.Build.0 = Release|Any CPU
		{760EE7E0-BC68-46A7-8AB3-4BE2D8C806FA}.AppStore|Any CPU.ActiveCfg = Release|Any CPU
		{760EE7E0-BC68-46A7-8AB3-4BE2D8C806FA}.AppStore|Any CPU.Build.0 = Release|Any CPU
		{760EE7E0-BC68-46A7-8AB3-4BE2D8C806FA}.AppStore|iPhone.ActiveCfg = Release|Any CPU
		{760EE7E0-BC68-46A7-8AB3-4BE2D8C806FA}.AppStore|iPhone.Build.0 = Release|Any CPU
		{760EE7E0-BC68-46A7-8AB3-4BE2D8C806FA}.AppStore|iPhoneSimulator.ActiveCfg = Release|Any CPU
		{760EE7E0-BC68-46A7-8AB3-4BE2D8C806FA}.AppStore|iPhoneSimulator.Build.0 = Release|Any CPU
		{760EE7E0-BC68-46A7-8AB3-4BE2D8C806FA}.Debug|Any CPU.ActiveCfg = Debug|Any CPU
		{760EE7E0-BC68-46A7-8AB3-4BE2D8C806FA}.Debug|Any CPU.Build.0 = Debug|Any CPU
		{760EE7E0-BC68-46A7-8AB3-4BE2D8C806FA}.Debug|iPhone.ActiveCfg = Debug|Any CPU
		{760EE7E0-BC68-46A7-8AB3-4BE2D8C806FA}.Debug|iPhone.Build.0 = Debug|Any CPU
		{760EE7E0-BC68-46A7-8AB3-4BE2D8C806FA}.Debug|iPhoneSimulator.ActiveCfg = Debug|Any CPU
		{760EE7E0-BC68-46A7-8AB3-4BE2D8C806FA}.Debug|iPhoneSimulator.Build.0 = Debug|Any CPU
		{760EE7E0-BC68-46A7-8AB3-4BE2D8C806FA}.Release|Any CPU.ActiveCfg = Release|Any CPU
		{760EE7E0-BC68-46A7-8AB3-4BE2D8C806FA}.Release|Any CPU.Build.0 = Release|Any CPU
		{760EE7E0-BC68-46A7-8AB3-4BE2D8C806FA}.Release|iPhone.ActiveCfg = Release|Any CPU
		{760EE7E0-BC68-46A7-8AB3-4BE2D8C806FA}.Release|iPhone.Build.0 = Release|Any CPU
		{760EE7E0-BC68-46A7-8AB3-4BE2D8C806FA}.Release|iPhoneSimulator.ActiveCfg = Release|Any CPU
		{760EE7E0-BC68-46A7-8AB3-4BE2D8C806FA}.Release|iPhoneSimulator.Build.0 = Release|Any CPU
		{8EADF357-81D7-426D-A64E-5EF83E635737}.Ad-Hoc|Any CPU.ActiveCfg = Release|iPhone
		{8EADF357-81D7-426D-A64E-5EF83E635737}.Ad-Hoc|Any CPU.Build.0 = Release|iPhone
		{8EADF357-81D7-426D-A64E-5EF83E635737}.Ad-Hoc|iPhone.ActiveCfg = Release|iPhone
		{8EADF357-81D7-426D-A64E-5EF83E635737}.Ad-Hoc|iPhone.Build.0 = Release|iPhone
		{8EADF357-81D7-426D-A64E-5EF83E635737}.Ad-Hoc|iPhoneSimulator.ActiveCfg = Release|iPhone
		{8EADF357-81D7-426D-A64E-5EF83E635737}.Ad-Hoc|iPhoneSimulator.Build.0 = Release|iPhone
		{8EADF357-81D7-426D-A64E-5EF83E635737}.AppStore|Any CPU.ActiveCfg = Release|iPhone
		{8EADF357-81D7-426D-A64E-5EF83E635737}.AppStore|Any CPU.Build.0 = Release|iPhone
		{8EADF357-81D7-426D-A64E-5EF83E635737}.AppStore|iPhone.ActiveCfg = Release|iPhone
		{8EADF357-81D7-426D-A64E-5EF83E635737}.AppStore|iPhone.Build.0 = Release|iPhone
		{8EADF357-81D7-426D-A64E-5EF83E635737}.AppStore|iPhoneSimulator.ActiveCfg = Release|iPhone
		{8EADF357-81D7-426D-A64E-5EF83E635737}.AppStore|iPhoneSimulator.Build.0 = Release|iPhone
		{8EADF357-81D7-426D-A64E-5EF83E635737}.Debug|Any CPU.ActiveCfg = Debug|iPhone
		{8EADF357-81D7-426D-A64E-5EF83E635737}.Debug|Any CPU.Build.0 = Debug|iPhone
		{8EADF357-81D7-426D-A64E-5EF83E635737}.Debug|iPhone.ActiveCfg = Debug|iPhone
		{8EADF357-81D7-426D-A64E-5EF83E635737}.Debug|iPhone.Build.0 = Debug|iPhone
		{8EADF357-81D7-426D-A64E-5EF83E635737}.Debug|iPhoneSimulator.ActiveCfg = Debug|iPhoneSimulator
		{8EADF357-81D7-426D-A64E-5EF83E635737}.Debug|iPhoneSimulator.Build.0 = Debug|iPhoneSimulator
		{8EADF357-81D7-426D-A64E-5EF83E635737}.Release|Any CPU.ActiveCfg = Release|iPhone
		{8EADF357-81D7-426D-A64E-5EF83E635737}.Release|Any CPU.Build.0 = Release|iPhone
		{8EADF357-81D7-426D-A64E-5EF83E635737}.Release|iPhone.ActiveCfg = Release|iPhone
		{8EADF357-81D7-426D-A64E-5EF83E635737}.Release|iPhone.Build.0 = Release|iPhone
		{8EADF357-81D7-426D-A64E-5EF83E635737}.Release|iPhoneSimulator.ActiveCfg = Release|iPhoneSimulator
		{8EADF357-81D7-426D-A64E-5EF83E635737}.Release|iPhoneSimulator.Build.0 = Release|iPhoneSimulator
		{1639F4A6-EA27-471E-8ADE-1452DB2A378B}.Ad-Hoc|Any CPU.ActiveCfg = Release|Any CPU
		{1639F4A6-EA27-471E-8ADE-1452DB2A378B}.Ad-Hoc|Any CPU.Build.0 = Release|Any CPU
		{1639F4A6-EA27-471E-8ADE-1452DB2A378B}.Ad-Hoc|iPhone.ActiveCfg = Release|Any CPU
		{1639F4A6-EA27-471E-8ADE-1452DB2A378B}.Ad-Hoc|iPhone.Build.0 = Release|Any CPU
		{1639F4A6-EA27-471E-8ADE-1452DB2A378B}.Ad-Hoc|iPhoneSimulator.ActiveCfg = Release|Any CPU
		{1639F4A6-EA27-471E-8ADE-1452DB2A378B}.Ad-Hoc|iPhoneSimulator.Build.0 = Release|Any CPU
		{1639F4A6-EA27-471E-8ADE-1452DB2A378B}.AppStore|Any CPU.ActiveCfg = Release|Any CPU
		{1639F4A6-EA27-471E-8ADE-1452DB2A378B}.AppStore|Any CPU.Build.0 = Release|Any CPU
		{1639F4A6-EA27-471E-8ADE-1452DB2A378B}.AppStore|iPhone.ActiveCfg = Release|Any CPU
		{1639F4A6-EA27-471E-8ADE-1452DB2A378B}.AppStore|iPhone.Build.0 = Release|Any CPU
		{1639F4A6-EA27-471E-8ADE-1452DB2A378B}.AppStore|iPhoneSimulator.ActiveCfg = Release|Any CPU
		{1639F4A6-EA27-471E-8ADE-1452DB2A378B}.AppStore|iPhoneSimulator.Build.0 = Release|Any CPU
		{1639F4A6-EA27-471E-8ADE-1452DB2A378B}.Debug|Any CPU.ActiveCfg = Debug|Any CPU
		{1639F4A6-EA27-471E-8ADE-1452DB2A378B}.Debug|Any CPU.Build.0 = Debug|Any CPU
		{1639F4A6-EA27-471E-8ADE-1452DB2A378B}.Debug|iPhone.ActiveCfg = Debug|Any CPU
		{1639F4A6-EA27-471E-8ADE-1452DB2A378B}.Debug|iPhone.Build.0 = Debug|Any CPU
		{1639F4A6-EA27-471E-8ADE-1452DB2A378B}.Debug|iPhoneSimulator.ActiveCfg = Debug|Any CPU
		{1639F4A6-EA27-471E-8ADE-1452DB2A378B}.Debug|iPhoneSimulator.Build.0 = Debug|Any CPU
		{1639F4A6-EA27-471E-8ADE-1452DB2A378B}.Release|Any CPU.ActiveCfg = Release|Any CPU
		{1639F4A6-EA27-471E-8ADE-1452DB2A378B}.Release|Any CPU.Build.0 = Release|Any CPU
		{1639F4A6-EA27-471E-8ADE-1452DB2A378B}.Release|iPhone.ActiveCfg = Release|Any CPU
		{1639F4A6-EA27-471E-8ADE-1452DB2A378B}.Release|iPhone.Build.0 = Release|Any CPU
		{1639F4A6-EA27-471E-8ADE-1452DB2A378B}.Release|iPhoneSimulator.ActiveCfg = Release|Any CPU
		{1639F4A6-EA27-471E-8ADE-1452DB2A378B}.Release|iPhoneSimulator.Build.0 = Release|Any CPU
	EndGlobalSection
	GlobalSection(SolutionProperties) = preSolution
		HideSolutionNode = FALSE
	EndGlobalSection
	GlobalSection(NestedProjects) = preSolution
		{5FB086C9-CA74-45CC-86CC-8DD523DCE004} = {8A6ADF69-9587-4BA6-BF40-B816A2666D62}
		{52A40A0D-96BA-4038-B420-C4855AA8619C} = {8A6ADF69-9587-4BA6-BF40-B816A2666D62}
		{A68DEAF6-FA17-4CB2-9AD8-AFB5F19F47BA} = {CC2C3E53-11BA-4752-B424-383C29FFBEF0}
		{A878B8E8-A907-4B58-9485-520CE30F7EB4} = {CC2C3E53-11BA-4752-B424-383C29FFBEF0}
		{760EE7E0-BC68-46A7-8AB3-4BE2D8C806FA} = {FCE16DC6-6C9C-4FCD-854B-30EB0CA9E6EF}
		{8EADF357-81D7-426D-A64E-5EF83E635737} = {5BC92381-ACF8-459C-A767-D78C9485BA1B}
		{1639F4A6-EA27-471E-8ADE-1452DB2A378B} = {5BC92381-ACF8-459C-A767-D78C9485BA1B}
		{8A6ADF69-9587-4BA6-BF40-B816A2666D62} = {D00CADC2-5AE9-41B2-B055-F7E7D6716E7A}
		{CC2C3E53-11BA-4752-B424-383C29FFBEF0} = {D00CADC2-5AE9-41B2-B055-F7E7D6716E7A}
		{FCE16DC6-6C9C-4FCD-854B-30EB0CA9E6EF} = {D00CADC2-5AE9-41B2-B055-F7E7D6716E7A}
		{5BC92381-ACF8-459C-A767-D78C9485BA1B} = {D00CADC2-5AE9-41B2-B055-F7E7D6716E7A}
	EndGlobalSection
	GlobalSection(MonoDevelopProperties) = preSolution
		Policies = $0
		$0.TextStylePolicy = $1
		$1.FileWidth = 120
		$1.inheritsSet = VisualStudio
		$1.inheritsScope = text/plain
		$1.scope = text/x-csharp
		$0.CSharpFormattingPolicy = $2
		$2.IndentSwitchSection = True
		$2.NewLinesForBracesInProperties = True
		$2.NewLinesForBracesInAccessors = True
		$2.NewLinesForBracesInAnonymousMethods = True
		$2.NewLinesForBracesInControlBlocks = True
		$2.NewLinesForBracesInAnonymousTypes = True
		$2.NewLinesForBracesInObjectCollectionArrayInitializers = True
		$2.NewLinesForBracesInLambdaExpressionBody = True
		$2.NewLineForElse = True
		$2.NewLineForCatch = True
		$2.NewLineForFinally = True
		$2.NewLineForMembersInObjectInit = True
		$2.NewLineForMembersInAnonymousTypes = True
		$2.NewLineForClausesInQuery = True
		$2.SpacingAfterMethodDeclarationName = False
		$2.SpaceAfterMethodCallName = False
		$2.SpaceBeforeOpenSquareBracket = False
		$2.inheritsSet = Mono
		$2.inheritsScope = text/x-csharp
		$2.scope = text/x-csharp
	EndGlobalSection
EndGlobal
