
Microsoft Visual Studio Solution File, Format Version 11.00
# Visual Studio 2010
Project("{2150E333-8FDC-42A3-9474-1A3956D46DE8}") = "Framework", "Framework", "{A7DADD4F-345E-4D55-9857-888EF224C5CE}"
EndProject
Project("{2150E333-8FDC-42A3-9474-1A3956D46DE8}") = "Container", "Container", "{B5FFA9B6-EF9E-48ED-84CE-8FD41D33B532}"
EndProject
Project("{FAE04EC0-301F-11D3-BF4B-00C04F79EFBC}") = "BestSellers.MD", "..\BestSellers\BestSellers.MD.csproj", "{A884E414-8FF4-4760-BE4E-36CA68F58CD7}"
EndProject
Project("{FAE04EC0-301F-11D3-BF4B-00C04F79EFBC}") = "BestSellers.Droid", "BestSellers.Droid.csproj", "{6AB65A58-4958-4377-821A-107F65D66110}"
EndProject
Project("{FAE04EC0-301F-11D3-BF4B-00C04F79EFBC}") = "Newtonsoft.Json.MonoDroid", "..\..\..\Library\Newtonsoft.Json\Newtonsoft.Json\Newtonsoft.Json.MonoDroid.csproj", "{E6C3413C-919B-486D-8B6C-225CBD921B98}"
EndProject
Project("{FAE04EC0-301F-11D3-BF4B-00C04F79EFBC}") = "Cirrious.MvvmCross.Android", "..\..\..\Cirrious\Cirrious.MvvmCross\Cirrious.MvvmCross.Android.csproj", "{7A6BE137-D0F1-46A1-AE5C-81FAEEDDDF02}"
EndProject
Project("{FAE04EC0-301F-11D3-BF4B-00C04F79EFBC}") = "Cirrious.MvvmCross.Binding.Android", "..\..\..\Cirrious\Cirrious.MvvmCross.Binding\Cirrious.MvvmCross.Binding.Android.csproj", "{47FD89C3-19DC-4BD2-9B6D-FB8363BE7EB9}"
EndProject
Global
	GlobalSection(SolutionConfigurationPlatforms) = preSolution
		Debug|Any CPU = Debug|Any CPU
		Release|Any CPU = Release|Any CPU
	EndGlobalSection
	GlobalSection(ProjectConfigurationPlatforms) = postSolution
		{A884E414-8FF4-4760-BE4E-36CA68F58CD7}.Debug|Any CPU.ActiveCfg = Debug|Any CPU
		{A884E414-8FF4-4760-BE4E-36CA68F58CD7}.Debug|Any CPU.Build.0 = Debug|Any CPU
		{A884E414-8FF4-4760-BE4E-36CA68F58CD7}.Release|Any CPU.ActiveCfg = Release|Any CPU
		{A884E414-8FF4-4760-BE4E-36CA68F58CD7}.Release|Any CPU.Build.0 = Release|Any CPU
		{6AB65A58-4958-4377-821A-107F65D66110}.Debug|Any CPU.ActiveCfg = Debug|Any CPU
		{6AB65A58-4958-4377-821A-107F65D66110}.Debug|Any CPU.Build.0 = Debug|Any CPU
		{6AB65A58-4958-4377-821A-107F65D66110}.Debug|Any CPU.Deploy.0 = Debug|Any CPU
		{6AB65A58-4958-4377-821A-107F65D66110}.Release|Any CPU.ActiveCfg = Release|Any CPU
		{6AB65A58-4958-4377-821A-107F65D66110}.Release|Any CPU.Build.0 = Release|Any CPU
		{6AB65A58-4958-4377-821A-107F65D66110}.Release|Any CPU.Deploy.0 = Release|Any CPU
		{E6C3413C-919B-486D-8B6C-225CBD921B98}.Debug|Any CPU.ActiveCfg = Debug|Any CPU
		{E6C3413C-919B-486D-8B6C-225CBD921B98}.Debug|Any CPU.Build.0 = Debug|Any CPU
		{E6C3413C-919B-486D-8B6C-225CBD921B98}.Release|Any CPU.ActiveCfg = Release|Any CPU
		{E6C3413C-919B-486D-8B6C-225CBD921B98}.Release|Any CPU.Build.0 = Release|Any CPU
		{7A6BE137-D0F1-46A1-AE5C-81FAEEDDDF02}.Debug|Any CPU.ActiveCfg = Debug|Any CPU
		{7A6BE137-D0F1-46A1-AE5C-81FAEEDDDF02}.Debug|Any CPU.Build.0 = Debug|Any CPU
		{7A6BE137-D0F1-46A1-AE5C-81FAEEDDDF02}.Release|Any CPU.ActiveCfg = Release|Any CPU
		{7A6BE137-D0F1-46A1-AE5C-81FAEEDDDF02}.Release|Any CPU.Build.0 = Release|Any CPU
		{47FD89C3-19DC-4BD2-9B6D-FB8363BE7EB9}.Debug|Any CPU.ActiveCfg = Debug|Any CPU
		{47FD89C3-19DC-4BD2-9B6D-FB8363BE7EB9}.Debug|Any CPU.Build.0 = Debug|Any CPU
		{47FD89C3-19DC-4BD2-9B6D-FB8363BE7EB9}.Release|Any CPU.ActiveCfg = Release|Any CPU
		{47FD89C3-19DC-4BD2-9B6D-FB8363BE7EB9}.Release|Any CPU.Build.0 = Release|Any CPU
	EndGlobalSection
	GlobalSection(SolutionProperties) = preSolution
		HideSolutionNode = FALSE
	EndGlobalSection
	GlobalSection(NestedProjects) = preSolution
		{E6C3413C-919B-486D-8B6C-225CBD921B98} = {A7DADD4F-345E-4D55-9857-888EF224C5CE}
		{7A6BE137-D0F1-46A1-AE5C-81FAEEDDDF02} = {A7DADD4F-345E-4D55-9857-888EF224C5CE}
		{47FD89C3-19DC-4BD2-9B6D-FB8363BE7EB9} = {A7DADD4F-345E-4D55-9857-888EF224C5CE}
		{6AB65A58-4958-4377-821A-107F65D66110} = {B5FFA9B6-EF9E-48ED-84CE-8FD41D33B532}
	EndGlobalSection
	GlobalSection(MonoDevelopProperties) = preSolution
		StartupItem = BestSellers.Droid\BestSellers.Droid.csproj
	EndGlobalSection
EndGlobal
