
Microsoft Visual Studio Solution File, Format Version 12.00
# Visual Studio 11
Project("{FAE04EC0-301F-11D3-BF4B-00C04F79EFBC}") = "TwitterSearch.UI.WP7", "TwitterSearch.UI.WP7\TwitterSearch.UI.WP7.csproj", "{DCFDC29E-FF44-470D-BB2D-2F35C46919CD}"
EndProject
Project("{FAE04EC0-301F-11D3-BF4B-00C04F79EFBC}") = "TwitterSearch.Core.WP7", "TwitterSearch.Core\TwitterSearch.Core.WP7.csproj", "{E8BFBF54-B23B-4DC2-BEB5-A01B1E0FF353}"
EndProject
Project("{2150E333-8FDC-42A3-9474-1A3956D46DE8}") = "WP7", "WP7", "{88E1425C-6E98-4C32-B164-928D6A70B307}"
EndProject
Project("{2150E333-8FDC-42A3-9474-1A3956D46DE8}") = "Android", "Android", "{0DB5372E-6CAE-45C4-8FF9-51FF3178F857}"
EndProject
Project("{FAE04EC0-301F-11D3-BF4B-00C04F79EFBC}") = "TwitterSearch.Core.Droid", "TwitterSearch.Core\TwitterSearch.Core.Droid.csproj", "{F178AF32-A329-4991-96A0-260A48BD7E8B}"
EndProject
Project("{FAE04EC0-301F-11D3-BF4B-00C04F79EFBC}") = "TwitterSearch.UI.Droid", "TwitterSearch.UI.Droid\TwitterSearch.UI.Droid.csproj", "{BA4CE3AA-7EC9-4D7A-84EE-55441B299FC9}"
EndProject
Project("{2150E333-8FDC-42A3-9474-1A3956D46DE8}") = "Touch", "Touch", "{93468B55-FC37-4676-A1B7-260D60D65A33}"
EndProject
Project("{FAE04EC0-301F-11D3-BF4B-00C04F79EFBC}") = "TwitterSearch.Core.Touch", "TwitterSearch.Core\TwitterSearch.Core.Touch.csproj", "{30EA44C7-EE97-45EC-B94D-5212CD89CEE9}"
EndProject
Project("{2150E333-8FDC-42A3-9474-1A3956D46DE8}") = "Win8", "Win8", "{6B341D01-ED3A-4B12-B34D-E0585185CB4B}"
EndProject
Project("{2150E333-8FDC-42A3-9474-1A3956D46DE8}") = "Console", "Console", "{5532B018-8977-4046-9E72-41AE0A69CD79}"
EndProject
Project("{FAE04EC0-301F-11D3-BF4B-00C04F79EFBC}") = "TwitterSearch.Core.Console", "TwitterSearch.Core\TwitterSearch.Core.Console.csproj", "{E981B54E-4440-464A-80EB-3B59EFA20EEF}"
EndProject
Project("{FAE04EC0-301F-11D3-BF4B-00C04F79EFBC}") = "TwitterSearch.UI.Console", "TwitterSearch.UI.Console\TwitterSearch.UI.Console.csproj", "{CA2D9FA4-58B1-4B38-994B-9A6855923A68}"
EndProject
Project("{FAE04EC0-301F-11D3-BF4B-00C04F79EFBC}") = "TwitterSearch.Test", "TwitterSearch.Test\TwitterSearch.Test.csproj", "{63A2887B-0B03-4873-A488-E745409EC3A5}"
EndProject
Project("{2150E333-8FDC-42A3-9474-1A3956D46DE8}") = "Solution Items", "Solution Items", "{43E19F87-F08A-45C3-B69F-B911BEC0B26D}"
	ProjectSection(SolutionItems) = preProject
		Local.testsettings = Local.testsettings
		TraceAndTestImpact.testsettings = TraceAndTestImpact.testsettings
		TwitterSearch.vsmdi = TwitterSearch.vsmdi
	EndProjectSection
EndProject
Project("{FAE04EC0-301F-11D3-BF4B-00C04F79EFBC}") = "TwitterSearch.UI.Touch", "TwitterSearch.UI.Touch\TwitterSearch.UI.Touch.csproj", "{FB02B5EE-F418-495C-BBCC-06507200D87D}"
EndProject
Project("{FAE04EC0-301F-11D3-BF4B-00C04F79EFBC}") = "TwitterSearch.Core.Win8", "TwitterSearch.Core\TwitterSearch.Core.Win8.csproj", "{065DF474-140D-4393-AA19-4B041DABA563}"
EndProject
Project("{FAE04EC0-301F-11D3-BF4B-00C04F79EFBC}") = "TwitterSearch.UI.Win8", "TwitterSearch.UI.Win8\TwitterSearch.UI.Win8.csproj", "{D3242C31-D305-4E81-A464-C39F2BAEA82F}"
EndProject
Global
	GlobalSection(TestCaseManagementSettings) = postSolution
		CategoryFile = TwitterSearch.vsmdi
	EndGlobalSection
	GlobalSection(SolutionConfigurationPlatforms) = preSolution
		AdHoc|ARM = AdHoc|ARM
		AdHoc|Any CPU = AdHoc|Any CPU
		AdHoc|Mixed Platforms = AdHoc|Mixed Platforms
		AdHoc|iPhone = AdHoc|iPhone
		AdHoc|iPhoneSimulator = AdHoc|iPhoneSimulator
		AdHoc|x64 = AdHoc|x64
		AdHoc|x86 = AdHoc|x86
		Debug|ARM = Debug|ARM
		Debug|Any CPU = Debug|Any CPU
		Debug|Mixed Platforms = Debug|Mixed Platforms
		Debug|iPhone = Debug|iPhone
		Debug|iPhoneSimulator = Debug|iPhoneSimulator
		Debug|x64 = Debug|x64
		Debug|x86 = Debug|x86
		Distribution|ARM = Distribution|ARM
		Distribution|Any CPU = Distribution|Any CPU
		Distribution|Mixed Platforms = Distribution|Mixed Platforms
		Distribution|iPhone = Distribution|iPhone
		Distribution|iPhoneSimulator = Distribution|iPhoneSimulator
		Distribution|x64 = Distribution|x64
		Distribution|x86 = Distribution|x86
		Release|ARM = Release|ARM
		Release|Any CPU = Release|Any CPU
		Release|Mixed Platforms = Release|Mixed Platforms
		Release|iPhone = Release|iPhone
		Release|iPhoneSimulator = Release|iPhoneSimulator
		Release|x64 = Release|x64
		Release|x86 = Release|x86
	EndGlobalSection
	GlobalSection(ProjectConfigurationPlatforms) = postSolution
		{065DF474-140D-4393-AA19-4B041DABA563}.AdHoc|ARM.ActiveCfg = Release|ARM
		{065DF474-140D-4393-AA19-4B041DABA563}.AdHoc|ARM.Build.0 = Release|ARM
		{065DF474-140D-4393-AA19-4B041DABA563}.AdHoc|Any CPU.ActiveCfg = Release|Any CPU
		{065DF474-140D-4393-AA19-4B041DABA563}.AdHoc|Any CPU.Build.0 = Release|Any CPU
		{065DF474-140D-4393-AA19-4B041DABA563}.AdHoc|Mixed Platforms.ActiveCfg = Release|x86
		{065DF474-140D-4393-AA19-4B041DABA563}.AdHoc|Mixed Platforms.Build.0 = Release|x86
		{065DF474-140D-4393-AA19-4B041DABA563}.AdHoc|iPhone.ActiveCfg = Release|Any CPU
		{065DF474-140D-4393-AA19-4B041DABA563}.AdHoc|iPhoneSimulator.ActiveCfg = Release|Any CPU
		{065DF474-140D-4393-AA19-4B041DABA563}.AdHoc|x64.ActiveCfg = Release|x64
		{065DF474-140D-4393-AA19-4B041DABA563}.AdHoc|x64.Build.0 = Release|x64
		{065DF474-140D-4393-AA19-4B041DABA563}.AdHoc|x86.ActiveCfg = Release|x86
		{065DF474-140D-4393-AA19-4B041DABA563}.AdHoc|x86.Build.0 = Release|x86
		{065DF474-140D-4393-AA19-4B041DABA563}.Debug|ARM.ActiveCfg = Debug|ARM
		{065DF474-140D-4393-AA19-4B041DABA563}.Debug|ARM.Build.0 = Debug|ARM
		{065DF474-140D-4393-AA19-4B041DABA563}.Debug|Any CPU.ActiveCfg = Debug|Any CPU
		{065DF474-140D-4393-AA19-4B041DABA563}.Debug|Any CPU.Build.0 = Debug|Any CPU
		{065DF474-140D-4393-AA19-4B041DABA563}.Debug|Mixed Platforms.ActiveCfg = Debug|x86
		{065DF474-140D-4393-AA19-4B041DABA563}.Debug|Mixed Platforms.Build.0 = Debug|x86
		{065DF474-140D-4393-AA19-4B041DABA563}.Debug|iPhone.ActiveCfg = Debug|Any CPU
		{065DF474-140D-4393-AA19-4B041DABA563}.Debug|iPhoneSimulator.ActiveCfg = Debug|Any CPU
		{065DF474-140D-4393-AA19-4B041DABA563}.Debug|x64.ActiveCfg = Debug|x64
		{065DF474-140D-4393-AA19-4B041DABA563}.Debug|x64.Build.0 = Debug|x64
		{065DF474-140D-4393-AA19-4B041DABA563}.Debug|x86.ActiveCfg = Debug|x86
		{065DF474-140D-4393-AA19-4B041DABA563}.Debug|x86.Build.0 = Debug|x86
		{065DF474-140D-4393-AA19-4B041DABA563}.Distribution|ARM.ActiveCfg = Debug|ARM
		{065DF474-140D-4393-AA19-4B041DABA563}.Distribution|ARM.Build.0 = Debug|ARM
		{065DF474-140D-4393-AA19-4B041DABA563}.Distribution|Any CPU.ActiveCfg = Debug|Any CPU
		{065DF474-140D-4393-AA19-4B041DABA563}.Distribution|Any CPU.Build.0 = Debug|Any CPU
		{065DF474-140D-4393-AA19-4B041DABA563}.Distribution|Mixed Platforms.ActiveCfg = Debug|x86
		{065DF474-140D-4393-AA19-4B041DABA563}.Distribution|Mixed Platforms.Build.0 = Debug|x86
		{065DF474-140D-4393-AA19-4B041DABA563}.Distribution|iPhone.ActiveCfg = Debug|Any CPU
		{065DF474-140D-4393-AA19-4B041DABA563}.Distribution|iPhoneSimulator.ActiveCfg = Debug|Any CPU
		{065DF474-140D-4393-AA19-4B041DABA563}.Distribution|x64.ActiveCfg = Debug|x64
		{065DF474-140D-4393-AA19-4B041DABA563}.Distribution|x64.Build.0 = Debug|x64
		{065DF474-140D-4393-AA19-4B041DABA563}.Distribution|x86.ActiveCfg = Debug|x86
		{065DF474-140D-4393-AA19-4B041DABA563}.Distribution|x86.Build.0 = Debug|x86
		{065DF474-140D-4393-AA19-4B041DABA563}.Release|ARM.ActiveCfg = Release|ARM
		{065DF474-140D-4393-AA19-4B041DABA563}.Release|ARM.Build.0 = Release|ARM
		{065DF474-140D-4393-AA19-4B041DABA563}.Release|Any CPU.ActiveCfg = Release|Any CPU
		{065DF474-140D-4393-AA19-4B041DABA563}.Release|Any CPU.Build.0 = Release|Any CPU
		{065DF474-140D-4393-AA19-4B041DABA563}.Release|Mixed Platforms.ActiveCfg = Release|x86
		{065DF474-140D-4393-AA19-4B041DABA563}.Release|Mixed Platforms.Build.0 = Release|x86
		{065DF474-140D-4393-AA19-4B041DABA563}.Release|iPhone.ActiveCfg = Release|Any CPU
		{065DF474-140D-4393-AA19-4B041DABA563}.Release|iPhoneSimulator.ActiveCfg = Release|Any CPU
		{065DF474-140D-4393-AA19-4B041DABA563}.Release|x64.ActiveCfg = Release|x64
		{065DF474-140D-4393-AA19-4B041DABA563}.Release|x64.Build.0 = Release|x64
		{065DF474-140D-4393-AA19-4B041DABA563}.Release|x86.ActiveCfg = Release|x86
		{065DF474-140D-4393-AA19-4B041DABA563}.Release|x86.Build.0 = Release|x86
		{30EA44C7-EE97-45EC-B94D-5212CD89CEE9}.AdHoc|ARM.ActiveCfg = AdHoc|Any CPU
		{30EA44C7-EE97-45EC-B94D-5212CD89CEE9}.AdHoc|Any CPU.ActiveCfg = AdHoc|Any CPU
		{30EA44C7-EE97-45EC-B94D-5212CD89CEE9}.AdHoc|Any CPU.Build.0 = AdHoc|Any CPU
		{30EA44C7-EE97-45EC-B94D-5212CD89CEE9}.AdHoc|Mixed Platforms.ActiveCfg = AdHoc|iPhone
		{30EA44C7-EE97-45EC-B94D-5212CD89CEE9}.AdHoc|Mixed Platforms.Build.0 = AdHoc|iPhone
		{30EA44C7-EE97-45EC-B94D-5212CD89CEE9}.AdHoc|iPhone.ActiveCfg = AdHoc|iPhone
		{30EA44C7-EE97-45EC-B94D-5212CD89CEE9}.AdHoc|iPhone.Build.0 = AdHoc|iPhone
		{30EA44C7-EE97-45EC-B94D-5212CD89CEE9}.AdHoc|iPhoneSimulator.ActiveCfg = AdHoc|iPhoneSimulator
		{30EA44C7-EE97-45EC-B94D-5212CD89CEE9}.AdHoc|iPhoneSimulator.Build.0 = AdHoc|iPhoneSimulator
		{30EA44C7-EE97-45EC-B94D-5212CD89CEE9}.AdHoc|x64.ActiveCfg = AdHoc|Any CPU
		{30EA44C7-EE97-45EC-B94D-5212CD89CEE9}.AdHoc|x86.ActiveCfg = AdHoc|iPhone
		{30EA44C7-EE97-45EC-B94D-5212CD89CEE9}.Debug|ARM.ActiveCfg = Debug|Any CPU
		{30EA44C7-EE97-45EC-B94D-5212CD89CEE9}.Debug|Any CPU.ActiveCfg = Debug|Any CPU
		{30EA44C7-EE97-45EC-B94D-5212CD89CEE9}.Debug|Any CPU.Build.0 = Debug|Any CPU
		{30EA44C7-EE97-45EC-B94D-5212CD89CEE9}.Debug|Mixed Platforms.ActiveCfg = Debug|iPhone
		{30EA44C7-EE97-45EC-B94D-5212CD89CEE9}.Debug|Mixed Platforms.Build.0 = Debug|iPhone
		{30EA44C7-EE97-45EC-B94D-5212CD89CEE9}.Debug|iPhone.ActiveCfg = Debug|iPhone
		{30EA44C7-EE97-45EC-B94D-5212CD89CEE9}.Debug|iPhone.Build.0 = Debug|iPhone
		{30EA44C7-EE97-45EC-B94D-5212CD89CEE9}.Debug|iPhoneSimulator.ActiveCfg = Debug|iPhoneSimulator
		{30EA44C7-EE97-45EC-B94D-5212CD89CEE9}.Debug|iPhoneSimulator.Build.0 = Debug|iPhoneSimulator
		{30EA44C7-EE97-45EC-B94D-5212CD89CEE9}.Debug|x64.ActiveCfg = Debug|Any CPU
		{30EA44C7-EE97-45EC-B94D-5212CD89CEE9}.Debug|x86.ActiveCfg = Debug|iPhone
		{30EA44C7-EE97-45EC-B94D-5212CD89CEE9}.Distribution|ARM.ActiveCfg = Debug|Any CPU
		{30EA44C7-EE97-45EC-B94D-5212CD89CEE9}.Distribution|Any CPU.ActiveCfg = Debug|iPhone
		{30EA44C7-EE97-45EC-B94D-5212CD89CEE9}.Distribution|Mixed Platforms.ActiveCfg = Debug|iPhone
		{30EA44C7-EE97-45EC-B94D-5212CD89CEE9}.Distribution|Mixed Platforms.Build.0 = Debug|iPhone
		{30EA44C7-EE97-45EC-B94D-5212CD89CEE9}.Distribution|iPhone.ActiveCfg = Debug|iPhone
		{30EA44C7-EE97-45EC-B94D-5212CD89CEE9}.Distribution|iPhone.Build.0 = Debug|iPhone
		{30EA44C7-EE97-45EC-B94D-5212CD89CEE9}.Distribution|iPhoneSimulator.ActiveCfg = Debug|iPhone
		{30EA44C7-EE97-45EC-B94D-5212CD89CEE9}.Distribution|x64.ActiveCfg = Debug|Any CPU
		{30EA44C7-EE97-45EC-B94D-5212CD89CEE9}.Distribution|x86.ActiveCfg = Debug|iPhone
		{30EA44C7-EE97-45EC-B94D-5212CD89CEE9}.Release|ARM.ActiveCfg = Release|Any CPU
		{30EA44C7-EE97-45EC-B94D-5212CD89CEE9}.Release|Any CPU.ActiveCfg = Release|Any CPU
		{30EA44C7-EE97-45EC-B94D-5212CD89CEE9}.Release|Any CPU.Build.0 = Release|Any CPU
		{30EA44C7-EE97-45EC-B94D-5212CD89CEE9}.Release|Mixed Platforms.ActiveCfg = Release|iPhone
		{30EA44C7-EE97-45EC-B94D-5212CD89CEE9}.Release|Mixed Platforms.Build.0 = Release|iPhone
		{30EA44C7-EE97-45EC-B94D-5212CD89CEE9}.Release|iPhone.ActiveCfg = Release|iPhone
		{30EA44C7-EE97-45EC-B94D-5212CD89CEE9}.Release|iPhone.Build.0 = Release|iPhone
		{30EA44C7-EE97-45EC-B94D-5212CD89CEE9}.Release|iPhoneSimulator.ActiveCfg = Release|iPhoneSimulator
		{30EA44C7-EE97-45EC-B94D-5212CD89CEE9}.Release|iPhoneSimulator.Build.0 = Release|iPhoneSimulator
		{30EA44C7-EE97-45EC-B94D-5212CD89CEE9}.Release|x64.ActiveCfg = Release|Any CPU
		{30EA44C7-EE97-45EC-B94D-5212CD89CEE9}.Release|x86.ActiveCfg = Release|iPhone
		{63A2887B-0B03-4873-A488-E745409EC3A5}.AdHoc|ARM.ActiveCfg = Release|Any CPU
		{63A2887B-0B03-4873-A488-E745409EC3A5}.AdHoc|Any CPU.ActiveCfg = Release|Any CPU
		{63A2887B-0B03-4873-A488-E745409EC3A5}.AdHoc|Any CPU.Build.0 = Release|Any CPU
		{63A2887B-0B03-4873-A488-E745409EC3A5}.AdHoc|Mixed Platforms.ActiveCfg = Release|Any CPU
		{63A2887B-0B03-4873-A488-E745409EC3A5}.AdHoc|Mixed Platforms.Build.0 = Release|Any CPU
		{63A2887B-0B03-4873-A488-E745409EC3A5}.AdHoc|iPhone.ActiveCfg = Release|Any CPU
		{63A2887B-0B03-4873-A488-E745409EC3A5}.AdHoc|iPhoneSimulator.ActiveCfg = Release|Any CPU
		{63A2887B-0B03-4873-A488-E745409EC3A5}.AdHoc|x64.ActiveCfg = Release|Any CPU
		{63A2887B-0B03-4873-A488-E745409EC3A5}.AdHoc|x86.ActiveCfg = Release|Any CPU
		{63A2887B-0B03-4873-A488-E745409EC3A5}.Debug|ARM.ActiveCfg = Debug|Any CPU
		{63A2887B-0B03-4873-A488-E745409EC3A5}.Debug|Any CPU.ActiveCfg = Debug|Any CPU
		{63A2887B-0B03-4873-A488-E745409EC3A5}.Debug|Any CPU.Build.0 = Debug|Any CPU
		{63A2887B-0B03-4873-A488-E745409EC3A5}.Debug|Mixed Platforms.ActiveCfg = Debug|Any CPU
		{63A2887B-0B03-4873-A488-E745409EC3A5}.Debug|Mixed Platforms.Build.0 = Debug|Any CPU
		{63A2887B-0B03-4873-A488-E745409EC3A5}.Debug|iPhone.ActiveCfg = Debug|Any CPU
		{63A2887B-0B03-4873-A488-E745409EC3A5}.Debug|iPhoneSimulator.ActiveCfg = Debug|Any CPU
		{63A2887B-0B03-4873-A488-E745409EC3A5}.Debug|x64.ActiveCfg = Debug|Any CPU
		{63A2887B-0B03-4873-A488-E745409EC3A5}.Debug|x86.ActiveCfg = Debug|Any CPU
		{63A2887B-0B03-4873-A488-E745409EC3A5}.Distribution|ARM.ActiveCfg = Debug|Any CPU
		{63A2887B-0B03-4873-A488-E745409EC3A5}.Distribution|Any CPU.ActiveCfg = Debug|Any CPU
		{63A2887B-0B03-4873-A488-E745409EC3A5}.Distribution|Any CPU.Build.0 = Debug|Any CPU
		{63A2887B-0B03-4873-A488-E745409EC3A5}.Distribution|Mixed Platforms.ActiveCfg = Debug|Any CPU
		{63A2887B-0B03-4873-A488-E745409EC3A5}.Distribution|Mixed Platforms.Build.0 = Debug|Any CPU
		{63A2887B-0B03-4873-A488-E745409EC3A5}.Distribution|iPhone.ActiveCfg = Debug|Any CPU
		{63A2887B-0B03-4873-A488-E745409EC3A5}.Distribution|iPhoneSimulator.ActiveCfg = Debug|Any CPU
		{63A2887B-0B03-4873-A488-E745409EC3A5}.Distribution|x64.ActiveCfg = Debug|Any CPU
		{63A2887B-0B03-4873-A488-E745409EC3A5}.Distribution|x86.ActiveCfg = Debug|Any CPU
		{63A2887B-0B03-4873-A488-E745409EC3A5}.Release|ARM.ActiveCfg = Release|Any CPU
		{63A2887B-0B03-4873-A488-E745409EC3A5}.Release|Any CPU.ActiveCfg = Release|Any CPU
		{63A2887B-0B03-4873-A488-E745409EC3A5}.Release|Any CPU.Build.0 = Release|Any CPU
		{63A2887B-0B03-4873-A488-E745409EC3A5}.Release|Mixed Platforms.ActiveCfg = Release|Any CPU
		{63A2887B-0B03-4873-A488-E745409EC3A5}.Release|Mixed Platforms.Build.0 = Release|Any CPU
		{63A2887B-0B03-4873-A488-E745409EC3A5}.Release|iPhone.ActiveCfg = Release|Any CPU
		{63A2887B-0B03-4873-A488-E745409EC3A5}.Release|iPhoneSimulator.ActiveCfg = Release|Any CPU
		{63A2887B-0B03-4873-A488-E745409EC3A5}.Release|x64.ActiveCfg = Release|Any CPU
		{63A2887B-0B03-4873-A488-E745409EC3A5}.Release|x86.ActiveCfg = Release|Any CPU
		{BA4CE3AA-7EC9-4D7A-84EE-55441B299FC9}.AdHoc|ARM.ActiveCfg = Debug|Any CPU
		{BA4CE3AA-7EC9-4D7A-84EE-55441B299FC9}.AdHoc|Any CPU.ActiveCfg = Release|Any CPU
		{BA4CE3AA-7EC9-4D7A-84EE-55441B299FC9}.AdHoc|Any CPU.Build.0 = Release|Any CPU
		{BA4CE3AA-7EC9-4D7A-84EE-55441B299FC9}.AdHoc|Any CPU.Deploy.0 = Release|Any CPU
		{BA4CE3AA-7EC9-4D7A-84EE-55441B299FC9}.AdHoc|Mixed Platforms.ActiveCfg = Release|Any CPU
		{BA4CE3AA-7EC9-4D7A-84EE-55441B299FC9}.AdHoc|Mixed Platforms.Build.0 = Release|Any CPU
		{BA4CE3AA-7EC9-4D7A-84EE-55441B299FC9}.AdHoc|Mixed Platforms.Deploy.0 = Release|Any CPU
		{BA4CE3AA-7EC9-4D7A-84EE-55441B299FC9}.AdHoc|iPhone.ActiveCfg = Release|Any CPU
		{BA4CE3AA-7EC9-4D7A-84EE-55441B299FC9}.AdHoc|iPhoneSimulator.ActiveCfg = Release|Any CPU
		{BA4CE3AA-7EC9-4D7A-84EE-55441B299FC9}.AdHoc|x64.ActiveCfg = Debug|Any CPU
		{BA4CE3AA-7EC9-4D7A-84EE-55441B299FC9}.AdHoc|x86.ActiveCfg = Release|Any CPU
		{BA4CE3AA-7EC9-4D7A-84EE-55441B299FC9}.Debug|ARM.ActiveCfg = Debug|Any CPU
		{BA4CE3AA-7EC9-4D7A-84EE-55441B299FC9}.Debug|Any CPU.ActiveCfg = Debug|Any CPU
		{BA4CE3AA-7EC9-4D7A-84EE-55441B299FC9}.Debug|Any CPU.Build.0 = Debug|Any CPU
		{BA4CE3AA-7EC9-4D7A-84EE-55441B299FC9}.Debug|Any CPU.Deploy.0 = Debug|Any CPU
		{BA4CE3AA-7EC9-4D7A-84EE-55441B299FC9}.Debug|Mixed Platforms.ActiveCfg = Debug|Any CPU
		{BA4CE3AA-7EC9-4D7A-84EE-55441B299FC9}.Debug|Mixed Platforms.Build.0 = Debug|Any CPU
		{BA4CE3AA-7EC9-4D7A-84EE-55441B299FC9}.Debug|Mixed Platforms.Deploy.0 = Debug|Any CPU
		{BA4CE3AA-7EC9-4D7A-84EE-55441B299FC9}.Debug|iPhone.ActiveCfg = Debug|Any CPU
		{BA4CE3AA-7EC9-4D7A-84EE-55441B299FC9}.Debug|iPhoneSimulator.ActiveCfg = Debug|Any CPU
		{BA4CE3AA-7EC9-4D7A-84EE-55441B299FC9}.Debug|x64.ActiveCfg = Debug|Any CPU
		{BA4CE3AA-7EC9-4D7A-84EE-55441B299FC9}.Debug|x86.ActiveCfg = Debug|Any CPU
		{BA4CE3AA-7EC9-4D7A-84EE-55441B299FC9}.Distribution|ARM.ActiveCfg = Debug|Any CPU
		{BA4CE3AA-7EC9-4D7A-84EE-55441B299FC9}.Distribution|Any CPU.ActiveCfg = Debug|Any CPU
		{BA4CE3AA-7EC9-4D7A-84EE-55441B299FC9}.Distribution|Any CPU.Build.0 = Debug|Any CPU
		{BA4CE3AA-7EC9-4D7A-84EE-55441B299FC9}.Distribution|Any CPU.Deploy.0 = Debug|Any CPU
		{BA4CE3AA-7EC9-4D7A-84EE-55441B299FC9}.Distribution|Mixed Platforms.ActiveCfg = Debug|Any CPU
		{BA4CE3AA-7EC9-4D7A-84EE-55441B299FC9}.Distribution|Mixed Platforms.Build.0 = Debug|Any CPU
		{BA4CE3AA-7EC9-4D7A-84EE-55441B299FC9}.Distribution|Mixed Platforms.Deploy.0 = Debug|Any CPU
		{BA4CE3AA-7EC9-4D7A-84EE-55441B299FC9}.Distribution|iPhone.ActiveCfg = Debug|Any CPU
		{BA4CE3AA-7EC9-4D7A-84EE-55441B299FC9}.Distribution|iPhoneSimulator.ActiveCfg = Debug|Any CPU
		{BA4CE3AA-7EC9-4D7A-84EE-55441B299FC9}.Distribution|x64.ActiveCfg = Debug|Any CPU
		{BA4CE3AA-7EC9-4D7A-84EE-55441B299FC9}.Distribution|x86.ActiveCfg = Debug|Any CPU
		{BA4CE3AA-7EC9-4D7A-84EE-55441B299FC9}.Release|ARM.ActiveCfg = Release|Any CPU
		{BA4CE3AA-7EC9-4D7A-84EE-55441B299FC9}.Release|Any CPU.ActiveCfg = Release|Any CPU
		{BA4CE3AA-7EC9-4D7A-84EE-55441B299FC9}.Release|Any CPU.Build.0 = Release|Any CPU
		{BA4CE3AA-7EC9-4D7A-84EE-55441B299FC9}.Release|Any CPU.Deploy.0 = Release|Any CPU
		{BA4CE3AA-7EC9-4D7A-84EE-55441B299FC9}.Release|Mixed Platforms.ActiveCfg = Release|Any CPU
		{BA4CE3AA-7EC9-4D7A-84EE-55441B299FC9}.Release|Mixed Platforms.Build.0 = Release|Any CPU
		{BA4CE3AA-7EC9-4D7A-84EE-55441B299FC9}.Release|Mixed Platforms.Deploy.0 = Release|Any CPU
		{BA4CE3AA-7EC9-4D7A-84EE-55441B299FC9}.Release|iPhone.ActiveCfg = Release|Any CPU
		{BA4CE3AA-7EC9-4D7A-84EE-55441B299FC9}.Release|iPhoneSimulator.ActiveCfg = Release|Any CPU
		{BA4CE3AA-7EC9-4D7A-84EE-55441B299FC9}.Release|x64.ActiveCfg = Release|Any CPU
		{BA4CE3AA-7EC9-4D7A-84EE-55441B299FC9}.Release|x86.ActiveCfg = Release|Any CPU
		{CA2D9FA4-58B1-4B38-994B-9A6855923A68}.AdHoc|ARM.ActiveCfg = Release|x86
		{CA2D9FA4-58B1-4B38-994B-9A6855923A68}.AdHoc|Any CPU.ActiveCfg = Release|x86
		{CA2D9FA4-58B1-4B38-994B-9A6855923A68}.AdHoc|Mixed Platforms.ActiveCfg = Release|x86
		{CA2D9FA4-58B1-4B38-994B-9A6855923A68}.AdHoc|Mixed Platforms.Build.0 = Release|x86
		{CA2D9FA4-58B1-4B38-994B-9A6855923A68}.AdHoc|iPhone.ActiveCfg = Release|x86
		{CA2D9FA4-58B1-4B38-994B-9A6855923A68}.AdHoc|iPhoneSimulator.ActiveCfg = Release|x86
		{CA2D9FA4-58B1-4B38-994B-9A6855923A68}.AdHoc|x64.ActiveCfg = Release|x86
		{CA2D9FA4-58B1-4B38-994B-9A6855923A68}.AdHoc|x86.ActiveCfg = Release|x86
		{CA2D9FA4-58B1-4B38-994B-9A6855923A68}.AdHoc|x86.Build.0 = Release|x86
		{CA2D9FA4-58B1-4B38-994B-9A6855923A68}.Debug|ARM.ActiveCfg = Debug|x86
		{CA2D9FA4-58B1-4B38-994B-9A6855923A68}.Debug|Any CPU.ActiveCfg = Debug|x86
		{CA2D9FA4-58B1-4B38-994B-9A6855923A68}.Debug|Mixed Platforms.ActiveCfg = Debug|x86
		{CA2D9FA4-58B1-4B38-994B-9A6855923A68}.Debug|Mixed Platforms.Build.0 = Debug|x86
		{CA2D9FA4-58B1-4B38-994B-9A6855923A68}.Debug|iPhone.ActiveCfg = Debug|x86
		{CA2D9FA4-58B1-4B38-994B-9A6855923A68}.Debug|iPhoneSimulator.ActiveCfg = Debug|x86
		{CA2D9FA4-58B1-4B38-994B-9A6855923A68}.Debug|x64.ActiveCfg = Debug|x86
		{CA2D9FA4-58B1-4B38-994B-9A6855923A68}.Debug|x86.ActiveCfg = Debug|x86
		{CA2D9FA4-58B1-4B38-994B-9A6855923A68}.Debug|x86.Build.0 = Debug|x86
		{CA2D9FA4-58B1-4B38-994B-9A6855923A68}.Distribution|ARM.ActiveCfg = Debug|x86
		{CA2D9FA4-58B1-4B38-994B-9A6855923A68}.Distribution|Any CPU.ActiveCfg = Debug|x86
		{CA2D9FA4-58B1-4B38-994B-9A6855923A68}.Distribution|Mixed Platforms.ActiveCfg = Debug|x86
		{CA2D9FA4-58B1-4B38-994B-9A6855923A68}.Distribution|Mixed Platforms.Build.0 = Debug|x86
		{CA2D9FA4-58B1-4B38-994B-9A6855923A68}.Distribution|iPhone.ActiveCfg = Debug|x86
		{CA2D9FA4-58B1-4B38-994B-9A6855923A68}.Distribution|iPhoneSimulator.ActiveCfg = Debug|x86
		{CA2D9FA4-58B1-4B38-994B-9A6855923A68}.Distribution|x64.ActiveCfg = Debug|x86
		{CA2D9FA4-58B1-4B38-994B-9A6855923A68}.Distribution|x86.ActiveCfg = Debug|x86
		{CA2D9FA4-58B1-4B38-994B-9A6855923A68}.Distribution|x86.Build.0 = Debug|x86
		{CA2D9FA4-58B1-4B38-994B-9A6855923A68}.Release|ARM.ActiveCfg = Release|x86
		{CA2D9FA4-58B1-4B38-994B-9A6855923A68}.Release|Any CPU.ActiveCfg = Release|x86
		{CA2D9FA4-58B1-4B38-994B-9A6855923A68}.Release|Mixed Platforms.ActiveCfg = Release|x86
		{CA2D9FA4-58B1-4B38-994B-9A6855923A68}.Release|Mixed Platforms.Build.0 = Release|x86
		{CA2D9FA4-58B1-4B38-994B-9A6855923A68}.Release|iPhone.ActiveCfg = Release|x86
		{CA2D9FA4-58B1-4B38-994B-9A6855923A68}.Release|iPhoneSimulator.ActiveCfg = Release|x86
		{CA2D9FA4-58B1-4B38-994B-9A6855923A68}.Release|x64.ActiveCfg = Release|x86
		{CA2D9FA4-58B1-4B38-994B-9A6855923A68}.Release|x86.ActiveCfg = Release|x86
		{CA2D9FA4-58B1-4B38-994B-9A6855923A68}.Release|x86.Build.0 = Release|x86
		{D3242C31-D305-4E81-A464-C39F2BAEA82F}.AdHoc|ARM.ActiveCfg = Release|ARM
		{D3242C31-D305-4E81-A464-C39F2BAEA82F}.AdHoc|ARM.Build.0 = Release|ARM
		{D3242C31-D305-4E81-A464-C39F2BAEA82F}.AdHoc|ARM.Deploy.0 = Release|ARM
		{D3242C31-D305-4E81-A464-C39F2BAEA82F}.AdHoc|Any CPU.ActiveCfg = Release|Any CPU
		{D3242C31-D305-4E81-A464-C39F2BAEA82F}.AdHoc|Any CPU.Build.0 = Release|Any CPU
		{D3242C31-D305-4E81-A464-C39F2BAEA82F}.AdHoc|Any CPU.Deploy.0 = Release|Any CPU
		{D3242C31-D305-4E81-A464-C39F2BAEA82F}.AdHoc|Mixed Platforms.ActiveCfg = Release|x86
		{D3242C31-D305-4E81-A464-C39F2BAEA82F}.AdHoc|Mixed Platforms.Build.0 = Release|x86
		{D3242C31-D305-4E81-A464-C39F2BAEA82F}.AdHoc|Mixed Platforms.Deploy.0 = Release|x86
		{D3242C31-D305-4E81-A464-C39F2BAEA82F}.AdHoc|iPhone.ActiveCfg = Release|Any CPU
		{D3242C31-D305-4E81-A464-C39F2BAEA82F}.AdHoc|iPhoneSimulator.ActiveCfg = Release|Any CPU
		{D3242C31-D305-4E81-A464-C39F2BAEA82F}.AdHoc|x64.ActiveCfg = Release|x64
		{D3242C31-D305-4E81-A464-C39F2BAEA82F}.AdHoc|x64.Build.0 = Release|x64
		{D3242C31-D305-4E81-A464-C39F2BAEA82F}.AdHoc|x64.Deploy.0 = Release|x64
		{D3242C31-D305-4E81-A464-C39F2BAEA82F}.AdHoc|x86.ActiveCfg = Release|x86
		{D3242C31-D305-4E81-A464-C39F2BAEA82F}.AdHoc|x86.Build.0 = Release|x86
		{D3242C31-D305-4E81-A464-C39F2BAEA82F}.AdHoc|x86.Deploy.0 = Release|x86
		{D3242C31-D305-4E81-A464-C39F2BAEA82F}.Debug|ARM.ActiveCfg = Debug|ARM
		{D3242C31-D305-4E81-A464-C39F2BAEA82F}.Debug|ARM.Build.0 = Debug|ARM
		{D3242C31-D305-4E81-A464-C39F2BAEA82F}.Debug|ARM.Deploy.0 = Debug|ARM
		{D3242C31-D305-4E81-A464-C39F2BAEA82F}.Debug|Any CPU.ActiveCfg = Debug|Any CPU
		{D3242C31-D305-4E81-A464-C39F2BAEA82F}.Debug|Any CPU.Build.0 = Debug|Any CPU
		{D3242C31-D305-4E81-A464-C39F2BAEA82F}.Debug|Any CPU.Deploy.0 = Debug|Any CPU
		{D3242C31-D305-4E81-A464-C39F2BAEA82F}.Debug|Mixed Platforms.ActiveCfg = Debug|x86
		{D3242C31-D305-4E81-A464-C39F2BAEA82F}.Debug|Mixed Platforms.Build.0 = Debug|x86
		{D3242C31-D305-4E81-A464-C39F2BAEA82F}.Debug|Mixed Platforms.Deploy.0 = Debug|x86
		{D3242C31-D305-4E81-A464-C39F2BAEA82F}.Debug|iPhone.ActiveCfg = Debug|Any CPU
		{D3242C31-D305-4E81-A464-C39F2BAEA82F}.Debug|iPhoneSimulator.ActiveCfg = Debug|Any CPU
		{D3242C31-D305-4E81-A464-C39F2BAEA82F}.Debug|x64.ActiveCfg = Debug|x64
		{D3242C31-D305-4E81-A464-C39F2BAEA82F}.Debug|x64.Build.0 = Debug|x64
		{D3242C31-D305-4E81-A464-C39F2BAEA82F}.Debug|x64.Deploy.0 = Debug|x64
		{D3242C31-D305-4E81-A464-C39F2BAEA82F}.Debug|x86.ActiveCfg = Debug|x86
		{D3242C31-D305-4E81-A464-C39F2BAEA82F}.Debug|x86.Build.0 = Debug|x86
		{D3242C31-D305-4E81-A464-C39F2BAEA82F}.Debug|x86.Deploy.0 = Debug|x86
		{D3242C31-D305-4E81-A464-C39F2BAEA82F}.Distribution|ARM.ActiveCfg = Debug|ARM
		{D3242C31-D305-4E81-A464-C39F2BAEA82F}.Distribution|ARM.Build.0 = Debug|ARM
		{D3242C31-D305-4E81-A464-C39F2BAEA82F}.Distribution|ARM.Deploy.0 = Debug|ARM
		{D3242C31-D305-4E81-A464-C39F2BAEA82F}.Distribution|Any CPU.ActiveCfg = Debug|Any CPU
		{D3242C31-D305-4E81-A464-C39F2BAEA82F}.Distribution|Any CPU.Build.0 = Debug|Any CPU
		{D3242C31-D305-4E81-A464-C39F2BAEA82F}.Distribution|Any CPU.Deploy.0 = Debug|Any CPU
		{D3242C31-D305-4E81-A464-C39F2BAEA82F}.Distribution|Mixed Platforms.ActiveCfg = Debug|x86
		{D3242C31-D305-4E81-A464-C39F2BAEA82F}.Distribution|Mixed Platforms.Build.0 = Debug|x86
		{D3242C31-D305-4E81-A464-C39F2BAEA82F}.Distribution|Mixed Platforms.Deploy.0 = Debug|x86
		{D3242C31-D305-4E81-A464-C39F2BAEA82F}.Distribution|iPhone.ActiveCfg = Debug|Any CPU
		{D3242C31-D305-4E81-A464-C39F2BAEA82F}.Distribution|iPhoneSimulator.ActiveCfg = Debug|Any CPU
		{D3242C31-D305-4E81-A464-C39F2BAEA82F}.Distribution|x64.ActiveCfg = Debug|x64
		{D3242C31-D305-4E81-A464-C39F2BAEA82F}.Distribution|x64.Build.0 = Debug|x64
		{D3242C31-D305-4E81-A464-C39F2BAEA82F}.Distribution|x64.Deploy.0 = Debug|x64
		{D3242C31-D305-4E81-A464-C39F2BAEA82F}.Distribution|x86.ActiveCfg = Debug|x86
		{D3242C31-D305-4E81-A464-C39F2BAEA82F}.Distribution|x86.Build.0 = Debug|x86
		{D3242C31-D305-4E81-A464-C39F2BAEA82F}.Distribution|x86.Deploy.0 = Debug|x86
		{D3242C31-D305-4E81-A464-C39F2BAEA82F}.Release|ARM.ActiveCfg = Release|ARM
		{D3242C31-D305-4E81-A464-C39F2BAEA82F}.Release|ARM.Build.0 = Release|ARM
		{D3242C31-D305-4E81-A464-C39F2BAEA82F}.Release|ARM.Deploy.0 = Release|ARM
		{D3242C31-D305-4E81-A464-C39F2BAEA82F}.Release|Any CPU.ActiveCfg = Release|Any CPU
		{D3242C31-D305-4E81-A464-C39F2BAEA82F}.Release|Any CPU.Build.0 = Release|Any CPU
		{D3242C31-D305-4E81-A464-C39F2BAEA82F}.Release|Any CPU.Deploy.0 = Release|Any CPU
		{D3242C31-D305-4E81-A464-C39F2BAEA82F}.Release|Mixed Platforms.ActiveCfg = Release|x86
		{D3242C31-D305-4E81-A464-C39F2BAEA82F}.Release|Mixed Platforms.Build.0 = Release|x86
		{D3242C31-D305-4E81-A464-C39F2BAEA82F}.Release|Mixed Platforms.Deploy.0 = Release|x86
		{D3242C31-D305-4E81-A464-C39F2BAEA82F}.Release|iPhone.ActiveCfg = Release|Any CPU
		{D3242C31-D305-4E81-A464-C39F2BAEA82F}.Release|iPhoneSimulator.ActiveCfg = Release|Any CPU
		{D3242C31-D305-4E81-A464-C39F2BAEA82F}.Release|x64.ActiveCfg = Release|x64
		{D3242C31-D305-4E81-A464-C39F2BAEA82F}.Release|x64.Build.0 = Release|x64
		{D3242C31-D305-4E81-A464-C39F2BAEA82F}.Release|x64.Deploy.0 = Release|x64
		{D3242C31-D305-4E81-A464-C39F2BAEA82F}.Release|x86.ActiveCfg = Release|x86
		{D3242C31-D305-4E81-A464-C39F2BAEA82F}.Release|x86.Build.0 = Release|x86
		{D3242C31-D305-4E81-A464-C39F2BAEA82F}.Release|x86.Deploy.0 = Release|x86
		{DCFDC29E-FF44-470D-BB2D-2F35C46919CD}.AdHoc|ARM.ActiveCfg = Debug|Any CPU
		{DCFDC29E-FF44-470D-BB2D-2F35C46919CD}.AdHoc|Any CPU.ActiveCfg = Release|Any CPU
		{DCFDC29E-FF44-470D-BB2D-2F35C46919CD}.AdHoc|Any CPU.Build.0 = Release|Any CPU
		{DCFDC29E-FF44-470D-BB2D-2F35C46919CD}.AdHoc|Any CPU.Deploy.0 = Release|Any CPU
		{DCFDC29E-FF44-470D-BB2D-2F35C46919CD}.AdHoc|Mixed Platforms.ActiveCfg = Release|Any CPU
		{DCFDC29E-FF44-470D-BB2D-2F35C46919CD}.AdHoc|Mixed Platforms.Build.0 = Release|Any CPU
		{DCFDC29E-FF44-470D-BB2D-2F35C46919CD}.AdHoc|Mixed Platforms.Deploy.0 = Release|Any CPU
		{DCFDC29E-FF44-470D-BB2D-2F35C46919CD}.AdHoc|iPhone.ActiveCfg = Release|Any CPU
		{DCFDC29E-FF44-470D-BB2D-2F35C46919CD}.AdHoc|iPhoneSimulator.ActiveCfg = Release|Any CPU
		{DCFDC29E-FF44-470D-BB2D-2F35C46919CD}.AdHoc|x64.ActiveCfg = Debug|Any CPU
		{DCFDC29E-FF44-470D-BB2D-2F35C46919CD}.AdHoc|x86.ActiveCfg = Release|Any CPU
		{DCFDC29E-FF44-470D-BB2D-2F35C46919CD}.Debug|ARM.ActiveCfg = Debug|Any CPU
		{DCFDC29E-FF44-470D-BB2D-2F35C46919CD}.Debug|Any CPU.ActiveCfg = Debug|Any CPU
		{DCFDC29E-FF44-470D-BB2D-2F35C46919CD}.Debug|Any CPU.Build.0 = Debug|Any CPU
		{DCFDC29E-FF44-470D-BB2D-2F35C46919CD}.Debug|Any CPU.Deploy.0 = Debug|Any CPU
		{DCFDC29E-FF44-470D-BB2D-2F35C46919CD}.Debug|Mixed Platforms.ActiveCfg = Debug|Any CPU
		{DCFDC29E-FF44-470D-BB2D-2F35C46919CD}.Debug|Mixed Platforms.Build.0 = Debug|Any CPU
		{DCFDC29E-FF44-470D-BB2D-2F35C46919CD}.Debug|Mixed Platforms.Deploy.0 = Debug|Any CPU
		{DCFDC29E-FF44-470D-BB2D-2F35C46919CD}.Debug|iPhone.ActiveCfg = Debug|Any CPU
		{DCFDC29E-FF44-470D-BB2D-2F35C46919CD}.Debug|iPhoneSimulator.ActiveCfg = Debug|Any CPU
		{DCFDC29E-FF44-470D-BB2D-2F35C46919CD}.Debug|x64.ActiveCfg = Debug|Any CPU
		{DCFDC29E-FF44-470D-BB2D-2F35C46919CD}.Debug|x86.ActiveCfg = Debug|Any CPU
		{DCFDC29E-FF44-470D-BB2D-2F35C46919CD}.Distribution|ARM.ActiveCfg = Debug|Any CPU
		{DCFDC29E-FF44-470D-BB2D-2F35C46919CD}.Distribution|Any CPU.ActiveCfg = Debug|Any CPU
		{DCFDC29E-FF44-470D-BB2D-2F35C46919CD}.Distribution|Any CPU.Build.0 = Debug|Any CPU
		{DCFDC29E-FF44-470D-BB2D-2F35C46919CD}.Distribution|Any CPU.Deploy.0 = Debug|Any CPU
		{DCFDC29E-FF44-470D-BB2D-2F35C46919CD}.Distribution|Mixed Platforms.ActiveCfg = Debug|Any CPU
		{DCFDC29E-FF44-470D-BB2D-2F35C46919CD}.Distribution|Mixed Platforms.Build.0 = Debug|Any CPU
		{DCFDC29E-FF44-470D-BB2D-2F35C46919CD}.Distribution|Mixed Platforms.Deploy.0 = Debug|Any CPU
		{DCFDC29E-FF44-470D-BB2D-2F35C46919CD}.Distribution|iPhone.ActiveCfg = Debug|Any CPU
		{DCFDC29E-FF44-470D-BB2D-2F35C46919CD}.Distribution|iPhoneSimulator.ActiveCfg = Debug|Any CPU
		{DCFDC29E-FF44-470D-BB2D-2F35C46919CD}.Distribution|x64.ActiveCfg = Debug|Any CPU
		{DCFDC29E-FF44-470D-BB2D-2F35C46919CD}.Distribution|x86.ActiveCfg = Debug|Any CPU
		{DCFDC29E-FF44-470D-BB2D-2F35C46919CD}.Release|ARM.ActiveCfg = Release|Any CPU
		{DCFDC29E-FF44-470D-BB2D-2F35C46919CD}.Release|Any CPU.ActiveCfg = Release|Any CPU
		{DCFDC29E-FF44-470D-BB2D-2F35C46919CD}.Release|Any CPU.Build.0 = Release|Any CPU
		{DCFDC29E-FF44-470D-BB2D-2F35C46919CD}.Release|Any CPU.Deploy.0 = Release|Any CPU
		{DCFDC29E-FF44-470D-BB2D-2F35C46919CD}.Release|Mixed Platforms.ActiveCfg = Release|Any CPU
		{DCFDC29E-FF44-470D-BB2D-2F35C46919CD}.Release|Mixed Platforms.Build.0 = Release|Any CPU
		{DCFDC29E-FF44-470D-BB2D-2F35C46919CD}.Release|Mixed Platforms.Deploy.0 = Release|Any CPU
		{DCFDC29E-FF44-470D-BB2D-2F35C46919CD}.Release|iPhone.ActiveCfg = Release|Any CPU
		{DCFDC29E-FF44-470D-BB2D-2F35C46919CD}.Release|iPhoneSimulator.ActiveCfg = Release|Any CPU
		{DCFDC29E-FF44-470D-BB2D-2F35C46919CD}.Release|x64.ActiveCfg = Release|Any CPU
		{DCFDC29E-FF44-470D-BB2D-2F35C46919CD}.Release|x86.ActiveCfg = Release|Any CPU
		{E8BFBF54-B23B-4DC2-BEB5-A01B1E0FF353}.AdHoc|ARM.ActiveCfg = Debug|Any CPU
		{E8BFBF54-B23B-4DC2-BEB5-A01B1E0FF353}.AdHoc|Any CPU.ActiveCfg = Release|Any CPU
		{E8BFBF54-B23B-4DC2-BEB5-A01B1E0FF353}.AdHoc|Any CPU.Build.0 = Release|Any CPU
		{E8BFBF54-B23B-4DC2-BEB5-A01B1E0FF353}.AdHoc|Mixed Platforms.ActiveCfg = Release|Any CPU
		{E8BFBF54-B23B-4DC2-BEB5-A01B1E0FF353}.AdHoc|Mixed Platforms.Build.0 = Release|Any CPU
		{E8BFBF54-B23B-4DC2-BEB5-A01B1E0FF353}.AdHoc|iPhone.ActiveCfg = Release|Any CPU
		{E8BFBF54-B23B-4DC2-BEB5-A01B1E0FF353}.AdHoc|iPhoneSimulator.ActiveCfg = Release|Any CPU
		{E8BFBF54-B23B-4DC2-BEB5-A01B1E0FF353}.AdHoc|x64.ActiveCfg = Debug|Any CPU
		{E8BFBF54-B23B-4DC2-BEB5-A01B1E0FF353}.AdHoc|x86.ActiveCfg = Release|Any CPU
		{E8BFBF54-B23B-4DC2-BEB5-A01B1E0FF353}.Debug|ARM.ActiveCfg = Debug|Any CPU
		{E8BFBF54-B23B-4DC2-BEB5-A01B1E0FF353}.Debug|Any CPU.ActiveCfg = Debug|Any CPU
		{E8BFBF54-B23B-4DC2-BEB5-A01B1E0FF353}.Debug|Any CPU.Build.0 = Debug|Any CPU
		{E8BFBF54-B23B-4DC2-BEB5-A01B1E0FF353}.Debug|Mixed Platforms.ActiveCfg = Debug|Any CPU
		{E8BFBF54-B23B-4DC2-BEB5-A01B1E0FF353}.Debug|Mixed Platforms.Build.0 = Debug|Any CPU
		{E8BFBF54-B23B-4DC2-BEB5-A01B1E0FF353}.Debug|iPhone.ActiveCfg = Debug|Any CPU
		{E8BFBF54-B23B-4DC2-BEB5-A01B1E0FF353}.Debug|iPhoneSimulator.ActiveCfg = Debug|Any CPU
		{E8BFBF54-B23B-4DC2-BEB5-A01B1E0FF353}.Debug|x64.ActiveCfg = Debug|Any CPU
		{E8BFBF54-B23B-4DC2-BEB5-A01B1E0FF353}.Debug|x86.ActiveCfg = Debug|Any CPU
		{E8BFBF54-B23B-4DC2-BEB5-A01B1E0FF353}.Distribution|ARM.ActiveCfg = Debug|Any CPU
		{E8BFBF54-B23B-4DC2-BEB5-A01B1E0FF353}.Distribution|Any CPU.ActiveCfg = Debug|Any CPU
		{E8BFBF54-B23B-4DC2-BEB5-A01B1E0FF353}.Distribution|Any CPU.Build.0 = Debug|Any CPU
		{E8BFBF54-B23B-4DC2-BEB5-A01B1E0FF353}.Distribution|Mixed Platforms.ActiveCfg = Debug|Any CPU
		{E8BFBF54-B23B-4DC2-BEB5-A01B1E0FF353}.Distribution|Mixed Platforms.Build.0 = Debug|Any CPU
		{E8BFBF54-B23B-4DC2-BEB5-A01B1E0FF353}.Distribution|iPhone.ActiveCfg = Debug|Any CPU
		{E8BFBF54-B23B-4DC2-BEB5-A01B1E0FF353}.Distribution|iPhoneSimulator.ActiveCfg = Debug|Any CPU
		{E8BFBF54-B23B-4DC2-BEB5-A01B1E0FF353}.Distribution|x64.ActiveCfg = Debug|Any CPU
		{E8BFBF54-B23B-4DC2-BEB5-A01B1E0FF353}.Distribution|x86.ActiveCfg = Debug|Any CPU
		{E8BFBF54-B23B-4DC2-BEB5-A01B1E0FF353}.Release|ARM.ActiveCfg = Release|Any CPU
		{E8BFBF54-B23B-4DC2-BEB5-A01B1E0FF353}.Release|Any CPU.ActiveCfg = Release|Any CPU
		{E8BFBF54-B23B-4DC2-BEB5-A01B1E0FF353}.Release|Any CPU.Build.0 = Release|Any CPU
		{E8BFBF54-B23B-4DC2-BEB5-A01B1E0FF353}.Release|Mixed Platforms.ActiveCfg = Release|Any CPU
		{E8BFBF54-B23B-4DC2-BEB5-A01B1E0FF353}.Release|Mixed Platforms.Build.0 = Release|Any CPU
		{E8BFBF54-B23B-4DC2-BEB5-A01B1E0FF353}.Release|iPhone.ActiveCfg = Release|Any CPU
		{E8BFBF54-B23B-4DC2-BEB5-A01B1E0FF353}.Release|iPhoneSimulator.ActiveCfg = Release|Any CPU
		{E8BFBF54-B23B-4DC2-BEB5-A01B1E0FF353}.Release|x64.ActiveCfg = Release|Any CPU
		{E8BFBF54-B23B-4DC2-BEB5-A01B1E0FF353}.Release|x86.ActiveCfg = Release|Any CPU
		{E981B54E-4440-464A-80EB-3B59EFA20EEF}.AdHoc|ARM.ActiveCfg = Release|Any CPU
		{E981B54E-4440-464A-80EB-3B59EFA20EEF}.AdHoc|Any CPU.ActiveCfg = Release|Any CPU
		{E981B54E-4440-464A-80EB-3B59EFA20EEF}.AdHoc|Any CPU.Build.0 = Release|Any CPU
		{E981B54E-4440-464A-80EB-3B59EFA20EEF}.AdHoc|Mixed Platforms.ActiveCfg = Release|Any CPU
		{E981B54E-4440-464A-80EB-3B59EFA20EEF}.AdHoc|Mixed Platforms.Build.0 = Release|Any CPU
		{E981B54E-4440-464A-80EB-3B59EFA20EEF}.AdHoc|iPhone.ActiveCfg = Release|Any CPU
		{E981B54E-4440-464A-80EB-3B59EFA20EEF}.AdHoc|iPhoneSimulator.ActiveCfg = Release|Any CPU
		{E981B54E-4440-464A-80EB-3B59EFA20EEF}.AdHoc|x64.ActiveCfg = Release|Any CPU
		{E981B54E-4440-464A-80EB-3B59EFA20EEF}.AdHoc|x86.ActiveCfg = Release|Any CPU
		{E981B54E-4440-464A-80EB-3B59EFA20EEF}.Debug|ARM.ActiveCfg = Debug|Any CPU
		{E981B54E-4440-464A-80EB-3B59EFA20EEF}.Debug|Any CPU.ActiveCfg = Debug|Any CPU
		{E981B54E-4440-464A-80EB-3B59EFA20EEF}.Debug|Any CPU.Build.0 = Debug|Any CPU
		{E981B54E-4440-464A-80EB-3B59EFA20EEF}.Debug|Mixed Platforms.ActiveCfg = Debug|Any CPU
		{E981B54E-4440-464A-80EB-3B59EFA20EEF}.Debug|Mixed Platforms.Build.0 = Debug|Any CPU
		{E981B54E-4440-464A-80EB-3B59EFA20EEF}.Debug|iPhone.ActiveCfg = Debug|Any CPU
		{E981B54E-4440-464A-80EB-3B59EFA20EEF}.Debug|iPhoneSimulator.ActiveCfg = Debug|Any CPU
		{E981B54E-4440-464A-80EB-3B59EFA20EEF}.Debug|x64.ActiveCfg = Debug|Any CPU
		{E981B54E-4440-464A-80EB-3B59EFA20EEF}.Debug|x86.ActiveCfg = Debug|Any CPU
		{E981B54E-4440-464A-80EB-3B59EFA20EEF}.Distribution|ARM.ActiveCfg = Debug|Any CPU
		{E981B54E-4440-464A-80EB-3B59EFA20EEF}.Distribution|Any CPU.ActiveCfg = Debug|Any CPU
		{E981B54E-4440-464A-80EB-3B59EFA20EEF}.Distribution|Any CPU.Build.0 = Debug|Any CPU
		{E981B54E-4440-464A-80EB-3B59EFA20EEF}.Distribution|Mixed Platforms.ActiveCfg = Debug|Any CPU
		{E981B54E-4440-464A-80EB-3B59EFA20EEF}.Distribution|Mixed Platforms.Build.0 = Debug|Any CPU
		{E981B54E-4440-464A-80EB-3B59EFA20EEF}.Distribution|iPhone.ActiveCfg = Debug|Any CPU
		{E981B54E-4440-464A-80EB-3B59EFA20EEF}.Distribution|iPhoneSimulator.ActiveCfg = Debug|Any CPU
		{E981B54E-4440-464A-80EB-3B59EFA20EEF}.Distribution|x64.ActiveCfg = Debug|Any CPU
		{E981B54E-4440-464A-80EB-3B59EFA20EEF}.Distribution|x86.ActiveCfg = Debug|Any CPU
		{E981B54E-4440-464A-80EB-3B59EFA20EEF}.Release|ARM.ActiveCfg = Release|Any CPU
		{E981B54E-4440-464A-80EB-3B59EFA20EEF}.Release|Any CPU.ActiveCfg = Release|Any CPU
		{E981B54E-4440-464A-80EB-3B59EFA20EEF}.Release|Any CPU.Build.0 = Release|Any CPU
		{E981B54E-4440-464A-80EB-3B59EFA20EEF}.Release|Mixed Platforms.ActiveCfg = Release|Any CPU
		{E981B54E-4440-464A-80EB-3B59EFA20EEF}.Release|Mixed Platforms.Build.0 = Release|Any CPU
		{E981B54E-4440-464A-80EB-3B59EFA20EEF}.Release|iPhone.ActiveCfg = Release|Any CPU
		{E981B54E-4440-464A-80EB-3B59EFA20EEF}.Release|iPhoneSimulator.ActiveCfg = Release|Any CPU
		{E981B54E-4440-464A-80EB-3B59EFA20EEF}.Release|x64.ActiveCfg = Release|Any CPU
		{E981B54E-4440-464A-80EB-3B59EFA20EEF}.Release|x86.ActiveCfg = Release|Any CPU
		{F178AF32-A329-4991-96A0-260A48BD7E8B}.AdHoc|ARM.ActiveCfg = Debug|Any CPU
		{F178AF32-A329-4991-96A0-260A48BD7E8B}.AdHoc|Any CPU.ActiveCfg = Release|Any CPU
		{F178AF32-A329-4991-96A0-260A48BD7E8B}.AdHoc|Any CPU.Build.0 = Release|Any CPU
		{F178AF32-A329-4991-96A0-260A48BD7E8B}.AdHoc|Mixed Platforms.ActiveCfg = Release|Any CPU
		{F178AF32-A329-4991-96A0-260A48BD7E8B}.AdHoc|Mixed Platforms.Build.0 = Release|Any CPU
		{F178AF32-A329-4991-96A0-260A48BD7E8B}.AdHoc|iPhone.ActiveCfg = Release|Any CPU
		{F178AF32-A329-4991-96A0-260A48BD7E8B}.AdHoc|iPhoneSimulator.ActiveCfg = Release|Any CPU
		{F178AF32-A329-4991-96A0-260A48BD7E8B}.AdHoc|x64.ActiveCfg = Debug|Any CPU
		{F178AF32-A329-4991-96A0-260A48BD7E8B}.AdHoc|x86.ActiveCfg = Release|Any CPU
		{F178AF32-A329-4991-96A0-260A48BD7E8B}.Debug|ARM.ActiveCfg = Debug|Any CPU
		{F178AF32-A329-4991-96A0-260A48BD7E8B}.Debug|Any CPU.ActiveCfg = Debug|Any CPU
		{F178AF32-A329-4991-96A0-260A48BD7E8B}.Debug|Any CPU.Build.0 = Debug|Any CPU
		{F178AF32-A329-4991-96A0-260A48BD7E8B}.Debug|Mixed Platforms.ActiveCfg = Debug|Any CPU
		{F178AF32-A329-4991-96A0-260A48BD7E8B}.Debug|Mixed Platforms.Build.0 = Debug|Any CPU
		{F178AF32-A329-4991-96A0-260A48BD7E8B}.Debug|iPhone.ActiveCfg = Debug|Any CPU
		{F178AF32-A329-4991-96A0-260A48BD7E8B}.Debug|iPhoneSimulator.ActiveCfg = Debug|Any CPU
		{F178AF32-A329-4991-96A0-260A48BD7E8B}.Debug|x64.ActiveCfg = Debug|Any CPU
		{F178AF32-A329-4991-96A0-260A48BD7E8B}.Debug|x86.ActiveCfg = Debug|Any CPU
		{F178AF32-A329-4991-96A0-260A48BD7E8B}.Distribution|ARM.ActiveCfg = Debug|Any CPU
		{F178AF32-A329-4991-96A0-260A48BD7E8B}.Distribution|Any CPU.ActiveCfg = Debug|Any CPU
		{F178AF32-A329-4991-96A0-260A48BD7E8B}.Distribution|Any CPU.Build.0 = Debug|Any CPU
		{F178AF32-A329-4991-96A0-260A48BD7E8B}.Distribution|Mixed Platforms.ActiveCfg = Debug|Any CPU
		{F178AF32-A329-4991-96A0-260A48BD7E8B}.Distribution|Mixed Platforms.Build.0 = Debug|Any CPU
		{F178AF32-A329-4991-96A0-260A48BD7E8B}.Distribution|iPhone.ActiveCfg = Debug|Any CPU
		{F178AF32-A329-4991-96A0-260A48BD7E8B}.Distribution|iPhoneSimulator.ActiveCfg = Debug|Any CPU
		{F178AF32-A329-4991-96A0-260A48BD7E8B}.Distribution|x64.ActiveCfg = Debug|Any CPU
		{F178AF32-A329-4991-96A0-260A48BD7E8B}.Distribution|x86.ActiveCfg = Debug|Any CPU
		{F178AF32-A329-4991-96A0-260A48BD7E8B}.Release|ARM.ActiveCfg = Release|Any CPU
		{F178AF32-A329-4991-96A0-260A48BD7E8B}.Release|Any CPU.ActiveCfg = Release|Any CPU
		{F178AF32-A329-4991-96A0-260A48BD7E8B}.Release|Any CPU.Build.0 = Release|Any CPU
		{F178AF32-A329-4991-96A0-260A48BD7E8B}.Release|Mixed Platforms.ActiveCfg = Release|Any CPU
		{F178AF32-A329-4991-96A0-260A48BD7E8B}.Release|Mixed Platforms.Build.0 = Release|Any CPU
		{F178AF32-A329-4991-96A0-260A48BD7E8B}.Release|iPhone.ActiveCfg = Release|Any CPU
		{F178AF32-A329-4991-96A0-260A48BD7E8B}.Release|iPhoneSimulator.ActiveCfg = Release|Any CPU
		{F178AF32-A329-4991-96A0-260A48BD7E8B}.Release|x64.ActiveCfg = Release|Any CPU
		{F178AF32-A329-4991-96A0-260A48BD7E8B}.Release|x86.ActiveCfg = Release|Any CPU
		{FB02B5EE-F418-495C-BBCC-06507200D87D}.AdHoc|ARM.ActiveCfg = AdHoc|iPhoneSimulator
		{FB02B5EE-F418-495C-BBCC-06507200D87D}.AdHoc|Any CPU.ActiveCfg = AdHoc|iPhone
		{FB02B5EE-F418-495C-BBCC-06507200D87D}.AdHoc|Mixed Platforms.ActiveCfg = AdHoc|iPhone
		{FB02B5EE-F418-495C-BBCC-06507200D87D}.AdHoc|Mixed Platforms.Build.0 = AdHoc|iPhone
		{FB02B5EE-F418-495C-BBCC-06507200D87D}.AdHoc|iPhone.ActiveCfg = AdHoc|iPhone
		{FB02B5EE-F418-495C-BBCC-06507200D87D}.AdHoc|iPhone.Build.0 = AdHoc|iPhone
		{FB02B5EE-F418-495C-BBCC-06507200D87D}.AdHoc|iPhoneSimulator.ActiveCfg = AdHoc|iPhoneSimulator
		{FB02B5EE-F418-495C-BBCC-06507200D87D}.AdHoc|iPhoneSimulator.Build.0 = AdHoc|iPhoneSimulator
		{FB02B5EE-F418-495C-BBCC-06507200D87D}.AdHoc|x64.ActiveCfg = AdHoc|iPhoneSimulator
		{FB02B5EE-F418-495C-BBCC-06507200D87D}.AdHoc|x86.ActiveCfg = AdHoc|iPhone
		{FB02B5EE-F418-495C-BBCC-06507200D87D}.Debug|ARM.ActiveCfg = Debug|iPhoneSimulator
		{FB02B5EE-F418-495C-BBCC-06507200D87D}.Debug|Any CPU.ActiveCfg = Debug|iPhone
		{FB02B5EE-F418-495C-BBCC-06507200D87D}.Debug|Mixed Platforms.ActiveCfg = Debug|iPhone
		{FB02B5EE-F418-495C-BBCC-06507200D87D}.Debug|Mixed Platforms.Build.0 = Debug|iPhone
		{FB02B5EE-F418-495C-BBCC-06507200D87D}.Debug|iPhone.ActiveCfg = Debug|iPhone
		{FB02B5EE-F418-495C-BBCC-06507200D87D}.Debug|iPhone.Build.0 = Debug|iPhone
		{FB02B5EE-F418-495C-BBCC-06507200D87D}.Debug|iPhoneSimulator.ActiveCfg = Debug|iPhoneSimulator
		{FB02B5EE-F418-495C-BBCC-06507200D87D}.Debug|iPhoneSimulator.Build.0 = Debug|iPhoneSimulator
		{FB02B5EE-F418-495C-BBCC-06507200D87D}.Debug|x64.ActiveCfg = Debug|iPhoneSimulator
		{FB02B5EE-F418-495C-BBCC-06507200D87D}.Debug|x86.ActiveCfg = Debug|iPhone
		{FB02B5EE-F418-495C-BBCC-06507200D87D}.Distribution|ARM.ActiveCfg = Distribution|iPhoneSimulator
		{FB02B5EE-F418-495C-BBCC-06507200D87D}.Distribution|Any CPU.ActiveCfg = Distribution|iPhone
		{FB02B5EE-F418-495C-BBCC-06507200D87D}.Distribution|Mixed Platforms.ActiveCfg = Distribution|iPhone
		{FB02B5EE-F418-495C-BBCC-06507200D87D}.Distribution|Mixed Platforms.Build.0 = Distribution|iPhone
		{FB02B5EE-F418-495C-BBCC-06507200D87D}.Distribution|iPhone.ActiveCfg = Distribution|iPhone
		{FB02B5EE-F418-495C-BBCC-06507200D87D}.Distribution|iPhone.Build.0 = Distribution|iPhone
		{FB02B5EE-F418-495C-BBCC-06507200D87D}.Distribution|iPhoneSimulator.ActiveCfg = Distribution|iPhoneSimulator
		{FB02B5EE-F418-495C-BBCC-06507200D87D}.Distribution|iPhoneSimulator.Build.0 = Distribution|iPhoneSimulator
		{FB02B5EE-F418-495C-BBCC-06507200D87D}.Distribution|x64.ActiveCfg = Distribution|iPhoneSimulator
		{FB02B5EE-F418-495C-BBCC-06507200D87D}.Distribution|x86.ActiveCfg = Distribution|iPhone
		{FB02B5EE-F418-495C-BBCC-06507200D87D}.Release|ARM.ActiveCfg = Release|iPhoneSimulator
		{FB02B5EE-F418-495C-BBCC-06507200D87D}.Release|Any CPU.ActiveCfg = Release|iPhone
		{FB02B5EE-F418-495C-BBCC-06507200D87D}.Release|Mixed Platforms.ActiveCfg = Release|iPhone
		{FB02B5EE-F418-495C-BBCC-06507200D87D}.Release|Mixed Platforms.Build.0 = Release|iPhone
		{FB02B5EE-F418-495C-BBCC-06507200D87D}.Release|iPhone.ActiveCfg = Release|iPhone
		{FB02B5EE-F418-495C-BBCC-06507200D87D}.Release|iPhone.Build.0 = Release|iPhone
		{FB02B5EE-F418-495C-BBCC-06507200D87D}.Release|iPhoneSimulator.ActiveCfg = Release|iPhoneSimulator
		{FB02B5EE-F418-495C-BBCC-06507200D87D}.Release|iPhoneSimulator.Build.0 = Release|iPhoneSimulator
		{FB02B5EE-F418-495C-BBCC-06507200D87D}.Release|x64.ActiveCfg = Release|iPhoneSimulator
		{FB02B5EE-F418-495C-BBCC-06507200D87D}.Release|x86.ActiveCfg = Release|iPhone
	EndGlobalSection
	GlobalSection(SolutionProperties) = preSolution
		HideSolutionNode = FALSE
	EndGlobalSection
	GlobalSection(NestedProjects) = preSolution
		{065DF474-140D-4393-AA19-4B041DABA563} = {6B341D01-ED3A-4B12-B34D-E0585185CB4B}
		{30EA44C7-EE97-45EC-B94D-5212CD89CEE9} = {93468B55-FC37-4676-A1B7-260D60D65A33}
		{43E19F87-F08A-45C3-B69F-B911BEC0B26D} = {5532B018-8977-4046-9E72-41AE0A69CD79}
		{63A2887B-0B03-4873-A488-E745409EC3A5} = {5532B018-8977-4046-9E72-41AE0A69CD79}
		{BA4CE3AA-7EC9-4D7A-84EE-55441B299FC9} = {0DB5372E-6CAE-45C4-8FF9-51FF3178F857}
		{CA2D9FA4-58B1-4B38-994B-9A6855923A68} = {5532B018-8977-4046-9E72-41AE0A69CD79}
		{D3242C31-D305-4E81-A464-C39F2BAEA82F} = {6B341D01-ED3A-4B12-B34D-E0585185CB4B}
		{DCFDC29E-FF44-470D-BB2D-2F35C46919CD} = {88E1425C-6E98-4C32-B164-928D6A70B307}
		{E8BFBF54-B23B-4DC2-BEB5-A01B1E0FF353} = {88E1425C-6E98-4C32-B164-928D6A70B307}
		{E981B54E-4440-464A-80EB-3B59EFA20EEF} = {5532B018-8977-4046-9E72-41AE0A69CD79}
		{F178AF32-A329-4991-96A0-260A48BD7E8B} = {0DB5372E-6CAE-45C4-8FF9-51FF3178F857}
		{FB02B5EE-F418-495C-BBCC-06507200D87D} = {93468B55-FC37-4676-A1B7-260D60D65A33}
	EndGlobalSection
EndGlobal
