
Microsoft Visual Studio Solution File, Format Version 12.00
# Visual Studio 14
VisualStudioVersion = 14.0.25420.1
MinimumVisualStudioVersion = 10.0.40219.1
Project("{FAE04EC0-301F-11D3-BF4B-00C04F79EFBC}") = "PageRendererExample", "pagerenderexample\PageRendererExample.csproj", "{8A421AF2-EA6F-456B-8EA2-3A3FF8AC8B57}"
EndProject
Project("{FAE04EC0-301F-11D3-BF4B-00C04F79EFBC}") = "PageRendererExample.iOS", "iOS\PageRendererExample.iOS.csproj", "{47C28B95-AEEB-434B-993B-B1010E2343C3}"
EndProject
Project("{FAE04EC0-301F-11D3-BF4B-00C04F79EFBC}") = "PageRendererExample.Droid", "Droid\PageRendererExample.Droid.csproj", "{B1C44225-9513-4319-8C5F-2681C003152A}"
EndProject
Project("{FAE04EC0-301F-11D3-BF4B-00C04F79EFBC}") = "MvvmCross.Forms.Presenter.Core", "..\MvvmCross.Forms.Presenter.Core\MvvmCross.Forms.Presenter.Core.csproj", "{0797D39C-C59B-4FE2-BB16-AB6FA0119C69}"
EndProject
Project("{FAE04EC0-301F-11D3-BF4B-00C04F79EFBC}") = "MvvmCross.Forms.Presenter.iOS", "..\MvvmCross.Forms.Presenter.iOS\MvvmCross.Forms.Presenter.iOS.csproj", "{F2270784-C153-4B1C-BB04-15CB29F0F945}"
EndProject
Project("{FAE04EC0-301F-11D3-BF4B-00C04F79EFBC}") = "MvvmCross.Forms.Presenter.Droid", "..\MvvmCross.Forms.Presenter.Droid\MvvmCross.Forms.Presenter.Droid.csproj", "{F823EE03-AC94-4124-AB5B-91B69FE7B85A}"
EndProject
Project("{FAE04EC0-301F-11D3-BF4B-00C04F79EFBC}") = "MvvmCross.Forms.Presenter.WindowsUWP", "..\MvvmCross.Forms.Presenter.WindowsUWP\MvvmCross.Forms.Presenter.WindowsUWP.csproj", "{8583F087-0543-4D27-8F11-F7D8DC1480E2}"
EndProject
Project("{FAE04EC0-301F-11D3-BF4B-00C04F79EFBC}") = "PageRendererExample.WindowsUWP", "PageRendererExample.WindowsUWP\PageRendererExample.WindowsUWP.csproj", "{50537DC8-29DF-4674-BE4B-5F43C6BE1E51}"
EndProject
Project("{FAE04EC0-301F-11D3-BF4B-00C04F79EFBC}") = "MvvmCross.Forms.Presenter.Windows81", "..\MvvmCross.Forms.Presenter.Windows8.1\MvvmCross.Forms.Presenter.Windows81.csproj", "{B42BC18D-11C7-4012-B98F-11F093623B3F}"
EndProject
Project("{FAE04EC0-301F-11D3-BF4B-00C04F79EFBC}") = "MvvmCross.Forms.Presenter.WindowsPhone", "..\MvvmCross.Forms.Presenter.WindowsPhone\MvvmCross.Forms.Presenter.WindowsPhone.csproj", "{80C643D9-C912-41C0-8F9D-9FAF15A79831}"
EndProject
Global
	GlobalSection(SolutionConfigurationPlatforms) = preSolution
		Debug|Any CPU = Debug|Any CPU
		Debug|ARM = Debug|ARM
		Debug|iPhone = Debug|iPhone
		Debug|iPhoneSimulator = Debug|iPhoneSimulator
		Debug|x64 = Debug|x64
		Debug|x86 = Debug|x86
		Release|Any CPU = Release|Any CPU
		Release|ARM = Release|ARM
		Release|iPhone = Release|iPhone
		Release|iPhoneSimulator = Release|iPhoneSimulator
		Release|x64 = Release|x64
		Release|x86 = Release|x86
	EndGlobalSection
	GlobalSection(ProjectConfigurationPlatforms) = postSolution
		{8A421AF2-EA6F-456B-8EA2-3A3FF8AC8B57}.Debug|Any CPU.ActiveCfg = Debug|Any CPU
		{8A421AF2-EA6F-456B-8EA2-3A3FF8AC8B57}.Debug|Any CPU.Build.0 = Debug|Any CPU
		{8A421AF2-EA6F-456B-8EA2-3A3FF8AC8B57}.Debug|ARM.ActiveCfg = Debug|Any CPU
		{8A421AF2-EA6F-456B-8EA2-3A3FF8AC8B57}.Debug|ARM.Build.0 = Debug|Any CPU
		{8A421AF2-EA6F-456B-8EA2-3A3FF8AC8B57}.Debug|iPhone.ActiveCfg = Debug|Any CPU
		{8A421AF2-EA6F-456B-8EA2-3A3FF8AC8B57}.Debug|iPhone.Build.0 = Debug|Any CPU
		{8A421AF2-EA6F-456B-8EA2-3A3FF8AC8B57}.Debug|iPhoneSimulator.ActiveCfg = Debug|Any CPU
		{8A421AF2-EA6F-456B-8EA2-3A3FF8AC8B57}.Debug|iPhoneSimulator.Build.0 = Debug|Any CPU
		{8A421AF2-EA6F-456B-8EA2-3A3FF8AC8B57}.Debug|x64.ActiveCfg = Debug|Any CPU
		{8A421AF2-EA6F-456B-8EA2-3A3FF8AC8B57}.Debug|x64.Build.0 = Debug|Any CPU
		{8A421AF2-EA6F-456B-8EA2-3A3FF8AC8B57}.Debug|x86.ActiveCfg = Debug|Any CPU
		{8A421AF2-EA6F-456B-8EA2-3A3FF8AC8B57}.Debug|x86.Build.0 = Debug|Any CPU
		{8A421AF2-EA6F-456B-8EA2-3A3FF8AC8B57}.Release|Any CPU.ActiveCfg = Release|Any CPU
		{8A421AF2-EA6F-456B-8EA2-3A3FF8AC8B57}.Release|Any CPU.Build.0 = Release|Any CPU
		{8A421AF2-EA6F-456B-8EA2-3A3FF8AC8B57}.Release|ARM.ActiveCfg = Release|Any CPU
		{8A421AF2-EA6F-456B-8EA2-3A3FF8AC8B57}.Release|ARM.Build.0 = Release|Any CPU
		{8A421AF2-EA6F-456B-8EA2-3A3FF8AC8B57}.Release|iPhone.ActiveCfg = Release|Any CPU
		{8A421AF2-EA6F-456B-8EA2-3A3FF8AC8B57}.Release|iPhone.Build.0 = Release|Any CPU
		{8A421AF2-EA6F-456B-8EA2-3A3FF8AC8B57}.Release|iPhoneSimulator.ActiveCfg = Release|Any CPU
		{8A421AF2-EA6F-456B-8EA2-3A3FF8AC8B57}.Release|iPhoneSimulator.Build.0 = Release|Any CPU
		{8A421AF2-EA6F-456B-8EA2-3A3FF8AC8B57}.Release|x64.ActiveCfg = Release|Any CPU
		{8A421AF2-EA6F-456B-8EA2-3A3FF8AC8B57}.Release|x64.Build.0 = Release|Any CPU
		{8A421AF2-EA6F-456B-8EA2-3A3FF8AC8B57}.Release|x86.ActiveCfg = Release|Any CPU
		{8A421AF2-EA6F-456B-8EA2-3A3FF8AC8B57}.Release|x86.Build.0 = Release|Any CPU
		{47C28B95-AEEB-434B-993B-B1010E2343C3}.Debug|Any CPU.ActiveCfg = Debug|iPhoneSimulator
		{47C28B95-AEEB-434B-993B-B1010E2343C3}.Debug|Any CPU.Build.0 = Debug|iPhoneSimulator
		{47C28B95-AEEB-434B-993B-B1010E2343C3}.Debug|ARM.ActiveCfg = Debug|iPhone
		{47C28B95-AEEB-434B-993B-B1010E2343C3}.Debug|iPhone.ActiveCfg = Debug|iPhone
		{47C28B95-AEEB-434B-993B-B1010E2343C3}.Debug|iPhone.Build.0 = Debug|iPhone
		{47C28B95-AEEB-434B-993B-B1010E2343C3}.Debug|iPhoneSimulator.ActiveCfg = Debug|iPhoneSimulator
		{47C28B95-AEEB-434B-993B-B1010E2343C3}.Debug|iPhoneSimulator.Build.0 = Debug|iPhoneSimulator
		{47C28B95-AEEB-434B-993B-B1010E2343C3}.Debug|x64.ActiveCfg = Debug|iPhone
		{47C28B95-AEEB-434B-993B-B1010E2343C3}.Debug|x86.ActiveCfg = Debug|iPhone
		{47C28B95-AEEB-434B-993B-B1010E2343C3}.Release|Any CPU.ActiveCfg = Release|iPhone
		{47C28B95-AEEB-434B-993B-B1010E2343C3}.Release|Any CPU.Build.0 = Release|iPhone
		{47C28B95-AEEB-434B-993B-B1010E2343C3}.Release|ARM.ActiveCfg = Release|iPhoneSimulator
		{47C28B95-AEEB-434B-993B-B1010E2343C3}.Release|iPhone.ActiveCfg = Release|iPhone
		{47C28B95-AEEB-434B-993B-B1010E2343C3}.Release|iPhone.Build.0 = Release|iPhone
		{47C28B95-AEEB-434B-993B-B1010E2343C3}.Release|iPhoneSimulator.ActiveCfg = Release|iPhoneSimulator
		{47C28B95-AEEB-434B-993B-B1010E2343C3}.Release|iPhoneSimulator.Build.0 = Release|iPhoneSimulator
		{47C28B95-AEEB-434B-993B-B1010E2343C3}.Release|x64.ActiveCfg = Release|iPhoneSimulator
		{47C28B95-AEEB-434B-993B-B1010E2343C3}.Release|x86.ActiveCfg = Release|iPhoneSimulator
		{B1C44225-9513-4319-8C5F-2681C003152A}.Debug|Any CPU.ActiveCfg = Debug|Any CPU
		{B1C44225-9513-4319-8C5F-2681C003152A}.Debug|Any CPU.Build.0 = Debug|Any CPU
		{B1C44225-9513-4319-8C5F-2681C003152A}.Debug|ARM.ActiveCfg = Debug|Any CPU
		{B1C44225-9513-4319-8C5F-2681C003152A}.Debug|ARM.Build.0 = Debug|Any CPU
		{B1C44225-9513-4319-8C5F-2681C003152A}.Debug|ARM.Deploy.0 = Debug|Any CPU
		{B1C44225-9513-4319-8C5F-2681C003152A}.Debug|iPhone.ActiveCfg = Debug|Any CPU
		{B1C44225-9513-4319-8C5F-2681C003152A}.Debug|iPhone.Build.0 = Debug|Any CPU
		{B1C44225-9513-4319-8C5F-2681C003152A}.Debug|iPhoneSimulator.ActiveCfg = Debug|Any CPU
		{B1C44225-9513-4319-8C5F-2681C003152A}.Debug|iPhoneSimulator.Build.0 = Debug|Any CPU
		{B1C44225-9513-4319-8C5F-2681C003152A}.Debug|x64.ActiveCfg = Debug|Any CPU
		{B1C44225-9513-4319-8C5F-2681C003152A}.Debug|x64.Build.0 = Debug|Any CPU
		{B1C44225-9513-4319-8C5F-2681C003152A}.Debug|x64.Deploy.0 = Debug|Any CPU
		{B1C44225-9513-4319-8C5F-2681C003152A}.Debug|x86.ActiveCfg = Debug|Any CPU
		{B1C44225-9513-4319-8C5F-2681C003152A}.Debug|x86.Build.0 = Debug|Any CPU
		{B1C44225-9513-4319-8C5F-2681C003152A}.Debug|x86.Deploy.0 = Debug|Any CPU
		{B1C44225-9513-4319-8C5F-2681C003152A}.Release|Any CPU.ActiveCfg = Release|Any CPU
		{B1C44225-9513-4319-8C5F-2681C003152A}.Release|Any CPU.Build.0 = Release|Any CPU
		{B1C44225-9513-4319-8C5F-2681C003152A}.Release|ARM.ActiveCfg = Release|Any CPU
		{B1C44225-9513-4319-8C5F-2681C003152A}.Release|ARM.Build.0 = Release|Any CPU
		{B1C44225-9513-4319-8C5F-2681C003152A}.Release|ARM.Deploy.0 = Release|Any CPU
		{B1C44225-9513-4319-8C5F-2681C003152A}.Release|iPhone.ActiveCfg = Release|Any CPU
		{B1C44225-9513-4319-8C5F-2681C003152A}.Release|iPhone.Build.0 = Release|Any CPU
		{B1C44225-9513-4319-8C5F-2681C003152A}.Release|iPhoneSimulator.ActiveCfg = Release|Any CPU
		{B1C44225-9513-4319-8C5F-2681C003152A}.Release|iPhoneSimulator.Build.0 = Release|Any CPU
		{B1C44225-9513-4319-8C5F-2681C003152A}.Release|x64.ActiveCfg = Release|Any CPU
		{B1C44225-9513-4319-8C5F-2681C003152A}.Release|x64.Build.0 = Release|Any CPU
		{B1C44225-9513-4319-8C5F-2681C003152A}.Release|x64.Deploy.0 = Release|Any CPU
		{B1C44225-9513-4319-8C5F-2681C003152A}.Release|x86.ActiveCfg = Release|Any CPU
		{B1C44225-9513-4319-8C5F-2681C003152A}.Release|x86.Build.0 = Release|Any CPU
		{B1C44225-9513-4319-8C5F-2681C003152A}.Release|x86.Deploy.0 = Release|Any CPU
		{0797D39C-C59B-4FE2-BB16-AB6FA0119C69}.Debug|Any CPU.ActiveCfg = Debug|Any CPU
		{0797D39C-C59B-4FE2-BB16-AB6FA0119C69}.Debug|Any CPU.Build.0 = Debug|Any CPU
		{0797D39C-C59B-4FE2-BB16-AB6FA0119C69}.Debug|ARM.ActiveCfg = Debug|Any CPU
		{0797D39C-C59B-4FE2-BB16-AB6FA0119C69}.Debug|ARM.Build.0 = Debug|Any CPU
		{0797D39C-C59B-4FE2-BB16-AB6FA0119C69}.Debug|iPhone.ActiveCfg = Debug|Any CPU
		{0797D39C-C59B-4FE2-BB16-AB6FA0119C69}.Debug|iPhone.Build.0 = Debug|Any CPU
		{0797D39C-C59B-4FE2-BB16-AB6FA0119C69}.Debug|iPhoneSimulator.ActiveCfg = Debug|Any CPU
		{0797D39C-C59B-4FE2-BB16-AB6FA0119C69}.Debug|iPhoneSimulator.Build.0 = Debug|Any CPU
		{0797D39C-C59B-4FE2-BB16-AB6FA0119C69}.Debug|x64.ActiveCfg = Debug|Any CPU
		{0797D39C-C59B-4FE2-BB16-AB6FA0119C69}.Debug|x64.Build.0 = Debug|Any CPU
		{0797D39C-C59B-4FE2-BB16-AB6FA0119C69}.Debug|x86.ActiveCfg = Debug|Any CPU
		{0797D39C-C59B-4FE2-BB16-AB6FA0119C69}.Debug|x86.Build.0 = Debug|Any CPU
		{0797D39C-C59B-4FE2-BB16-AB6FA0119C69}.Release|Any CPU.ActiveCfg = Release|Any CPU
		{0797D39C-C59B-4FE2-BB16-AB6FA0119C69}.Release|Any CPU.Build.0 = Release|Any CPU
		{0797D39C-C59B-4FE2-BB16-AB6FA0119C69}.Release|ARM.ActiveCfg = Release|Any CPU
		{0797D39C-C59B-4FE2-BB16-AB6FA0119C69}.Release|ARM.Build.0 = Release|Any CPU
		{0797D39C-C59B-4FE2-BB16-AB6FA0119C69}.Release|iPhone.ActiveCfg = Release|Any CPU
		{0797D39C-C59B-4FE2-BB16-AB6FA0119C69}.Release|iPhone.Build.0 = Release|Any CPU
		{0797D39C-C59B-4FE2-BB16-AB6FA0119C69}.Release|iPhoneSimulator.ActiveCfg = Release|Any CPU
		{0797D39C-C59B-4FE2-BB16-AB6FA0119C69}.Release|iPhoneSimulator.Build.0 = Release|Any CPU
		{0797D39C-C59B-4FE2-BB16-AB6FA0119C69}.Release|x64.ActiveCfg = Release|Any CPU
		{0797D39C-C59B-4FE2-BB16-AB6FA0119C69}.Release|x64.Build.0 = Release|Any CPU
		{0797D39C-C59B-4FE2-BB16-AB6FA0119C69}.Release|x86.ActiveCfg = Release|Any CPU
		{0797D39C-C59B-4FE2-BB16-AB6FA0119C69}.Release|x86.Build.0 = Release|Any CPU
		{F2270784-C153-4B1C-BB04-15CB29F0F945}.Debug|Any CPU.ActiveCfg = Debug|Any CPU
		{F2270784-C153-4B1C-BB04-15CB29F0F945}.Debug|Any CPU.Build.0 = Debug|Any CPU
		{F2270784-C153-4B1C-BB04-15CB29F0F945}.Debug|ARM.ActiveCfg = Debug|Any CPU
		{F2270784-C153-4B1C-BB04-15CB29F0F945}.Debug|ARM.Build.0 = Debug|Any CPU
		{F2270784-C153-4B1C-BB04-15CB29F0F945}.Debug|iPhone.ActiveCfg = Debug|Any CPU
		{F2270784-C153-4B1C-BB04-15CB29F0F945}.Debug|iPhone.Build.0 = Debug|Any CPU
		{F2270784-C153-4B1C-BB04-15CB29F0F945}.Debug|iPhoneSimulator.ActiveCfg = Debug|Any CPU
		{F2270784-C153-4B1C-BB04-15CB29F0F945}.Debug|iPhoneSimulator.Build.0 = Debug|Any CPU
		{F2270784-C153-4B1C-BB04-15CB29F0F945}.Debug|x64.ActiveCfg = Debug|Any CPU
		{F2270784-C153-4B1C-BB04-15CB29F0F945}.Debug|x64.Build.0 = Debug|Any CPU
		{F2270784-C153-4B1C-BB04-15CB29F0F945}.Debug|x86.ActiveCfg = Debug|Any CPU
		{F2270784-C153-4B1C-BB04-15CB29F0F945}.Debug|x86.Build.0 = Debug|Any CPU
		{F2270784-C153-4B1C-BB04-15CB29F0F945}.Release|Any CPU.ActiveCfg = Release|Any CPU
		{F2270784-C153-4B1C-BB04-15CB29F0F945}.Release|Any CPU.Build.0 = Release|Any CPU
		{F2270784-C153-4B1C-BB04-15CB29F0F945}.Release|ARM.ActiveCfg = Release|Any CPU
		{F2270784-C153-4B1C-BB04-15CB29F0F945}.Release|ARM.Build.0 = Release|Any CPU
		{F2270784-C153-4B1C-BB04-15CB29F0F945}.Release|iPhone.ActiveCfg = Release|Any CPU
		{F2270784-C153-4B1C-BB04-15CB29F0F945}.Release|iPhone.Build.0 = Release|Any CPU
		{F2270784-C153-4B1C-BB04-15CB29F0F945}.Release|iPhoneSimulator.ActiveCfg = Release|Any CPU
		{F2270784-C153-4B1C-BB04-15CB29F0F945}.Release|iPhoneSimulator.Build.0 = Release|Any CPU
		{F2270784-C153-4B1C-BB04-15CB29F0F945}.Release|x64.ActiveCfg = Release|Any CPU
		{F2270784-C153-4B1C-BB04-15CB29F0F945}.Release|x64.Build.0 = Release|Any CPU
		{F2270784-C153-4B1C-BB04-15CB29F0F945}.Release|x86.ActiveCfg = Release|Any CPU
		{F2270784-C153-4B1C-BB04-15CB29F0F945}.Release|x86.Build.0 = Release|Any CPU
		{F823EE03-AC94-4124-AB5B-91B69FE7B85A}.Debug|Any CPU.ActiveCfg = Debug|Any CPU
		{F823EE03-AC94-4124-AB5B-91B69FE7B85A}.Debug|Any CPU.Build.0 = Debug|Any CPU
		{F823EE03-AC94-4124-AB5B-91B69FE7B85A}.Debug|ARM.ActiveCfg = Debug|Any CPU
		{F823EE03-AC94-4124-AB5B-91B69FE7B85A}.Debug|ARM.Build.0 = Debug|Any CPU
		{F823EE03-AC94-4124-AB5B-91B69FE7B85A}.Debug|iPhone.ActiveCfg = Debug|Any CPU
		{F823EE03-AC94-4124-AB5B-91B69FE7B85A}.Debug|iPhone.Build.0 = Debug|Any CPU
		{F823EE03-AC94-4124-AB5B-91B69FE7B85A}.Debug|iPhoneSimulator.ActiveCfg = Debug|Any CPU
		{F823EE03-AC94-4124-AB5B-91B69FE7B85A}.Debug|iPhoneSimulator.Build.0 = Debug|Any CPU
		{F823EE03-AC94-4124-AB5B-91B69FE7B85A}.Debug|x64.ActiveCfg = Debug|Any CPU
		{F823EE03-AC94-4124-AB5B-91B69FE7B85A}.Debug|x64.Build.0 = Debug|Any CPU
		{F823EE03-AC94-4124-AB5B-91B69FE7B85A}.Debug|x86.ActiveCfg = Debug|Any CPU
		{F823EE03-AC94-4124-AB5B-91B69FE7B85A}.Debug|x86.Build.0 = Debug|Any CPU
		{F823EE03-AC94-4124-AB5B-91B69FE7B85A}.Release|Any CPU.ActiveCfg = Release|Any CPU
		{F823EE03-AC94-4124-AB5B-91B69FE7B85A}.Release|Any CPU.Build.0 = Release|Any CPU
		{F823EE03-AC94-4124-AB5B-91B69FE7B85A}.Release|ARM.ActiveCfg = Release|Any CPU
		{F823EE03-AC94-4124-AB5B-91B69FE7B85A}.Release|ARM.Build.0 = Release|Any CPU
		{F823EE03-AC94-4124-AB5B-91B69FE7B85A}.Release|iPhone.ActiveCfg = Release|Any CPU
		{F823EE03-AC94-4124-AB5B-91B69FE7B85A}.Release|iPhone.Build.0 = Release|Any CPU
		{F823EE03-AC94-4124-AB5B-91B69FE7B85A}.Release|iPhoneSimulator.ActiveCfg = Release|Any CPU
		{F823EE03-AC94-4124-AB5B-91B69FE7B85A}.Release|iPhoneSimulator.Build.0 = Release|Any CPU
		{F823EE03-AC94-4124-AB5B-91B69FE7B85A}.Release|x64.ActiveCfg = Release|Any CPU
		{F823EE03-AC94-4124-AB5B-91B69FE7B85A}.Release|x64.Build.0 = Release|Any CPU
		{F823EE03-AC94-4124-AB5B-91B69FE7B85A}.Release|x86.ActiveCfg = Release|Any CPU
		{F823EE03-AC94-4124-AB5B-91B69FE7B85A}.Release|x86.Build.0 = Release|Any CPU
		{8583F087-0543-4D27-8F11-F7D8DC1480E2}.Debug|Any CPU.ActiveCfg = Debug|Any CPU
		{8583F087-0543-4D27-8F11-F7D8DC1480E2}.Debug|Any CPU.Build.0 = Debug|Any CPU
		{8583F087-0543-4D27-8F11-F7D8DC1480E2}.Debug|ARM.ActiveCfg = Debug|ARM
		{8583F087-0543-4D27-8F11-F7D8DC1480E2}.Debug|ARM.Build.0 = Debug|ARM
		{8583F087-0543-4D27-8F11-F7D8DC1480E2}.Debug|iPhone.ActiveCfg = Debug|Any CPU
		{8583F087-0543-4D27-8F11-F7D8DC1480E2}.Debug|iPhone.Build.0 = Debug|Any CPU
		{8583F087-0543-4D27-8F11-F7D8DC1480E2}.Debug|iPhoneSimulator.ActiveCfg = Debug|Any CPU
		{8583F087-0543-4D27-8F11-F7D8DC1480E2}.Debug|iPhoneSimulator.Build.0 = Debug|Any CPU
		{8583F087-0543-4D27-8F11-F7D8DC1480E2}.Debug|x64.ActiveCfg = Debug|x64
		{8583F087-0543-4D27-8F11-F7D8DC1480E2}.Debug|x64.Build.0 = Debug|x64
		{8583F087-0543-4D27-8F11-F7D8DC1480E2}.Debug|x86.ActiveCfg = Debug|x86
		{8583F087-0543-4D27-8F11-F7D8DC1480E2}.Debug|x86.Build.0 = Debug|x86
		{8583F087-0543-4D27-8F11-F7D8DC1480E2}.Release|Any CPU.ActiveCfg = Release|Any CPU
		{8583F087-0543-4D27-8F11-F7D8DC1480E2}.Release|Any CPU.Build.0 = Release|Any CPU
		{8583F087-0543-4D27-8F11-F7D8DC1480E2}.Release|ARM.ActiveCfg = Release|ARM
		{8583F087-0543-4D27-8F11-F7D8DC1480E2}.Release|ARM.Build.0 = Release|ARM
		{8583F087-0543-4D27-8F11-F7D8DC1480E2}.Release|iPhone.ActiveCfg = Release|Any CPU
		{8583F087-0543-4D27-8F11-F7D8DC1480E2}.Release|iPhone.Build.0 = Release|Any CPU
		{8583F087-0543-4D27-8F11-F7D8DC1480E2}.Release|iPhoneSimulator.ActiveCfg = Release|Any CPU
		{8583F087-0543-4D27-8F11-F7D8DC1480E2}.Release|iPhoneSimulator.Build.0 = Release|Any CPU
		{8583F087-0543-4D27-8F11-F7D8DC1480E2}.Release|x64.ActiveCfg = Release|x64
		{8583F087-0543-4D27-8F11-F7D8DC1480E2}.Release|x64.Build.0 = Release|x64
		{8583F087-0543-4D27-8F11-F7D8DC1480E2}.Release|x86.ActiveCfg = Release|x86
		{8583F087-0543-4D27-8F11-F7D8DC1480E2}.Release|x86.Build.0 = Release|x86
		{50537DC8-29DF-4674-BE4B-5F43C6BE1E51}.Debug|Any CPU.ActiveCfg = Debug|x86
		{50537DC8-29DF-4674-BE4B-5F43C6BE1E51}.Debug|ARM.ActiveCfg = Debug|ARM
		{50537DC8-29DF-4674-BE4B-5F43C6BE1E51}.Debug|ARM.Build.0 = Debug|ARM
		{50537DC8-29DF-4674-BE4B-5F43C6BE1E51}.Debug|ARM.Deploy.0 = Debug|ARM
		{50537DC8-29DF-4674-BE4B-5F43C6BE1E51}.Debug|iPhone.ActiveCfg = Debug|x86
		{50537DC8-29DF-4674-BE4B-5F43C6BE1E51}.Debug|iPhoneSimulator.ActiveCfg = Debug|x86
		{50537DC8-29DF-4674-BE4B-5F43C6BE1E51}.Debug|x64.ActiveCfg = Debug|x64
		{50537DC8-29DF-4674-BE4B-5F43C6BE1E51}.Debug|x64.Build.0 = Debug|x64
		{50537DC8-29DF-4674-BE4B-5F43C6BE1E51}.Debug|x64.Deploy.0 = Debug|x64
		{50537DC8-29DF-4674-BE4B-5F43C6BE1E51}.Debug|x86.ActiveCfg = Debug|x86
		{50537DC8-29DF-4674-BE4B-5F43C6BE1E51}.Debug|x86.Build.0 = Debug|x86
		{50537DC8-29DF-4674-BE4B-5F43C6BE1E51}.Debug|x86.Deploy.0 = Debug|x86
		{50537DC8-29DF-4674-BE4B-5F43C6BE1E51}.Release|Any CPU.ActiveCfg = Release|x86
		{50537DC8-29DF-4674-BE4B-5F43C6BE1E51}.Release|ARM.ActiveCfg = Release|ARM
		{50537DC8-29DF-4674-BE4B-5F43C6BE1E51}.Release|ARM.Build.0 = Release|ARM
		{50537DC8-29DF-4674-BE4B-5F43C6BE1E51}.Release|ARM.Deploy.0 = Release|ARM
		{50537DC8-29DF-4674-BE4B-5F43C6BE1E51}.Release|iPhone.ActiveCfg = Release|x86
		{50537DC8-29DF-4674-BE4B-5F43C6BE1E51}.Release|iPhoneSimulator.ActiveCfg = Release|x86
		{50537DC8-29DF-4674-BE4B-5F43C6BE1E51}.Release|x64.ActiveCfg = Release|x64
		{50537DC8-29DF-4674-BE4B-5F43C6BE1E51}.Release|x64.Build.0 = Release|x64
		{50537DC8-29DF-4674-BE4B-5F43C6BE1E51}.Release|x64.Deploy.0 = Release|x64
		{50537DC8-29DF-4674-BE4B-5F43C6BE1E51}.Release|x86.ActiveCfg = Release|x86
		{50537DC8-29DF-4674-BE4B-5F43C6BE1E51}.Release|x86.Build.0 = Release|x86
		{50537DC8-29DF-4674-BE4B-5F43C6BE1E51}.Release|x86.Deploy.0 = Release|x86
		{B42BC18D-11C7-4012-B98F-11F093623B3F}.Debug|Any CPU.ActiveCfg = Debug|Any CPU
		{B42BC18D-11C7-4012-B98F-11F093623B3F}.Debug|Any CPU.Build.0 = Debug|Any CPU
		{B42BC18D-11C7-4012-B98F-11F093623B3F}.Debug|ARM.ActiveCfg = Debug|ARM
		{B42BC18D-11C7-4012-B98F-11F093623B3F}.Debug|ARM.Build.0 = Debug|ARM
		{B42BC18D-11C7-4012-B98F-11F093623B3F}.Debug|iPhone.ActiveCfg = Debug|Any CPU
		{B42BC18D-11C7-4012-B98F-11F093623B3F}.Debug|iPhone.Build.0 = Debug|Any CPU
		{B42BC18D-11C7-4012-B98F-11F093623B3F}.Debug|iPhoneSimulator.ActiveCfg = Debug|Any CPU
		{B42BC18D-11C7-4012-B98F-11F093623B3F}.Debug|iPhoneSimulator.Build.0 = Debug|Any CPU
		{B42BC18D-11C7-4012-B98F-11F093623B3F}.Debug|x64.ActiveCfg = Debug|x64
		{B42BC18D-11C7-4012-B98F-11F093623B3F}.Debug|x64.Build.0 = Debug|x64
		{B42BC18D-11C7-4012-B98F-11F093623B3F}.Debug|x86.ActiveCfg = Debug|x86
		{B42BC18D-11C7-4012-B98F-11F093623B3F}.Debug|x86.Build.0 = Debug|x86
		{B42BC18D-11C7-4012-B98F-11F093623B3F}.Release|Any CPU.ActiveCfg = Release|Any CPU
		{B42BC18D-11C7-4012-B98F-11F093623B3F}.Release|Any CPU.Build.0 = Release|Any CPU
		{B42BC18D-11C7-4012-B98F-11F093623B3F}.Release|ARM.ActiveCfg = Release|ARM
		{B42BC18D-11C7-4012-B98F-11F093623B3F}.Release|ARM.Build.0 = Release|ARM
		{B42BC18D-11C7-4012-B98F-11F093623B3F}.Release|iPhone.ActiveCfg = Release|Any CPU
		{B42BC18D-11C7-4012-B98F-11F093623B3F}.Release|iPhone.Build.0 = Release|Any CPU
		{B42BC18D-11C7-4012-B98F-11F093623B3F}.Release|iPhoneSimulator.ActiveCfg = Release|Any CPU
		{B42BC18D-11C7-4012-B98F-11F093623B3F}.Release|iPhoneSimulator.Build.0 = Release|Any CPU
		{B42BC18D-11C7-4012-B98F-11F093623B3F}.Release|x64.ActiveCfg = Release|x64
		{B42BC18D-11C7-4012-B98F-11F093623B3F}.Release|x64.Build.0 = Release|x64
		{B42BC18D-11C7-4012-B98F-11F093623B3F}.Release|x86.ActiveCfg = Release|x86
		{B42BC18D-11C7-4012-B98F-11F093623B3F}.Release|x86.Build.0 = Release|x86
		{80C643D9-C912-41C0-8F9D-9FAF15A79831}.Debug|Any CPU.ActiveCfg = Debug|Any CPU
		{80C643D9-C912-41C0-8F9D-9FAF15A79831}.Debug|Any CPU.Build.0 = Debug|Any CPU
		{80C643D9-C912-41C0-8F9D-9FAF15A79831}.Debug|ARM.ActiveCfg = Debug|ARM
		{80C643D9-C912-41C0-8F9D-9FAF15A79831}.Debug|ARM.Build.0 = Debug|ARM
		{80C643D9-C912-41C0-8F9D-9FAF15A79831}.Debug|iPhone.ActiveCfg = Debug|Any CPU
		{80C643D9-C912-41C0-8F9D-9FAF15A79831}.Debug|iPhone.Build.0 = Debug|Any CPU
		{80C643D9-C912-41C0-8F9D-9FAF15A79831}.Debug|iPhoneSimulator.ActiveCfg = Debug|Any CPU
		{80C643D9-C912-41C0-8F9D-9FAF15A79831}.Debug|iPhoneSimulator.Build.0 = Debug|Any CPU
		{80C643D9-C912-41C0-8F9D-9FAF15A79831}.Debug|x64.ActiveCfg = Debug|Any CPU
		{80C643D9-C912-41C0-8F9D-9FAF15A79831}.Debug|x64.Build.0 = Debug|Any CPU
		{80C643D9-C912-41C0-8F9D-9FAF15A79831}.Debug|x86.ActiveCfg = Debug|x86
		{80C643D9-C912-41C0-8F9D-9FAF15A79831}.Debug|x86.Build.0 = Debug|x86
		{80C643D9-C912-41C0-8F9D-9FAF15A79831}.Release|Any CPU.ActiveCfg = Release|Any CPU
		{80C643D9-C912-41C0-8F9D-9FAF15A79831}.Release|Any CPU.Build.0 = Release|Any CPU
		{80C643D9-C912-41C0-8F9D-9FAF15A79831}.Release|ARM.ActiveCfg = Release|ARM
		{80C643D9-C912-41C0-8F9D-9FAF15A79831}.Release|ARM.Build.0 = Release|ARM
		{80C643D9-C912-41C0-8F9D-9FAF15A79831}.Release|iPhone.ActiveCfg = Release|Any CPU
		{80C643D9-C912-41C0-8F9D-9FAF15A79831}.Release|iPhone.Build.0 = Release|Any CPU
		{80C643D9-C912-41C0-8F9D-9FAF15A79831}.Release|iPhoneSimulator.ActiveCfg = Release|Any CPU
		{80C643D9-C912-41C0-8F9D-9FAF15A79831}.Release|iPhoneSimulator.Build.0 = Release|Any CPU
		{80C643D9-C912-41C0-8F9D-9FAF15A79831}.Release|x64.ActiveCfg = Release|Any CPU
		{80C643D9-C912-41C0-8F9D-9FAF15A79831}.Release|x64.Build.0 = Release|Any CPU
		{80C643D9-C912-41C0-8F9D-9FAF15A79831}.Release|x86.ActiveCfg = Release|x86
		{80C643D9-C912-41C0-8F9D-9FAF15A79831}.Release|x86.Build.0 = Release|x86
	EndGlobalSection
	GlobalSection(SolutionProperties) = preSolution
		HideSolutionNode = FALSE
	EndGlobalSection
EndGlobal
