
Microsoft Visual Studio Solution File, Format Version 12.00
# Visual Studio 14
VisualStudioVersion = 14.0.25420.1
MinimumVisualStudioVersion = 10.0.40219.1
Project("{2150E333-8FDC-42A3-9474-1A3956D46DE8}") = "Libraries", "Libraries", "{523EBEF6-8800-47D7-B907-2D126F751BB0}"
EndProject
Project("{FAE04EC0-301F-11D3-BF4B-00C04F79EFBC}") = "MvvmCross.Droid.Support.V7.AppCompat", "MvvmCross.Droid.Support.V7.AppCompat\MvvmCross.Droid.Support.V7.AppCompat.csproj", "{911D9032-EA82-41B9-80D7-5DB84951B6E5}"
EndProject
Project("{FAE04EC0-301F-11D3-BF4B-00C04F79EFBC}") = "MvvmCross.Droid.Support.V7.RecyclerView", "MvvmCross.Droid.Support.V7.RecyclerView\MvvmCross.Droid.Support.V7.RecyclerView.csproj", "{31C39E0F-116E-4EAC-921D-A79E6AA28204}"
EndProject
Project("{FAE04EC0-301F-11D3-BF4B-00C04F79EFBC}") = "MvvmCross.Droid.Support.V17.Leanback", "MvvmCross.Droid.Support.V17.Leanback\MvvmCross.Droid.Support.V17.Leanback.csproj", "{FFC83AE3-D1FB-4A7B-974E-72697235E047}"
EndProject
Project("{FAE04EC0-301F-11D3-BF4B-00C04F79EFBC}") = "MvvmCross.Droid.Support.V14.Preference", "MvvmCross.Droid.Support.V14.Preference\MvvmCross.Droid.Support.V14.Preference.csproj", "{9C110DA1-7CF0-4919-B6E7-A25B16D6DB7F}"
EndProject
Project("{FAE04EC0-301F-11D3-BF4B-00C04F79EFBC}") = "MvvmCross.Droid.Support.Design", "MvvmCross.Droid.Support.Design\MvvmCross.Droid.Support.Design.csproj", "{AC97FC60-7A13-47F9-B3AC-2B2C25147EB8}"
EndProject
Project("{FAE04EC0-301F-11D3-BF4B-00C04F79EFBC}") = "MvvmCross.Droid.Support.V7.Preference", "MvvmCross.Droid.Support.V7.Preference\MvvmCross.Droid.Support.V7.Preference.csproj", "{C6DA15E8-A377-40BE-970F-E2681C79BB34}"
EndProject
Project("{2150E333-8FDC-42A3-9474-1A3956D46DE8}") = "Samples", "Samples", "{4D8BAF4F-4F1E-4C73-91D2-F5FF957CBE0E}"
EndProject
Project("{FAE04EC0-301F-11D3-BF4B-00C04F79EFBC}") = "MvvmCross.Droid.Support.Compat", "MvvmCross.Droid.Support.Compat\MvvmCross.Droid.Support.Compat.csproj", "{EA8563C7-102B-41D4-AF04-4C92B1DDD132}"
EndProject
Project("{FAE04EC0-301F-11D3-BF4B-00C04F79EFBC}") = "MvvmCross.Droid.Support.Fragment", "MvvmCross.Droid.Support.Fragment\MvvmCross.Droid.Support.Fragment.csproj", "{FC0B3E3C-8B00-48FA-AF93-981A45B2BE4B}"
EndProject
Project("{FAE04EC0-301F-11D3-BF4B-00C04F79EFBC}") = "MvvmCross.Droid.Support.Core.UI", "MvvmCross.Droid.Support.Core.UI\MvvmCross.Droid.Support.Core.UI.csproj", "{BA68B924-17C4-41F7-9B02-53C0DE9B8D4B}"
EndProject
Project("{FAE04EC0-301F-11D3-BF4B-00C04F79EFBC}") = "MvvmCross.Droid.Support.Core.Utils", "MvvmCross.Droid.Support.Core.Utils\MvvmCross.Droid.Support.Core.Utils.csproj", "{61C1EB25-483E-4C77-89CD-CA202C82C6BF}"
EndProject
Project("{FAE04EC0-301F-11D3-BF4B-00C04F79EFBC}") = "MvvmCross.Droid.Support.Media.Compat", "MvvmCross.Droid.Support.Media.Compat\MvvmCross.Droid.Support.Media.Compat.csproj", "{240A1627-FBB5-4CDD-94D3-545E13FF0AD9}"
EndProject
Project("{FAE04EC0-301F-11D3-BF4B-00C04F79EFBC}") = "Example.Core", "..\TestProjects\Android-Support\Fragments\Example.Core\Example.Core.csproj", "{8B925961-5638-41B7-B5C0-FFD636328208}"
EndProject
Project("{FAE04EC0-301F-11D3-BF4B-00C04F79EFBC}") = "Example.Droid", "..\TestProjects\Android-Support\Fragments\Example.Droid\Example.Droid.csproj", "{92D5EBD8-AA03-458F-BE4E-95961B55E4ED}"
EndProject
Global
	GlobalSection(SolutionConfigurationPlatforms) = preSolution
		Debug|Any CPU = Debug|Any CPU
		Debug|x86 = Debug|x86
		Release|Any CPU = Release|Any CPU
		Release|x86 = Release|x86
	EndGlobalSection
	GlobalSection(ProjectConfigurationPlatforms) = postSolution
		{911D9032-EA82-41B9-80D7-5DB84951B6E5}.Debug|Any CPU.ActiveCfg = Debug|Any CPU
		{911D9032-EA82-41B9-80D7-5DB84951B6E5}.Debug|Any CPU.Build.0 = Debug|Any CPU
		{911D9032-EA82-41B9-80D7-5DB84951B6E5}.Debug|x86.ActiveCfg = Debug|Any CPU
		{911D9032-EA82-41B9-80D7-5DB84951B6E5}.Debug|x86.Build.0 = Debug|Any CPU
		{911D9032-EA82-41B9-80D7-5DB84951B6E5}.Release|Any CPU.ActiveCfg = Release|Any CPU
		{911D9032-EA82-41B9-80D7-5DB84951B6E5}.Release|Any CPU.Build.0 = Release|Any CPU
		{911D9032-EA82-41B9-80D7-5DB84951B6E5}.Release|x86.ActiveCfg = Release|Any CPU
		{911D9032-EA82-41B9-80D7-5DB84951B6E5}.Release|x86.Build.0 = Release|Any CPU
		{31C39E0F-116E-4EAC-921D-A79E6AA28204}.Debug|Any CPU.ActiveCfg = Debug|Any CPU
		{31C39E0F-116E-4EAC-921D-A79E6AA28204}.Debug|Any CPU.Build.0 = Debug|Any CPU
		{31C39E0F-116E-4EAC-921D-A79E6AA28204}.Debug|x86.ActiveCfg = Debug|Any CPU
		{31C39E0F-116E-4EAC-921D-A79E6AA28204}.Debug|x86.Build.0 = Debug|Any CPU
		{31C39E0F-116E-4EAC-921D-A79E6AA28204}.Release|Any CPU.ActiveCfg = Release|Any CPU
		{31C39E0F-116E-4EAC-921D-A79E6AA28204}.Release|Any CPU.Build.0 = Release|Any CPU
		{31C39E0F-116E-4EAC-921D-A79E6AA28204}.Release|x86.ActiveCfg = Release|Any CPU
		{31C39E0F-116E-4EAC-921D-A79E6AA28204}.Release|x86.Build.0 = Release|Any CPU
		{FFC83AE3-D1FB-4A7B-974E-72697235E047}.Debug|Any CPU.ActiveCfg = Debug|Any CPU
		{FFC83AE3-D1FB-4A7B-974E-72697235E047}.Debug|Any CPU.Build.0 = Debug|Any CPU
		{FFC83AE3-D1FB-4A7B-974E-72697235E047}.Debug|x86.ActiveCfg = Debug|Any CPU
		{FFC83AE3-D1FB-4A7B-974E-72697235E047}.Debug|x86.Build.0 = Debug|Any CPU
		{FFC83AE3-D1FB-4A7B-974E-72697235E047}.Release|Any CPU.ActiveCfg = Release|Any CPU
		{FFC83AE3-D1FB-4A7B-974E-72697235E047}.Release|Any CPU.Build.0 = Release|Any CPU
		{FFC83AE3-D1FB-4A7B-974E-72697235E047}.Release|x86.ActiveCfg = Release|Any CPU
		{FFC83AE3-D1FB-4A7B-974E-72697235E047}.Release|x86.Build.0 = Release|Any CPU
		{9C110DA1-7CF0-4919-B6E7-A25B16D6DB7F}.Debug|Any CPU.ActiveCfg = Debug|Any CPU
		{9C110DA1-7CF0-4919-B6E7-A25B16D6DB7F}.Debug|Any CPU.Build.0 = Debug|Any CPU
		{9C110DA1-7CF0-4919-B6E7-A25B16D6DB7F}.Debug|x86.ActiveCfg = Debug|Any CPU
		{9C110DA1-7CF0-4919-B6E7-A25B16D6DB7F}.Debug|x86.Build.0 = Debug|Any CPU
		{9C110DA1-7CF0-4919-B6E7-A25B16D6DB7F}.Release|Any CPU.ActiveCfg = Release|Any CPU
		{9C110DA1-7CF0-4919-B6E7-A25B16D6DB7F}.Release|Any CPU.Build.0 = Release|Any CPU
		{9C110DA1-7CF0-4919-B6E7-A25B16D6DB7F}.Release|x86.ActiveCfg = Release|Any CPU
		{9C110DA1-7CF0-4919-B6E7-A25B16D6DB7F}.Release|x86.Build.0 = Release|Any CPU
		{AC97FC60-7A13-47F9-B3AC-2B2C25147EB8}.Debug|Any CPU.ActiveCfg = Debug|Any CPU
		{AC97FC60-7A13-47F9-B3AC-2B2C25147EB8}.Debug|Any CPU.Build.0 = Debug|Any CPU
		{AC97FC60-7A13-47F9-B3AC-2B2C25147EB8}.Debug|x86.ActiveCfg = Debug|Any CPU
		{AC97FC60-7A13-47F9-B3AC-2B2C25147EB8}.Debug|x86.Build.0 = Debug|Any CPU
		{AC97FC60-7A13-47F9-B3AC-2B2C25147EB8}.Release|Any CPU.ActiveCfg = Release|Any CPU
		{AC97FC60-7A13-47F9-B3AC-2B2C25147EB8}.Release|Any CPU.Build.0 = Release|Any CPU
		{AC97FC60-7A13-47F9-B3AC-2B2C25147EB8}.Release|x86.ActiveCfg = Release|Any CPU
		{AC97FC60-7A13-47F9-B3AC-2B2C25147EB8}.Release|x86.Build.0 = Release|Any CPU
		{C6DA15E8-A377-40BE-970F-E2681C79BB34}.Debug|Any CPU.ActiveCfg = Debug|Any CPU
		{C6DA15E8-A377-40BE-970F-E2681C79BB34}.Debug|Any CPU.Build.0 = Debug|Any CPU
		{C6DA15E8-A377-40BE-970F-E2681C79BB34}.Debug|x86.ActiveCfg = Debug|Any CPU
		{C6DA15E8-A377-40BE-970F-E2681C79BB34}.Debug|x86.Build.0 = Debug|Any CPU
		{C6DA15E8-A377-40BE-970F-E2681C79BB34}.Release|Any CPU.ActiveCfg = Release|Any CPU
		{C6DA15E8-A377-40BE-970F-E2681C79BB34}.Release|Any CPU.Build.0 = Release|Any CPU
		{C6DA15E8-A377-40BE-970F-E2681C79BB34}.Release|x86.ActiveCfg = Release|Any CPU
		{C6DA15E8-A377-40BE-970F-E2681C79BB34}.Release|x86.Build.0 = Release|Any CPU
		{EA8563C7-102B-41D4-AF04-4C92B1DDD132}.Debug|Any CPU.ActiveCfg = Debug|Any CPU
		{EA8563C7-102B-41D4-AF04-4C92B1DDD132}.Debug|Any CPU.Build.0 = Debug|Any CPU
		{EA8563C7-102B-41D4-AF04-4C92B1DDD132}.Debug|x86.ActiveCfg = Debug|Any CPU
		{EA8563C7-102B-41D4-AF04-4C92B1DDD132}.Debug|x86.Build.0 = Debug|Any CPU
		{EA8563C7-102B-41D4-AF04-4C92B1DDD132}.Release|Any CPU.ActiveCfg = Release|Any CPU
		{EA8563C7-102B-41D4-AF04-4C92B1DDD132}.Release|Any CPU.Build.0 = Release|Any CPU
		{EA8563C7-102B-41D4-AF04-4C92B1DDD132}.Release|x86.ActiveCfg = Release|Any CPU
		{EA8563C7-102B-41D4-AF04-4C92B1DDD132}.Release|x86.Build.0 = Release|Any CPU
		{FC0B3E3C-8B00-48FA-AF93-981A45B2BE4B}.Debug|Any CPU.ActiveCfg = Debug|Any CPU
		{FC0B3E3C-8B00-48FA-AF93-981A45B2BE4B}.Debug|Any CPU.Build.0 = Debug|Any CPU
		{FC0B3E3C-8B00-48FA-AF93-981A45B2BE4B}.Debug|x86.ActiveCfg = Debug|Any CPU
		{FC0B3E3C-8B00-48FA-AF93-981A45B2BE4B}.Debug|x86.Build.0 = Debug|Any CPU
		{FC0B3E3C-8B00-48FA-AF93-981A45B2BE4B}.Release|Any CPU.ActiveCfg = Release|Any CPU
		{FC0B3E3C-8B00-48FA-AF93-981A45B2BE4B}.Release|Any CPU.Build.0 = Release|Any CPU
		{FC0B3E3C-8B00-48FA-AF93-981A45B2BE4B}.Release|x86.ActiveCfg = Release|Any CPU
		{FC0B3E3C-8B00-48FA-AF93-981A45B2BE4B}.Release|x86.Build.0 = Release|Any CPU
		{BA68B924-17C4-41F7-9B02-53C0DE9B8D4B}.Debug|Any CPU.ActiveCfg = Debug|Any CPU
		{BA68B924-17C4-41F7-9B02-53C0DE9B8D4B}.Debug|Any CPU.Build.0 = Debug|Any CPU
		{BA68B924-17C4-41F7-9B02-53C0DE9B8D4B}.Debug|x86.ActiveCfg = Debug|Any CPU
		{BA68B924-17C4-41F7-9B02-53C0DE9B8D4B}.Debug|x86.Build.0 = Debug|Any CPU
		{BA68B924-17C4-41F7-9B02-53C0DE9B8D4B}.Release|Any CPU.ActiveCfg = Release|Any CPU
		{BA68B924-17C4-41F7-9B02-53C0DE9B8D4B}.Release|Any CPU.Build.0 = Release|Any CPU
		{BA68B924-17C4-41F7-9B02-53C0DE9B8D4B}.Release|x86.ActiveCfg = Release|Any CPU
		{BA68B924-17C4-41F7-9B02-53C0DE9B8D4B}.Release|x86.Build.0 = Release|Any CPU
		{61C1EB25-483E-4C77-89CD-CA202C82C6BF}.Debug|Any CPU.ActiveCfg = Debug|Any CPU
		{61C1EB25-483E-4C77-89CD-CA202C82C6BF}.Debug|Any CPU.Build.0 = Debug|Any CPU
		{61C1EB25-483E-4C77-89CD-CA202C82C6BF}.Debug|x86.ActiveCfg = Debug|Any CPU
		{61C1EB25-483E-4C77-89CD-CA202C82C6BF}.Debug|x86.Build.0 = Debug|Any CPU
		{61C1EB25-483E-4C77-89CD-CA202C82C6BF}.Release|Any CPU.ActiveCfg = Release|Any CPU
		{61C1EB25-483E-4C77-89CD-CA202C82C6BF}.Release|Any CPU.Build.0 = Release|Any CPU
		{61C1EB25-483E-4C77-89CD-CA202C82C6BF}.Release|x86.ActiveCfg = Release|Any CPU
		{61C1EB25-483E-4C77-89CD-CA202C82C6BF}.Release|x86.Build.0 = Release|Any CPU
		{240A1627-FBB5-4CDD-94D3-545E13FF0AD9}.Debug|Any CPU.ActiveCfg = Debug|Any CPU
		{240A1627-FBB5-4CDD-94D3-545E13FF0AD9}.Debug|Any CPU.Build.0 = Debug|Any CPU
		{240A1627-FBB5-4CDD-94D3-545E13FF0AD9}.Debug|x86.ActiveCfg = Debug|Any CPU
		{240A1627-FBB5-4CDD-94D3-545E13FF0AD9}.Debug|x86.Build.0 = Debug|Any CPU
		{240A1627-FBB5-4CDD-94D3-545E13FF0AD9}.Release|Any CPU.ActiveCfg = Release|Any CPU
		{240A1627-FBB5-4CDD-94D3-545E13FF0AD9}.Release|Any CPU.Build.0 = Release|Any CPU
		{240A1627-FBB5-4CDD-94D3-545E13FF0AD9}.Release|x86.ActiveCfg = Release|Any CPU
		{240A1627-FBB5-4CDD-94D3-545E13FF0AD9}.Release|x86.Build.0 = Release|Any CPU
		{8B925961-5638-41B7-B5C0-FFD636328208}.Debug|Any CPU.ActiveCfg = Debug|Any CPU
		{8B925961-5638-41B7-B5C0-FFD636328208}.Debug|Any CPU.Build.0 = Debug|Any CPU
		{8B925961-5638-41B7-B5C0-FFD636328208}.Debug|x86.ActiveCfg = Debug|Any CPU
		{8B925961-5638-41B7-B5C0-FFD636328208}.Debug|x86.Build.0 = Debug|Any CPU
		{8B925961-5638-41B7-B5C0-FFD636328208}.Release|Any CPU.ActiveCfg = Release|Any CPU
		{8B925961-5638-41B7-B5C0-FFD636328208}.Release|Any CPU.Build.0 = Release|Any CPU
		{8B925961-5638-41B7-B5C0-FFD636328208}.Release|x86.ActiveCfg = Release|Any CPU
		{8B925961-5638-41B7-B5C0-FFD636328208}.Release|x86.Build.0 = Release|Any CPU
		{92D5EBD8-AA03-458F-BE4E-95961B55E4ED}.Debug|Any CPU.ActiveCfg = Debug|Any CPU
		{92D5EBD8-AA03-458F-BE4E-95961B55E4ED}.Debug|Any CPU.Build.0 = Debug|Any CPU
		{92D5EBD8-AA03-458F-BE4E-95961B55E4ED}.Debug|Any CPU.Deploy.0 = Debug|Any CPU
		{92D5EBD8-AA03-458F-BE4E-95961B55E4ED}.Debug|x86.ActiveCfg = Debug|Any CPU
		{92D5EBD8-AA03-458F-BE4E-95961B55E4ED}.Debug|x86.Build.0 = Debug|Any CPU
		{92D5EBD8-AA03-458F-BE4E-95961B55E4ED}.Debug|x86.Deploy.0 = Debug|Any CPU
		{92D5EBD8-AA03-458F-BE4E-95961B55E4ED}.Release|Any CPU.ActiveCfg = Release|Any CPU
		{92D5EBD8-AA03-458F-BE4E-95961B55E4ED}.Release|Any CPU.Build.0 = Release|Any CPU
		{92D5EBD8-AA03-458F-BE4E-95961B55E4ED}.Release|Any CPU.Deploy.0 = Release|Any CPU
		{92D5EBD8-AA03-458F-BE4E-95961B55E4ED}.Release|x86.ActiveCfg = Release|Any CPU
		{92D5EBD8-AA03-458F-BE4E-95961B55E4ED}.Release|x86.Build.0 = Release|Any CPU
		{92D5EBD8-AA03-458F-BE4E-95961B55E4ED}.Release|x86.Deploy.0 = Release|Any CPU
	EndGlobalSection
	GlobalSection(SolutionProperties) = preSolution
		HideSolutionNode = FALSE
	EndGlobalSection
	GlobalSection(NestedProjects) = preSolution
		{911D9032-EA82-41B9-80D7-5DB84951B6E5} = {523EBEF6-8800-47D7-B907-2D126F751BB0}
		{31C39E0F-116E-4EAC-921D-A79E6AA28204} = {523EBEF6-8800-47D7-B907-2D126F751BB0}
		{FFC83AE3-D1FB-4A7B-974E-72697235E047} = {523EBEF6-8800-47D7-B907-2D126F751BB0}
		{9C110DA1-7CF0-4919-B6E7-A25B16D6DB7F} = {523EBEF6-8800-47D7-B907-2D126F751BB0}
		{AC97FC60-7A13-47F9-B3AC-2B2C25147EB8} = {523EBEF6-8800-47D7-B907-2D126F751BB0}
		{C6DA15E8-A377-40BE-970F-E2681C79BB34} = {523EBEF6-8800-47D7-B907-2D126F751BB0}
		{EA8563C7-102B-41D4-AF04-4C92B1DDD132} = {523EBEF6-8800-47D7-B907-2D126F751BB0}
		{FC0B3E3C-8B00-48FA-AF93-981A45B2BE4B} = {523EBEF6-8800-47D7-B907-2D126F751BB0}
		{BA68B924-17C4-41F7-9B02-53C0DE9B8D4B} = {523EBEF6-8800-47D7-B907-2D126F751BB0}
		{61C1EB25-483E-4C77-89CD-CA202C82C6BF} = {523EBEF6-8800-47D7-B907-2D126F751BB0}
		{240A1627-FBB5-4CDD-94D3-545E13FF0AD9} = {523EBEF6-8800-47D7-B907-2D126F751BB0}
		{8B925961-5638-41B7-B5C0-FFD636328208} = {4D8BAF4F-4F1E-4C73-91D2-F5FF957CBE0E}
		{92D5EBD8-AA03-458F-BE4E-95961B55E4ED} = {4D8BAF4F-4F1E-4C73-91D2-F5FF957CBE0E}
	EndGlobalSection
EndGlobal
