
Microsoft Visual Studio Solution File, Format Version 11.00
# Visual Studio 2010
Project("{FAE04EC0-301F-11D3-BF4B-00C04F79EFBC}") = "CustomerManagement.Shared", "..\..\CustomerManagement.Shared\CustomerManagement.Shared.csproj", "{77EFE548-9D3B-4635-925C-4A9D7281BFE3}"
EndProject
Project("{FAE04EC0-301F-11D3-BF4B-00C04F79EFBC}") = "MonoCross.Navigation", "..\..\MonoCross.Navigation\MonoCross.Navigation.csproj", "{4618CCFC-5895-4C44-AD25-8BF312A96B86}"
EndProject
Project("{FAE04EC0-301F-11D3-BF4B-00C04F79EFBC}") = "CustomerManagement.Data", "..\..\CustomerManagement.Data\CustomerManagement.Data.csproj", "{A4982B76-3CBC-4184-8B05-DF46CF5960B2}"
EndProject
Project("{2150E333-8FDC-42A3-9474-1A3956D46DE8}") = "Framework", "Framework", "{670A39D3-0217-4F9A-A2D7-2D128C128556}"
EndProject
Project("{FAE04EC0-301F-11D3-BF4B-00C04F79EFBC}") = "CustomerManagement", "..\CustomerManagement\CustomerManagement.csproj", "{183C1DE6-903B-419C-B19A-26145CA4A93A}"
EndProject
Project("{FAE04EC0-301F-11D3-BF4B-00C04F79EFBC}") = "CustomerManagement.Webkit", "CustomerManagement.Webkit.csproj", "{D8BB5E1C-8EA1-4E4D-BF3B-1BA05A30061A}"
EndProject
Project("{FAE04EC0-301F-11D3-BF4B-00C04F79EFBC}") = "MonoCross.Webkit", "..\..\MonoCross.Webkit\MonoCross.Webkit.csproj", "{0BB5AA0C-0D8D-45AD-9775-ACF7DA3942BD}"
EndProject
Project("{FAE04EC0-301F-11D3-BF4B-00C04F79EFBC}") = "Webkit.Dialog", "..\..\Webkit.Dialog\Webkit.Dialog.csproj", "{6AABF146-0ADE-45CF-AF2C-AB11456A82BF}"
EndProject
Project("{2150E333-8FDC-42A3-9474-1A3956D46DE8}") = "Container", "Container", "{D8F6CE81-6ECD-4260-B066-0E14F8ACAA95}"
EndProject
Project("{2150E333-8FDC-42A3-9474-1A3956D46DE8}") = "Data", "Data", "{0536E0B9-9D68-4D2B-9EE5-7CCF6E255095}"
EndProject
Project("{FAE04EC0-301F-11D3-BF4B-00C04F79EFBC}") = "CustomerManagement.REST", "..\..\CustomerManagement.DataServices\CustomerManagement.REST\CustomerManagement.REST.csproj", "{DF10A435-255A-4540-8CB8-87B46A2C44AD}"
EndProject
Global
	GlobalSection(SolutionConfigurationPlatforms) = preSolution
		Debug|Any CPU = Debug|Any CPU
		Debug|Mixed Platforms = Debug|Mixed Platforms
		Debug|x86 = Debug|x86
		Release|Any CPU = Release|Any CPU
		Release|Mixed Platforms = Release|Mixed Platforms
		Release|x86 = Release|x86
	EndGlobalSection
	GlobalSection(ProjectConfigurationPlatforms) = postSolution
		{77EFE548-9D3B-4635-925C-4A9D7281BFE3}.Debug|Any CPU.ActiveCfg = Debug|Any CPU
		{77EFE548-9D3B-4635-925C-4A9D7281BFE3}.Debug|Any CPU.Build.0 = Debug|Any CPU
		{77EFE548-9D3B-4635-925C-4A9D7281BFE3}.Debug|Mixed Platforms.ActiveCfg = Debug|Any CPU
		{77EFE548-9D3B-4635-925C-4A9D7281BFE3}.Debug|Mixed Platforms.Build.0 = Debug|Any CPU
		{77EFE548-9D3B-4635-925C-4A9D7281BFE3}.Debug|x86.ActiveCfg = Debug|Any CPU
		{77EFE548-9D3B-4635-925C-4A9D7281BFE3}.Debug|x86.Build.0 = Debug|Any CPU
		{77EFE548-9D3B-4635-925C-4A9D7281BFE3}.Release|Any CPU.ActiveCfg = Release|Any CPU
		{77EFE548-9D3B-4635-925C-4A9D7281BFE3}.Release|Any CPU.Build.0 = Release|Any CPU
		{77EFE548-9D3B-4635-925C-4A9D7281BFE3}.Release|Mixed Platforms.ActiveCfg = Release|Any CPU
		{77EFE548-9D3B-4635-925C-4A9D7281BFE3}.Release|Mixed Platforms.Build.0 = Release|Any CPU
		{77EFE548-9D3B-4635-925C-4A9D7281BFE3}.Release|x86.ActiveCfg = Release|Any CPU
		{77EFE548-9D3B-4635-925C-4A9D7281BFE3}.Release|x86.Build.0 = Release|Any CPU
		{4618CCFC-5895-4C44-AD25-8BF312A96B86}.Debug|Any CPU.ActiveCfg = Debug|Any CPU
		{4618CCFC-5895-4C44-AD25-8BF312A96B86}.Debug|Any CPU.Build.0 = Debug|Any CPU
		{4618CCFC-5895-4C44-AD25-8BF312A96B86}.Debug|Mixed Platforms.ActiveCfg = Debug|Any CPU
		{4618CCFC-5895-4C44-AD25-8BF312A96B86}.Debug|Mixed Platforms.Build.0 = Debug|Any CPU
		{4618CCFC-5895-4C44-AD25-8BF312A96B86}.Debug|x86.ActiveCfg = Debug|Any CPU
		{4618CCFC-5895-4C44-AD25-8BF312A96B86}.Debug|x86.Build.0 = Debug|Any CPU
		{4618CCFC-5895-4C44-AD25-8BF312A96B86}.Release|Any CPU.ActiveCfg = Release|Any CPU
		{4618CCFC-5895-4C44-AD25-8BF312A96B86}.Release|Any CPU.Build.0 = Release|Any CPU
		{4618CCFC-5895-4C44-AD25-8BF312A96B86}.Release|Mixed Platforms.ActiveCfg = Release|Any CPU
		{4618CCFC-5895-4C44-AD25-8BF312A96B86}.Release|Mixed Platforms.Build.0 = Release|Any CPU
		{4618CCFC-5895-4C44-AD25-8BF312A96B86}.Release|x86.ActiveCfg = Release|Any CPU
		{4618CCFC-5895-4C44-AD25-8BF312A96B86}.Release|x86.Build.0 = Release|Any CPU
		{A4982B76-3CBC-4184-8B05-DF46CF5960B2}.Debug|Any CPU.ActiveCfg = Debug|Any CPU
		{A4982B76-3CBC-4184-8B05-DF46CF5960B2}.Debug|Any CPU.Build.0 = Debug|Any CPU
		{A4982B76-3CBC-4184-8B05-DF46CF5960B2}.Debug|Mixed Platforms.ActiveCfg = Debug|Any CPU
		{A4982B76-3CBC-4184-8B05-DF46CF5960B2}.Debug|Mixed Platforms.Build.0 = Debug|Any CPU
		{A4982B76-3CBC-4184-8B05-DF46CF5960B2}.Debug|x86.ActiveCfg = Debug|Any CPU
		{A4982B76-3CBC-4184-8B05-DF46CF5960B2}.Debug|x86.Build.0 = Debug|Any CPU
		{A4982B76-3CBC-4184-8B05-DF46CF5960B2}.Release|Any CPU.ActiveCfg = Release|Any CPU
		{A4982B76-3CBC-4184-8B05-DF46CF5960B2}.Release|Any CPU.Build.0 = Release|Any CPU
		{A4982B76-3CBC-4184-8B05-DF46CF5960B2}.Release|Mixed Platforms.ActiveCfg = Release|Any CPU
		{A4982B76-3CBC-4184-8B05-DF46CF5960B2}.Release|Mixed Platforms.Build.0 = Release|Any CPU
		{A4982B76-3CBC-4184-8B05-DF46CF5960B2}.Release|x86.ActiveCfg = Release|Any CPU
		{A4982B76-3CBC-4184-8B05-DF46CF5960B2}.Release|x86.Build.0 = Release|Any CPU
		{183C1DE6-903B-419C-B19A-26145CA4A93A}.Debug|Any CPU.ActiveCfg = Debug|Any CPU
		{183C1DE6-903B-419C-B19A-26145CA4A93A}.Debug|Any CPU.Build.0 = Debug|Any CPU
		{183C1DE6-903B-419C-B19A-26145CA4A93A}.Debug|Mixed Platforms.ActiveCfg = Debug|Any CPU
		{183C1DE6-903B-419C-B19A-26145CA4A93A}.Debug|Mixed Platforms.Build.0 = Debug|Any CPU
		{183C1DE6-903B-419C-B19A-26145CA4A93A}.Debug|x86.ActiveCfg = Debug|Any CPU
		{183C1DE6-903B-419C-B19A-26145CA4A93A}.Release|Any CPU.ActiveCfg = Release|Any CPU
		{183C1DE6-903B-419C-B19A-26145CA4A93A}.Release|Any CPU.Build.0 = Release|Any CPU
		{183C1DE6-903B-419C-B19A-26145CA4A93A}.Release|Mixed Platforms.ActiveCfg = Release|Any CPU
		{183C1DE6-903B-419C-B19A-26145CA4A93A}.Release|Mixed Platforms.Build.0 = Release|Any CPU
		{183C1DE6-903B-419C-B19A-26145CA4A93A}.Release|x86.ActiveCfg = Release|Any CPU
		{D8BB5E1C-8EA1-4E4D-BF3B-1BA05A30061A}.Debug|Any CPU.ActiveCfg = Debug|Any CPU
		{D8BB5E1C-8EA1-4E4D-BF3B-1BA05A30061A}.Debug|Any CPU.Build.0 = Debug|Any CPU
		{D8BB5E1C-8EA1-4E4D-BF3B-1BA05A30061A}.Debug|Mixed Platforms.ActiveCfg = Debug|Any CPU
		{D8BB5E1C-8EA1-4E4D-BF3B-1BA05A30061A}.Debug|Mixed Platforms.Build.0 = Debug|Any CPU
		{D8BB5E1C-8EA1-4E4D-BF3B-1BA05A30061A}.Debug|x86.ActiveCfg = Debug|Any CPU
		{D8BB5E1C-8EA1-4E4D-BF3B-1BA05A30061A}.Release|Any CPU.ActiveCfg = Release|Any CPU
		{D8BB5E1C-8EA1-4E4D-BF3B-1BA05A30061A}.Release|Any CPU.Build.0 = Release|Any CPU
		{D8BB5E1C-8EA1-4E4D-BF3B-1BA05A30061A}.Release|Mixed Platforms.ActiveCfg = Release|Any CPU
		{D8BB5E1C-8EA1-4E4D-BF3B-1BA05A30061A}.Release|Mixed Platforms.Build.0 = Release|Any CPU
		{D8BB5E1C-8EA1-4E4D-BF3B-1BA05A30061A}.Release|x86.ActiveCfg = Release|Any CPU
		{0BB5AA0C-0D8D-45AD-9775-ACF7DA3942BD}.Debug|Any CPU.ActiveCfg = Debug|Any CPU
		{0BB5AA0C-0D8D-45AD-9775-ACF7DA3942BD}.Debug|Any CPU.Build.0 = Debug|Any CPU
		{0BB5AA0C-0D8D-45AD-9775-ACF7DA3942BD}.Debug|Mixed Platforms.ActiveCfg = Debug|Any CPU
		{0BB5AA0C-0D8D-45AD-9775-ACF7DA3942BD}.Debug|Mixed Platforms.Build.0 = Debug|Any CPU
		{0BB5AA0C-0D8D-45AD-9775-ACF7DA3942BD}.Debug|x86.ActiveCfg = Debug|Any CPU
		{0BB5AA0C-0D8D-45AD-9775-ACF7DA3942BD}.Release|Any CPU.ActiveCfg = Release|Any CPU
		{0BB5AA0C-0D8D-45AD-9775-ACF7DA3942BD}.Release|Any CPU.Build.0 = Release|Any CPU
		{0BB5AA0C-0D8D-45AD-9775-ACF7DA3942BD}.Release|Mixed Platforms.ActiveCfg = Release|Any CPU
		{0BB5AA0C-0D8D-45AD-9775-ACF7DA3942BD}.Release|Mixed Platforms.Build.0 = Release|Any CPU
		{0BB5AA0C-0D8D-45AD-9775-ACF7DA3942BD}.Release|x86.ActiveCfg = Release|Any CPU
		{6AABF146-0ADE-45CF-AF2C-AB11456A82BF}.Debug|Any CPU.ActiveCfg = Debug|Any CPU
		{6AABF146-0ADE-45CF-AF2C-AB11456A82BF}.Debug|Any CPU.Build.0 = Debug|Any CPU
		{6AABF146-0ADE-45CF-AF2C-AB11456A82BF}.Debug|Mixed Platforms.ActiveCfg = Debug|Any CPU
		{6AABF146-0ADE-45CF-AF2C-AB11456A82BF}.Debug|Mixed Platforms.Build.0 = Debug|Any CPU
		{6AABF146-0ADE-45CF-AF2C-AB11456A82BF}.Debug|x86.ActiveCfg = Debug|Any CPU
		{6AABF146-0ADE-45CF-AF2C-AB11456A82BF}.Release|Any CPU.ActiveCfg = Release|Any CPU
		{6AABF146-0ADE-45CF-AF2C-AB11456A82BF}.Release|Any CPU.Build.0 = Release|Any CPU
		{6AABF146-0ADE-45CF-AF2C-AB11456A82BF}.Release|Mixed Platforms.ActiveCfg = Release|Any CPU
		{6AABF146-0ADE-45CF-AF2C-AB11456A82BF}.Release|Mixed Platforms.Build.0 = Release|Any CPU
		{6AABF146-0ADE-45CF-AF2C-AB11456A82BF}.Release|x86.ActiveCfg = Release|Any CPU
		{DF10A435-255A-4540-8CB8-87B46A2C44AD}.Debug|Any CPU.ActiveCfg = Debug|Any CPU
		{DF10A435-255A-4540-8CB8-87B46A2C44AD}.Debug|Any CPU.Build.0 = Debug|Any CPU
		{DF10A435-255A-4540-8CB8-87B46A2C44AD}.Debug|Mixed Platforms.ActiveCfg = Debug|Any CPU
		{DF10A435-255A-4540-8CB8-87B46A2C44AD}.Debug|Mixed Platforms.Build.0 = Debug|Any CPU
		{DF10A435-255A-4540-8CB8-87B46A2C44AD}.Debug|x86.ActiveCfg = Debug|Any CPU
		{DF10A435-255A-4540-8CB8-87B46A2C44AD}.Release|Any CPU.ActiveCfg = Release|Any CPU
		{DF10A435-255A-4540-8CB8-87B46A2C44AD}.Release|Any CPU.Build.0 = Release|Any CPU
		{DF10A435-255A-4540-8CB8-87B46A2C44AD}.Release|Mixed Platforms.ActiveCfg = Release|Any CPU
		{DF10A435-255A-4540-8CB8-87B46A2C44AD}.Release|Mixed Platforms.Build.0 = Release|Any CPU
		{DF10A435-255A-4540-8CB8-87B46A2C44AD}.Release|x86.ActiveCfg = Release|Any CPU
	EndGlobalSection
	GlobalSection(SolutionProperties) = preSolution
		HideSolutionNode = FALSE
	EndGlobalSection
	GlobalSection(NestedProjects) = preSolution
		{4618CCFC-5895-4C44-AD25-8BF312A96B86} = {670A39D3-0217-4F9A-A2D7-2D128C128556}
		{0BB5AA0C-0D8D-45AD-9775-ACF7DA3942BD} = {670A39D3-0217-4F9A-A2D7-2D128C128556}
		{6AABF146-0ADE-45CF-AF2C-AB11456A82BF} = {670A39D3-0217-4F9A-A2D7-2D128C128556}
		{A4982B76-3CBC-4184-8B05-DF46CF5960B2} = {0536E0B9-9D68-4D2B-9EE5-7CCF6E255095}
		{DF10A435-255A-4540-8CB8-87B46A2C44AD} = {0536E0B9-9D68-4D2B-9EE5-7CCF6E255095}
		{D8BB5E1C-8EA1-4E4D-BF3B-1BA05A30061A} = {D8F6CE81-6ECD-4260-B066-0E14F8ACAA95}
	EndGlobalSection
	GlobalSection(MonoDevelopProperties) = preSolution
		StartupItem = CustomerManagement.Console.csproj
	EndGlobalSection
EndGlobal
